
Microsoft Visual Studio Solution File, Format Version 12.00
# Visual Studio Version 16
VisualStudioVersion = 16.0.29519.87
MinimumVisualStudioVersion = 10.0.40219.1
Project("{9A19103F-16F7-4668-BE54-9A1E7A4F7556}") = "UsingModules", "src\UsingModules\UsingModules.csproj", "{ABCCB3A1-4D65-4C38-9038-B89F31940EA4}"
EndProject
Project("{FAE04EC0-301F-11D3-BF4B-00C04F79EFBC}") = "UsingModules.Android", "src\UsingModules.Android\UsingModules.Android.csproj", "{B07C1D9B-3929-49B4-9228-11DCC51F4E44}"
EndProject
Project("{FAE04EC0-301F-11D3-BF4B-00C04F79EFBC}") = "UsingModules.iOS", "src\UsingModules.iOS\UsingModules.iOS.csproj", "{2A6CAFC6-9E31-498D-905E-8D0BC994AD1A}"
EndProject
Project("{FAE04EC0-301F-11D3-BF4B-00C04F79EFBC}") = "UsingModules.UWP", "src\UsingModules.UWP\UsingModules.UWP.csproj", "{562D9434-B7EA-45AE-9A44-425F672A0D6E}"
EndProject
Project("{2150E333-8FDC-42A3-9474-1A3956D46DE8}") = "Modules", "Modules", "{DCF6FAD4-268C-431C-BC6D-C3F39BE709F9}"
EndProject
Project("{9A19103F-16F7-4668-BE54-9A1E7A4F7556}") = "UsingModules.SampleModule", "src\UsingModules.SampleModule\UsingModules.SampleModule.csproj", "{5679E515-AEC3-49D6-B1C0-F88B81B4FCFC}"
EndProject
Global
	GlobalSection(SolutionConfigurationPlatforms) = preSolution
		Ad-Hoc|Any CPU = Ad-Hoc|Any CPU
		Ad-Hoc|ARM = Ad-Hoc|ARM
		Ad-Hoc|iPhone = Ad-Hoc|iPhone
		Ad-Hoc|iPhoneSimulator = Ad-Hoc|iPhoneSimulator
		Ad-Hoc|x64 = Ad-Hoc|x64
		Ad-Hoc|x86 = Ad-Hoc|x86
		AppStore|Any CPU = AppStore|Any CPU
		AppStore|ARM = AppStore|ARM
		AppStore|iPhone = AppStore|iPhone
		AppStore|iPhoneSimulator = AppStore|iPhoneSimulator
		AppStore|x64 = AppStore|x64
		AppStore|x86 = AppStore|x86
		Debug|Any CPU = Debug|Any CPU
		Debug|ARM = Debug|ARM
		Debug|iPhone = Debug|iPhone
		Debug|iPhoneSimulator = Debug|iPhoneSimulator
		Debug|x64 = Debug|x64
		Debug|x86 = Debug|x86
		Release|Any CPU = Release|Any CPU
		Release|ARM = Release|ARM
		Release|iPhone = Release|iPhone
		Release|iPhoneSimulator = Release|iPhoneSimulator
		Release|x64 = Release|x64
		Release|x86 = Release|x86
	EndGlobalSection
	GlobalSection(ProjectConfigurationPlatforms) = postSolution
		{ABCCB3A1-4D65-4C38-9038-B89F31940EA4}.Ad-Hoc|Any CPU.ActiveCfg = Release|Any CPU
		{ABCCB3A1-4D65-4C38-9038-B89F31940EA4}.Ad-Hoc|Any CPU.Build.0 = Release|Any CPU
		{ABCCB3A1-4D65-4C38-9038-B89F31940EA4}.Ad-Hoc|ARM.ActiveCfg = Release|Any CPU
		{ABCCB3A1-4D65-4C38-9038-B89F31940EA4}.Ad-Hoc|ARM.Build.0 = Release|Any CPU
		{ABCCB3A1-4D65-4C38-9038-B89F31940EA4}.Ad-Hoc|iPhone.ActiveCfg = Release|Any CPU
		{ABCCB3A1-4D65-4C38-9038-B89F31940EA4}.Ad-Hoc|iPhone.Build.0 = Release|Any CPU
		{ABCCB3A1-4D65-4C38-9038-B89F31940EA4}.Ad-Hoc|iPhoneSimulator.ActiveCfg = Release|Any CPU
		{ABCCB3A1-4D65-4C38-9038-B89F31940EA4}.Ad-Hoc|iPhoneSimulator.Build.0 = Release|Any CPU
		{ABCCB3A1-4D65-4C38-9038-B89F31940EA4}.Ad-Hoc|x64.ActiveCfg = Release|Any CPU
		{ABCCB3A1-4D65-4C38-9038-B89F31940EA4}.Ad-Hoc|x64.Build.0 = Release|Any CPU
		{ABCCB3A1-4D65-4C38-9038-B89F31940EA4}.Ad-Hoc|x86.ActiveCfg = Release|Any CPU
		{ABCCB3A1-4D65-4C38-9038-B89F31940EA4}.Ad-Hoc|x86.Build.0 = Release|Any CPU
		{ABCCB3A1-4D65-4C38-9038-B89F31940EA4}.AppStore|Any CPU.ActiveCfg = Release|Any CPU
		{ABCCB3A1-4D65-4C38-9038-B89F31940EA4}.AppStore|Any CPU.Build.0 = Release|Any CPU
		{ABCCB3A1-4D65-4C38-9038-B89F31940EA4}.AppStore|ARM.ActiveCfg = Release|Any CPU
		{ABCCB3A1-4D65-4C38-9038-B89F31940EA4}.AppStore|ARM.Build.0 = Release|Any CPU
		{ABCCB3A1-4D65-4C38-9038-B89F31940EA4}.AppStore|iPhone.ActiveCfg = Release|Any CPU
		{ABCCB3A1-4D65-4C38-9038-B89F31940EA4}.AppStore|iPhone.Build.0 = Release|Any CPU
		{ABCCB3A1-4D65-4C38-9038-B89F31940EA4}.AppStore|iPhoneSimulator.ActiveCfg = Release|Any CPU
		{ABCCB3A1-4D65-4C38-9038-B89F31940EA4}.AppStore|iPhoneSimulator.Build.0 = Release|Any CPU
		{ABCCB3A1-4D65-4C38-9038-B89F31940EA4}.AppStore|x64.ActiveCfg = Release|Any CPU
		{ABCCB3A1-4D65-4C38-9038-B89F31940EA4}.AppStore|x64.Build.0 = Release|Any CPU
		{ABCCB3A1-4D65-4C38-9038-B89F31940EA4}.AppStore|x86.ActiveCfg = Release|Any CPU
		{ABCCB3A1-4D65-4C38-9038-B89F31940EA4}.AppStore|x86.Build.0 = Release|Any CPU
		{ABCCB3A1-4D65-4C38-9038-B89F31940EA4}.Debug|Any CPU.ActiveCfg = Debug|Any CPU
		{ABCCB3A1-4D65-4C38-9038-B89F31940EA4}.Debug|Any CPU.Build.0 = Debug|Any CPU
		{ABCCB3A1-4D65-4C38-9038-B89F31940EA4}.Debug|ARM.ActiveCfg = Debug|Any CPU
		{ABCCB3A1-4D65-4C38-9038-B89F31940EA4}.Debug|ARM.Build.0 = Debug|Any CPU
		{ABCCB3A1-4D65-4C38-9038-B89F31940EA4}.Debug|iPhone.ActiveCfg = Debug|Any CPU
		{ABCCB3A1-4D65-4C38-9038-B89F31940EA4}.Debug|iPhone.Build.0 = Debug|Any CPU
		{ABCCB3A1-4D65-4C38-9038-B89F31940EA4}.Debug|iPhoneSimulator.ActiveCfg = Debug|Any CPU
		{ABCCB3A1-4D65-4C38-9038-B89F31940EA4}.Debug|iPhoneSimulator.Build.0 = Debug|Any CPU
		{ABCCB3A1-4D65-4C38-9038-B89F31940EA4}.Debug|x64.ActiveCfg = Debug|Any CPU
		{ABCCB3A1-4D65-4C38-9038-B89F31940EA4}.Debug|x64.Build.0 = Debug|Any CPU
		{ABCCB3A1-4D65-4C38-9038-B89F31940EA4}.Debug|x86.ActiveCfg = Debug|Any CPU
		{ABCCB3A1-4D65-4C38-9038-B89F31940EA4}.Debug|x86.Build.0 = Debug|Any CPU
		{ABCCB3A1-4D65-4C38-9038-B89F31940EA4}.Release|Any CPU.ActiveCfg = Release|Any CPU
		{ABCCB3A1-4D65-4C38-9038-B89F31940EA4}.Release|Any CPU.Build.0 = Release|Any CPU
		{ABCCB3A1-4D65-4C38-9038-B89F31940EA4}.Release|ARM.ActiveCfg = Release|Any CPU
		{ABCCB3A1-4D65-4C38-9038-B89F31940EA4}.Release|ARM.Build.0 = Release|Any CPU
		{ABCCB3A1-4D65-4C38-9038-B89F31940EA4}.Release|iPhone.ActiveCfg = Release|Any CPU
		{ABCCB3A1-4D65-4C38-9038-B89F31940EA4}.Release|iPhone.Build.0 = Release|Any CPU
		{ABCCB3A1-4D65-4C38-9038-B89F31940EA4}.Release|iPhoneSimulator.ActiveCfg = Release|Any CPU
		{ABCCB3A1-4D65-4C38-9038-B89F31940EA4}.Release|iPhoneSimulator.Build.0 = Release|Any CPU
		{ABCCB3A1-4D65-4C38-9038-B89F31940EA4}.Release|x64.ActiveCfg = Release|Any CPU
		{ABCCB3A1-4D65-4C38-9038-B89F31940EA4}.Release|x64.Build.0 = Release|Any CPU
		{ABCCB3A1-4D65-4C38-9038-B89F31940EA4}.Release|x86.ActiveCfg = Release|Any CPU
		{ABCCB3A1-4D65-4C38-9038-B89F31940EA4}.Release|x86.Build.0 = Release|Any CPU
		{B07C1D9B-3929-49B4-9228-11DCC51F4E44}.Ad-Hoc|Any CPU.ActiveCfg = Release|Any CPU
		{B07C1D9B-3929-49B4-9228-11DCC51F4E44}.Ad-Hoc|Any CPU.Build.0 = Release|Any CPU
		{B07C1D9B-3929-49B4-9228-11DCC51F4E44}.Ad-Hoc|Any CPU.Deploy.0 = Release|Any CPU
		{B07C1D9B-3929-49B4-9228-11DCC51F4E44}.Ad-Hoc|ARM.ActiveCfg = Release|Any CPU
		{B07C1D9B-3929-49B4-9228-11DCC51F4E44}.Ad-Hoc|ARM.Build.0 = Release|Any CPU
		{B07C1D9B-3929-49B4-9228-11DCC51F4E44}.Ad-Hoc|ARM.Deploy.0 = Release|Any CPU
		{B07C1D9B-3929-49B4-9228-11DCC51F4E44}.Ad-Hoc|iPhone.ActiveCfg = Release|Any CPU
		{B07C1D9B-3929-49B4-9228-11DCC51F4E44}.Ad-Hoc|iPhone.Build.0 = Release|Any CPU
		{B07C1D9B-3929-49B4-9228-11DCC51F4E44}.Ad-Hoc|iPhone.Deploy.0 = Release|Any CPU
		{B07C1D9B-3929-49B4-9228-11DCC51F4E44}.Ad-Hoc|iPhoneSimulator.ActiveCfg = Release|Any CPU
		{B07C1D9B-3929-49B4-9228-11DCC51F4E44}.Ad-Hoc|iPhoneSimulator.Build.0 = Release|Any CPU
		{B07C1D9B-3929-49B4-9228-11DCC51F4E44}.Ad-Hoc|iPhoneSimulator.Deploy.0 = Release|Any CPU
		{B07C1D9B-3929-49B4-9228-11DCC51F4E44}.Ad-Hoc|x64.ActiveCfg = Release|Any CPU
		{B07C1D9B-3929-49B4-9228-11DCC51F4E44}.Ad-Hoc|x64.Build.0 = Release|Any CPU
		{B07C1D9B-3929-49B4-9228-11DCC51F4E44}.Ad-Hoc|x64.Deploy.0 = Release|Any CPU
		{B07C1D9B-3929-49B4-9228-11DCC51F4E44}.Ad-Hoc|x86.ActiveCfg = Release|Any CPU
		{B07C1D9B-3929-49B4-9228-11DCC51F4E44}.Ad-Hoc|x86.Build.0 = Release|Any CPU
		{B07C1D9B-3929-49B4-9228-11DCC51F4E44}.Ad-Hoc|x86.Deploy.0 = Release|Any CPU
		{B07C1D9B-3929-49B4-9228-11DCC51F4E44}.AppStore|Any CPU.ActiveCfg = Release|Any CPU
		{B07C1D9B-3929-49B4-9228-11DCC51F4E44}.AppStore|Any CPU.Build.0 = Release|Any CPU
		{B07C1D9B-3929-49B4-9228-11DCC51F4E44}.AppStore|Any CPU.Deploy.0 = Release|Any CPU
		{B07C1D9B-3929-49B4-9228-11DCC51F4E44}.AppStore|ARM.ActiveCfg = Release|Any CPU
		{B07C1D9B-3929-49B4-9228-11DCC51F4E44}.AppStore|ARM.Build.0 = Release|Any CPU
		{B07C1D9B-3929-49B4-9228-11DCC51F4E44}.AppStore|ARM.Deploy.0 = Release|Any CPU
		{B07C1D9B-3929-49B4-9228-11DCC51F4E44}.AppStore|iPhone.ActiveCfg = Release|Any CPU
		{B07C1D9B-3929-49B4-9228-11DCC51F4E44}.AppStore|iPhone.Build.0 = Release|Any CPU
		{B07C1D9B-3929-49B4-9228-11DCC51F4E44}.AppStore|iPhone.Deploy.0 = Release|Any CPU
		{B07C1D9B-3929-49B4-9228-11DCC51F4E44}.AppStore|iPhoneSimulator.ActiveCfg = Release|Any CPU
		{B07C1D9B-3929-49B4-9228-11DCC51F4E44}.AppStore|iPhoneSimulator.Build.0 = Release|Any CPU
		{B07C1D9B-3929-49B4-9228-11DCC51F4E44}.AppStore|iPhoneSimulator.Deploy.0 = Release|Any CPU
		{B07C1D9B-3929-49B4-9228-11DCC51F4E44}.AppStore|x64.ActiveCfg = Release|Any CPU
		{B07C1D9B-3929-49B4-9228-11DCC51F4E44}.AppStore|x64.Build.0 = Release|Any CPU
		{B07C1D9B-3929-49B4-9228-11DCC51F4E44}.AppStore|x64.Deploy.0 = Release|Any CPU
		{B07C1D9B-3929-49B4-9228-11DCC51F4E44}.AppStore|x86.ActiveCfg = Release|Any CPU
		{B07C1D9B-3929-49B4-9228-11DCC51F4E44}.AppStore|x86.Build.0 = Release|Any CPU
		{B07C1D9B-3929-49B4-9228-11DCC51F4E44}.AppStore|x86.Deploy.0 = Release|Any CPU
		{B07C1D9B-3929-49B4-9228-11DCC51F4E44}.Debug|Any CPU.ActiveCfg = Debug|Any CPU
		{B07C1D9B-3929-49B4-9228-11DCC51F4E44}.Debug|Any CPU.Build.0 = Debug|Any CPU
		{B07C1D9B-3929-49B4-9228-11DCC51F4E44}.Debug|Any CPU.Deploy.0 = Debug|Any CPU
		{B07C1D9B-3929-49B4-9228-11DCC51F4E44}.Debug|ARM.ActiveCfg = Debug|Any CPU
		{B07C1D9B-3929-49B4-9228-11DCC51F4E44}.Debug|ARM.Build.0 = Debug|Any CPU
		{B07C1D9B-3929-49B4-9228-11DCC51F4E44}.Debug|ARM.Deploy.0 = Debug|Any CPU
		{B07C1D9B-3929-49B4-9228-11DCC51F4E44}.Debug|iPhone.ActiveCfg = Debug|Any CPU
		{B07C1D9B-3929-49B4-9228-11DCC51F4E44}.Debug|iPhone.Build.0 = Debug|Any CPU
		{B07C1D9B-3929-49B4-9228-11DCC51F4E44}.Debug|iPhone.Deploy.0 = Debug|Any CPU
		{B07C1D9B-3929-49B4-9228-11DCC51F4E44}.Debug|iPhoneSimulator.ActiveCfg = Debug|Any CPU
		{B07C1D9B-3929-49B4-9228-11DCC51F4E44}.Debug|iPhoneSimulator.Build.0 = Debug|Any CPU
		{B07C1D9B-3929-49B4-9228-11DCC51F4E44}.Debug|iPhoneSimulator.Deploy.0 = Debug|Any CPU
		{B07C1D9B-3929-49B4-9228-11DCC51F4E44}.Debug|x64.ActiveCfg = Debug|Any CPU
		{B07C1D9B-3929-49B4-9228-11DCC51F4E44}.Debug|x64.Build.0 = Debug|Any CPU
		{B07C1D9B-3929-49B4-9228-11DCC51F4E44}.Debug|x64.Deploy.0 = Debug|Any CPU
		{B07C1D9B-3929-49B4-9228-11DCC51F4E44}.Debug|x86.ActiveCfg = Debug|Any CPU
		{B07C1D9B-3929-49B4-9228-11DCC51F4E44}.Debug|x86.Build.0 = Debug|Any CPU
		{B07C1D9B-3929-49B4-9228-11DCC51F4E44}.Debug|x86.Deploy.0 = Debug|Any CPU
		{B07C1D9B-3929-49B4-9228-11DCC51F4E44}.Release|Any CPU.ActiveCfg = Release|Any CPU
		{B07C1D9B-3929-49B4-9228-11DCC51F4E44}.Release|Any CPU.Build.0 = Release|Any CPU
		{B07C1D9B-3929-49B4-9228-11DCC51F4E44}.Release|Any CPU.Deploy.0 = Release|Any CPU
		{B07C1D9B-3929-49B4-9228-11DCC51F4E44}.Release|ARM.ActiveCfg = Release|Any CPU
		{B07C1D9B-3929-49B4-9228-11DCC51F4E44}.Release|ARM.Build.0 = Release|Any CPU
		{B07C1D9B-3929-49B4-9228-11DCC51F4E44}.Release|ARM.Deploy.0 = Release|Any CPU
		{B07C1D9B-3929-49B4-9228-11DCC51F4E44}.Release|iPhone.ActiveCfg = Release|Any CPU
		{B07C1D9B-3929-49B4-9228-11DCC51F4E44}.Release|iPhone.Build.0 = Release|Any CPU
		{B07C1D9B-3929-49B4-9228-11DCC51F4E44}.Release|iPhone.Deploy.0 = Release|Any CPU
		{B07C1D9B-3929-49B4-9228-11DCC51F4E44}.Release|iPhoneSimulator.ActiveCfg = Release|Any CPU
		{B07C1D9B-3929-49B4-9228-11DCC51F4E44}.Release|iPhoneSimulator.Build.0 = Release|Any CPU
		{B07C1D9B-3929-49B4-9228-11DCC51F4E44}.Release|iPhoneSimulator.Deploy.0 = Release|Any CPU
		{B07C1D9B-3929-49B4-9228-11DCC51F4E44}.Release|x64.ActiveCfg = Release|Any CPU
		{B07C1D9B-3929-49B4-9228-11DCC51F4E44}.Release|x64.Build.0 = Release|Any CPU
		{B07C1D9B-3929-49B4-9228-11DCC51F4E44}.Release|x64.Deploy.0 = Release|Any CPU
		{B07C1D9B-3929-49B4-9228-11DCC51F4E44}.Release|x86.ActiveCfg = Release|Any CPU
		{B07C1D9B-3929-49B4-9228-11DCC51F4E44}.Release|x86.Build.0 = Release|Any CPU
		{B07C1D9B-3929-49B4-9228-11DCC51F4E44}.Release|x86.Deploy.0 = Release|Any CPU
		{2A6CAFC6-9E31-498D-905E-8D0BC994AD1A}.Ad-Hoc|Any CPU.ActiveCfg = Release|iPhoneSimulator
		{2A6CAFC6-9E31-498D-905E-8D0BC994AD1A}.Ad-Hoc|Any CPU.Build.0 = Release|iPhoneSimulator
		{2A6CAFC6-9E31-498D-905E-8D0BC994AD1A}.Ad-Hoc|ARM.ActiveCfg = Release|iPhoneSimulator
		{2A6CAFC6-9E31-498D-905E-8D0BC994AD1A}.Ad-Hoc|ARM.Build.0 = Release|iPhoneSimulator
		{2A6CAFC6-9E31-498D-905E-8D0BC994AD1A}.Ad-Hoc|iPhone.ActiveCfg = Release|iPhone
		{2A6CAFC6-9E31-498D-905E-8D0BC994AD1A}.Ad-Hoc|iPhone.Build.0 = Release|iPhone
		{2A6CAFC6-9E31-498D-905E-8D0BC994AD1A}.Ad-Hoc|iPhoneSimulator.ActiveCfg = Release|iPhoneSimulator
		{2A6CAFC6-9E31-498D-905E-8D0BC994AD1A}.Ad-Hoc|iPhoneSimulator.Build.0 = Release|iPhoneSimulator
		{2A6CAFC6-9E31-498D-905E-8D0BC994AD1A}.Ad-Hoc|x64.ActiveCfg = Release|iPhoneSimulator
		{2A6CAFC6-9E31-498D-905E-8D0BC994AD1A}.Ad-Hoc|x64.Build.0 = Release|iPhoneSimulator
		{2A6CAFC6-9E31-498D-905E-8D0BC994AD1A}.Ad-Hoc|x86.ActiveCfg = Release|iPhoneSimulator
		{2A6CAFC6-9E31-498D-905E-8D0BC994AD1A}.Ad-Hoc|x86.Build.0 = Release|iPhoneSimulator
		{2A6CAFC6-9E31-498D-905E-8D0BC994AD1A}.AppStore|Any CPU.ActiveCfg = Release|iPhoneSimulator
		{2A6CAFC6-9E31-498D-905E-8D0BC994AD1A}.AppStore|Any CPU.Build.0 = Release|iPhoneSimulator
		{2A6CAFC6-9E31-498D-905E-8D0BC994AD1A}.AppStore|ARM.ActiveCfg = Release|iPhoneSimulator
		{2A6CAFC6-9E31-498D-905E-8D0BC994AD1A}.AppStore|ARM.Build.0 = Release|iPhoneSimulator
		{2A6CAFC6-9E31-498D-905E-8D0BC994AD1A}.AppStore|iPhone.ActiveCfg = Release|iPhone
		{2A6CAFC6-9E31-498D-905E-8D0BC994AD1A}.AppStore|iPhone.Build.0 = Release|iPhone
		{2A6CAFC6-9E31-498D-905E-8D0BC994AD1A}.AppStore|iPhoneSimulator.ActiveCfg = Release|iPhoneSimulator
		{2A6CAFC6-9E31-498D-905E-8D0BC994AD1A}.AppStore|iPhoneSimulator.Build.0 = Release|iPhoneSimulator
		{2A6CAFC6-9E31-498D-905E-8D0BC994AD1A}.AppStore|x64.ActiveCfg = Release|iPhoneSimulator
		{2A6CAFC6-9E31-498D-905E-8D0BC994AD1A}.AppStore|x64.Build.0 = Release|iPhoneSimulator
		{2A6CAFC6-9E31-498D-905E-8D0BC994AD1A}.AppStore|x86.ActiveCfg = Release|iPhoneSimulator
		{2A6CAFC6-9E31-498D-905E-8D0BC994AD1A}.AppStore|x86.Build.0 = Release|iPhoneSimulator
		{2A6CAFC6-9E31-498D-905E-8D0BC994AD1A}.Debug|Any CPU.ActiveCfg = Debug|iPhone
		{2A6CAFC6-9E31-498D-905E-8D0BC994AD1A}.Debug|ARM.ActiveCfg = Debug|iPhone
		{2A6CAFC6-9E31-498D-905E-8D0BC994AD1A}.Debug|iPhone.ActiveCfg = Debug|iPhone
		{2A6CAFC6-9E31-498D-905E-8D0BC994AD1A}.Debug|iPhone.Build.0 = Debug|iPhone
		{2A6CAFC6-9E31-498D-905E-8D0BC994AD1A}.Debug|iPhoneSimulator.ActiveCfg = Debug|iPhoneSimulator
		{2A6CAFC6-9E31-498D-905E-8D0BC994AD1A}.Debug|iPhoneSimulator.Build.0 = Debug|iPhoneSimulator
		{2A6CAFC6-9E31-498D-905E-8D0BC994AD1A}.Debug|x64.ActiveCfg = Debug|iPhone
		{2A6CAFC6-9E31-498D-905E-8D0BC994AD1A}.Debug|x86.ActiveCfg = Debug|iPhone
		{2A6CAFC6-9E31-498D-905E-8D0BC994AD1A}.Release|Any CPU.ActiveCfg = Release|iPhone
		{2A6CAFC6-9E31-498D-905E-8D0BC994AD1A}.Release|ARM.ActiveCfg = Release|iPhone
		{2A6CAFC6-9E31-498D-905E-8D0BC994AD1A}.Release|iPhone.ActiveCfg = Release|iPhone
		{2A6CAFC6-9E31-498D-905E-8D0BC994AD1A}.Release|iPhone.Build.0 = Release|iPhone
		{2A6CAFC6-9E31-498D-905E-8D0BC994AD1A}.Release|iPhoneSimulator.ActiveCfg = Release|iPhoneSimulator
		{2A6CAFC6-9E31-498D-905E-8D0BC994AD1A}.Release|iPhoneSimulator.Build.0 = Release|iPhoneSimulator
		{2A6CAFC6-9E31-498D-905E-8D0BC994AD1A}.Release|x64.ActiveCfg = Release|iPhone
		{2A6CAFC6-9E31-498D-905E-8D0BC994AD1A}.Release|x86.ActiveCfg = Release|iPhone
		{562D9434-B7EA-45AE-9A44-425F672A0D6E}.Ad-Hoc|Any CPU.ActiveCfg = Release|x86
		{562D9434-B7EA-45AE-9A44-425F672A0D6E}.Ad-Hoc|Any CPU.Build.0 = Release|x86
		{562D9434-B7EA-45AE-9A44-425F672A0D6E}.Ad-Hoc|Any CPU.Deploy.0 = Release|x86
		{562D9434-B7EA-45AE-9A44-425F672A0D6E}.Ad-Hoc|ARM.ActiveCfg = Release|ARM
		{562D9434-B7EA-45AE-9A44-425F672A0D6E}.Ad-Hoc|ARM.Build.0 = Release|ARM
		{562D9434-B7EA-45AE-9A44-425F672A0D6E}.Ad-Hoc|ARM.Deploy.0 = Release|ARM
		{562D9434-B7EA-45AE-9A44-425F672A0D6E}.Ad-Hoc|iPhone.ActiveCfg = Release|x86
		{562D9434-B7EA-45AE-9A44-425F672A0D6E}.Ad-Hoc|iPhone.Build.0 = Release|x86
		{562D9434-B7EA-45AE-9A44-425F672A0D6E}.Ad-Hoc|iPhone.Deploy.0 = Release|x86
		{562D9434-B7EA-45AE-9A44-425F672A0D6E}.Ad-Hoc|iPhoneSimulator.ActiveCfg = Release|x86
		{562D9434-B7EA-45AE-9A44-425F672A0D6E}.Ad-Hoc|iPhoneSimulator.Build.0 = Release|x86
		{562D9434-B7EA-45AE-9A44-425F672A0D6E}.Ad-Hoc|iPhoneSimulator.Deploy.0 = Release|x86
		{562D9434-B7EA-45AE-9A44-425F672A0D6E}.Ad-Hoc|x64.ActiveCfg = Release|x64
		{562D9434-B7EA-45AE-9A44-425F672A0D6E}.Ad-Hoc|x64.Build.0 = Release|x64
		{562D9434-B7EA-45AE-9A44-425F672A0D6E}.Ad-Hoc|x64.Deploy.0 = Release|x64
		{562D9434-B7EA-45AE-9A44-425F672A0D6E}.Ad-Hoc|x86.ActiveCfg = Release|x86
		{562D9434-B7EA-45AE-9A44-425F672A0D6E}.Ad-Hoc|x86.Build.0 = Release|x86
		{562D9434-B7EA-45AE-9A44-425F672A0D6E}.Ad-Hoc|x86.Deploy.0 = Release|x86
		{562D9434-B7EA-45AE-9A44-425F672A0D6E}.AppStore|Any CPU.ActiveCfg = Release|x86
		{562D9434-B7EA-45AE-9A44-425F672A0D6E}.AppStore|Any CPU.Build.0 = Release|x86
		{562D9434-B7EA-45AE-9A44-425F672A0D6E}.AppStore|Any CPU.Deploy.0 = Release|x86
		{562D9434-B7EA-45AE-9A44-425F672A0D6E}.AppStore|ARM.ActiveCfg = Release|ARM
		{562D9434-B7EA-45AE-9A44-425F672A0D6E}.AppStore|ARM.Build.0 = Release|ARM
		{562D9434-B7EA-45AE-9A44-425F672A0D6E}.AppStore|ARM.Deploy.0 = Release|ARM
		{562D9434-B7EA-45AE-9A44-425F672A0D6E}.AppStore|iPhone.ActiveCfg = Release|x86
		{562D9434-B7EA-45AE-9A44-425F672A0D6E}.AppStore|iPhone.Build.0 = Release|x86
		{562D9434-B7EA-45AE-9A44-425F672A0D6E}.AppStore|iPhone.Deploy.0 = Release|x86
		{562D9434-B7EA-45AE-9A44-425F672A0D6E}.AppStore|iPhoneSimulator.ActiveCfg = Release|x86
		{562D9434-B7EA-45AE-9A44-425F672A0D6E}.AppStore|iPhoneSimulator.Build.0 = Release|x86
		{562D9434-B7EA-45AE-9A44-425F672A0D6E}.AppStore|iPhoneSimulator.Deploy.0 = Release|x86
		{562D9434-B7EA-45AE-9A44-425F672A0D6E}.AppStore|x64.ActiveCfg = Release|x64
		{562D9434-B7EA-45AE-9A44-425F672A0D6E}.AppStore|x64.Build.0 = Release|x64
		{562D9434-B7EA-45AE-9A44-425F672A0D6E}.AppStore|x64.Deploy.0 = Release|x64
		{562D9434-B7EA-45AE-9A44-425F672A0D6E}.AppStore|x86.ActiveCfg = Release|x86
		{562D9434-B7EA-45AE-9A44-425F672A0D6E}.AppStore|x86.Build.0 = Release|x86
		{562D9434-B7EA-45AE-9A44-425F672A0D6E}.AppStore|x86.Deploy.0 = Release|x86
		{562D9434-B7EA-45AE-9A44-425F672A0D6E}.Debug|Any CPU.ActiveCfg = Debug|x86
		{562D9434-B7EA-45AE-9A44-425F672A0D6E}.Debug|Any CPU.Build.0 = Debug|x86
		{562D9434-B7EA-45AE-9A44-425F672A0D6E}.Debug|Any CPU.Deploy.0 = Debug|x86
		{562D9434-B7EA-45AE-9A44-425F672A0D6E}.Debug|ARM.ActiveCfg = Debug|ARM
		{562D9434-B7EA-45AE-9A44-425F672A0D6E}.Debug|ARM.Build.0 = Debug|ARM
		{562D9434-B7EA-45AE-9A44-425F672A0D6E}.Debug|ARM.Deploy.0 = Debug|ARM
		{562D9434-B7EA-45AE-9A44-425F672A0D6E}.Debug|iPhone.ActiveCfg = Debug|x86
		{562D9434-B7EA-45AE-9A44-425F672A0D6E}.Debug|iPhoneSimulator.ActiveCfg = Debug|x86
		{562D9434-B7EA-45AE-9A44-425F672A0D6E}.Debug|x64.ActiveCfg = Debug|x64
		{562D9434-B7EA-45AE-9A44-425F672A0D6E}.Debug|x64.Build.0 = Debug|x64
		{562D9434-B7EA-45AE-9A44-425F672A0D6E}.Debug|x64.Deploy.0 = Debug|x64
		{562D9434-B7EA-45AE-9A44-425F672A0D6E}.Debug|x86.ActiveCfg = Debug|x86
		{562D9434-B7EA-45AE-9A44-425F672A0D6E}.Debug|x86.Build.0 = Debug|x86
		{562D9434-B7EA-45AE-9A44-425F672A0D6E}.Debug|x86.Deploy.0 = Debug|x86
		{562D9434-B7EA-45AE-9A44-425F672A0D6E}.Release|Any CPU.ActiveCfg = Release|x86
		{562D9434-B7EA-45AE-9A44-425F672A0D6E}.Release|ARM.ActiveCfg = Release|ARM
		{562D9434-B7EA-45AE-9A44-425F672A0D6E}.Release|ARM.Build.0 = Release|ARM
		{562D9434-B7EA-45AE-9A44-425F672A0D6E}.Release|ARM.Deploy.0 = Release|ARM
		{562D9434-B7EA-45AE-9A44-425F672A0D6E}.Release|iPhone.ActiveCfg = Release|x86
		{562D9434-B7EA-45AE-9A44-425F672A0D6E}.Release|iPhoneSimulator.ActiveCfg = Release|x86
		{562D9434-B7EA-45AE-9A44-425F672A0D6E}.Release|x64.ActiveCfg = Release|x64
		{562D9434-B7EA-45AE-9A44-425F672A0D6E}.Release|x64.Build.0 = Release|x64
		{562D9434-B7EA-45AE-9A44-425F672A0D6E}.Release|x64.Deploy.0 = Release|x64
		{562D9434-B7EA-45AE-9A44-425F672A0D6E}.Release|x86.ActiveCfg = Release|x86
		{562D9434-B7EA-45AE-9A44-425F672A0D6E}.Release|x86.Build.0 = Release|x86
		{562D9434-B7EA-45AE-9A44-425F672A0D6E}.Release|x86.Deploy.0 = Release|x86
		{5679E515-AEC3-49D6-B1C0-F88B81B4FCFC}.Ad-Hoc|Any CPU.ActiveCfg = Release|Any CPU
		{5679E515-AEC3-49D6-B1C0-F88B81B4FCFC}.Ad-Hoc|Any CPU.Build.0 = Release|Any CPU
		{5679E515-AEC3-49D6-B1C0-F88B81B4FCFC}.Ad-Hoc|ARM.ActiveCfg = Release|Any CPU
		{5679E515-AEC3-49D6-B1C0-F88B81B4FCFC}.Ad-Hoc|ARM.Build.0 = Release|Any CPU
		{5679E515-AEC3-49D6-B1C0-F88B81B4FCFC}.Ad-Hoc|iPhone.ActiveCfg = Release|Any CPU
		{5679E515-AEC3-49D6-B1C0-F88B81B4FCFC}.Ad-Hoc|iPhone.Build.0 = Release|Any CPU
		{5679E515-AEC3-49D6-B1C0-F88B81B4FCFC}.Ad-Hoc|iPhoneSimulator.ActiveCfg = Release|Any CPU
		{5679E515-AEC3-49D6-B1C0-F88B81B4FCFC}.Ad-Hoc|iPhoneSimulator.Build.0 = Release|Any CPU
		{5679E515-AEC3-49D6-B1C0-F88B81B4FCFC}.Ad-Hoc|x64.ActiveCfg = Release|Any CPU
		{5679E515-AEC3-49D6-B1C0-F88B81B4FCFC}.Ad-Hoc|x64.Build.0 = Release|Any CPU
		{5679E515-AEC3-49D6-B1C0-F88B81B4FCFC}.Ad-Hoc|x86.ActiveCfg = Release|Any CPU
		{5679E515-AEC3-49D6-B1C0-F88B81B4FCFC}.Ad-Hoc|x86.Build.0 = Release|Any CPU
		{5679E515-AEC3-49D6-B1C0-F88B81B4FCFC}.AppStore|Any CPU.ActiveCfg = Release|Any CPU
		{5679E515-AEC3-49D6-B1C0-F88B81B4FCFC}.AppStore|Any CPU.Build.0 = Release|Any CPU
		{5679E515-AEC3-49D6-B1C0-F88B81B4FCFC}.AppStore|ARM.ActiveCfg = Release|Any CPU
		{5679E515-AEC3-49D6-B1C0-F88B81B4FCFC}.AppStore|ARM.Build.0 = Release|Any CPU
		{5679E515-AEC3-49D6-B1C0-F88B81B4FCFC}.AppStore|iPhone.ActiveCfg = Release|Any CPU
		{5679E515-AEC3-49D6-B1C0-F88B81B4FCFC}.AppStore|iPhone.Build.0 = Release|Any CPU
		{5679E515-AEC3-49D6-B1C0-F88B81B4FCFC}.AppStore|iPhoneSimulator.ActiveCfg = Release|Any CPU
		{5679E515-AEC3-49D6-B1C0-F88B81B4FCFC}.AppStore|iPhoneSimulator.Build.0 = Release|Any CPU
		{5679E515-AEC3-49D6-B1C0-F88B81B4FCFC}.AppStore|x64.ActiveCfg = Release|Any CPU
		{5679E515-AEC3-49D6-B1C0-F88B81B4FCFC}.AppStore|x64.Build.0 = Release|Any CPU
		{5679E515-AEC3-49D6-B1C0-F88B81B4FCFC}.AppStore|x86.ActiveCfg = Release|Any CPU
		{5679E515-AEC3-49D6-B1C0-F88B81B4FCFC}.AppStore|x86.Build.0 = Release|Any CPU
		{5679E515-AEC3-49D6-B1C0-F88B81B4FCFC}.Debug|Any CPU.ActiveCfg = Debug|Any CPU
		{5679E515-AEC3-49D6-B1C0-F88B81B4FCFC}.Debug|Any CPU.Build.0 = Debug|Any CPU
		{5679E515-AEC3-49D6-B1C0-F88B81B4FCFC}.Debug|ARM.ActiveCfg = Debug|Any CPU
		{5679E515-AEC3-49D6-B1C0-F88B81B4FCFC}.Debug|ARM.Build.0 = Debug|Any CPU
		{5679E515-AEC3-49D6-B1C0-F88B81B4FCFC}.Debug|iPhone.ActiveCfg = Debug|Any CPU
		{5679E515-AEC3-49D6-B1C0-F88B81B4FCFC}.Debug|iPhone.Build.0 = Debug|Any CPU
		{5679E515-AEC3-49D6-B1C0-F88B81B4FCFC}.Debug|iPhoneSimulator.ActiveCfg = Debug|Any CPU
		{5679E515-AEC3-49D6-B1C0-F88B81B4FCFC}.Debug|iPhoneSimulator.Build.0 = Debug|Any CPU
		{5679E515-AEC3-49D6-B1C0-F88B81B4FCFC}.Debug|x64.ActiveCfg = Debug|Any CPU
		{5679E515-AEC3-49D6-B1C0-F88B81B4FCFC}.Debug|x64.Build.0 = Debug|Any CPU
		{5679E515-AEC3-49D6-B1C0-F88B81B4FCFC}.Debug|x86.ActiveCfg = Debug|Any CPU
		{5679E515-AEC3-49D6-B1C0-F88B81B4FCFC}.Debug|x86.Build.0 = Debug|Any CPU
		{5679E515-AEC3-49D6-B1C0-F88B81B4FCFC}.Release|Any CPU.ActiveCfg = Release|Any CPU
		{5679E515-AEC3-49D6-B1C0-F88B81B4FCFC}.Release|Any CPU.Build.0 = Release|Any CPU
		{5679E515-AEC3-49D6-B1C0-F88B81B4FCFC}.Release|ARM.ActiveCfg = Release|Any CPU
		{5679E515-AEC3-49D6-B1C0-F88B81B4FCFC}.Release|ARM.Build.0 = Release|Any CPU
		{5679E515-AEC3-49D6-B1C0-F88B81B4FCFC}.Release|iPhone.ActiveCfg = Release|Any CPU
		{5679E515-AEC3-49D6-B1C0-F88B81B4FCFC}.Release|iPhone.Build.0 = Release|Any CPU
		{5679E515-AEC3-49D6-B1C0-F88B81B4FCFC}.Release|iPhoneSimulator.ActiveCfg = Release|Any CPU
		{5679E515-AEC3-49D6-B1C0-F88B81B4FCFC}.Release|iPhoneSimulator.Build.0 = Release|Any CPU
		{5679E515-AEC3-49D6-B1C0-F88B81B4FCFC}.Release|x64.ActiveCfg = Release|Any CPU
		{5679E515-AEC3-49D6-B1C0-F88B81B4FCFC}.Release|x64.Build.0 = Release|Any CPU
		{5679E515-AEC3-49D6-B1C0-F88B81B4FCFC}.Release|x86.ActiveCfg = Release|Any CPU
		{5679E515-AEC3-49D6-B1C0-F88B81B4FCFC}.Release|x86.Build.0 = Release|Any CPU
	EndGlobalSection
	GlobalSection(SolutionProperties) = preSolution
		HideSolutionNode = FALSE
	EndGlobalSection
	GlobalSection(NestedProjects) = preSolution
		{5679E515-AEC3-49D6-B1C0-F88B81B4FCFC} = {DCF6FAD4-268C-431C-BC6D-C3F39BE709F9}
	EndGlobalSection
	GlobalSection(ExtensibilityGlobals) = postSolution
		SolutionGuid = {5B7297C2-547A-4BDB-91FA-A71CDB77719C}
	EndGlobalSection
EndGlobal
