
Microsoft Visual Studio Solution File, Format Version 12.00
# Visual Studio 15
VisualStudioVersion = 15.0.26228.9
MinimumVisualStudioVersion = 10.0.40219.1
Project("{FAE04EC0-301F-11D3-BF4B-00C04F79EFBC}") = "UsingDependencyService", "UsingDependencyService\UsingDependencyService\UsingDependencyService.csproj", "{684A648B-46D8-494B-8F01-7ED1AE3E8E74}"
EndProject
Project("{FAE04EC0-301F-11D3-BF4B-00C04F79EFBC}") = "UsingDependencyService.iOS", "UsingDependencyService\UsingDependencyService.iOS\UsingDependencyService.iOS.csproj", "{EE16A21D-BF23-4124-BCA5-29448BEC52DC}"
EndProject
Project("{FAE04EC0-301F-11D3-BF4B-00C04F79EFBC}") = "UsingDependencyService.Droid", "UsingDependencyService\UsingDependencyService.Droid\UsingDependencyService.Droid.csproj", "{581157C4-69B6-4E22-9D9E-5F5942BC3AE6}"
EndProject
Project("{FAE04EC0-301F-11D3-BF4B-00C04F79EFBC}") = "UsingDependencyService.WinPhone", "UsingDependencyService\UsingDependencyService.WinPhone\UsingDependencyService.WinPhone.csproj", "{21B49648-2727-486A-BF48-D5D2095DEF07}"
EndProject
Project("{2150E333-8FDC-42A3-9474-1A3956D46DE8}") = "Deprecated", "Deprecated", "{6961A2DE-725B-4AC8-B9B5-506CEA8ED70F}"
EndProject
Project("{FAE04EC0-301F-11D3-BF4B-00C04F79EFBC}") = "UsingDependencyService.UWP", "UsingDependencyService\UsingDependencyService.UWP\UsingDependencyService.UWP.csproj", "{93EA5410-8088-47EE-99F2-7F5A24D0D7E9}"
EndProject
Global
	GlobalSection(SolutionConfigurationPlatforms) = preSolution
		Ad-Hoc|Any CPU = Ad-Hoc|Any CPU
		Ad-Hoc|ARM = Ad-Hoc|ARM
		Ad-Hoc|iPhone = Ad-Hoc|iPhone
		Ad-Hoc|iPhoneSimulator = Ad-Hoc|iPhoneSimulator
		Ad-Hoc|Mixed Platforms = Ad-Hoc|Mixed Platforms
		Ad-Hoc|x64 = Ad-Hoc|x64
		Ad-Hoc|x86 = Ad-Hoc|x86
		AppStore|Any CPU = AppStore|Any CPU
		AppStore|ARM = AppStore|ARM
		AppStore|iPhone = AppStore|iPhone
		AppStore|iPhoneSimulator = AppStore|iPhoneSimulator
		AppStore|Mixed Platforms = AppStore|Mixed Platforms
		AppStore|x64 = AppStore|x64
		AppStore|x86 = AppStore|x86
		Debug|Any CPU = Debug|Any CPU
		Debug|ARM = Debug|ARM
		Debug|iPhone = Debug|iPhone
		Debug|iPhoneSimulator = Debug|iPhoneSimulator
		Debug|Mixed Platforms = Debug|Mixed Platforms
		Debug|x64 = Debug|x64
		Debug|x86 = Debug|x86
		Release|Any CPU = Release|Any CPU
		Release|ARM = Release|ARM
		Release|iPhone = Release|iPhone
		Release|iPhoneSimulator = Release|iPhoneSimulator
		Release|Mixed Platforms = Release|Mixed Platforms
		Release|x64 = Release|x64
		Release|x86 = Release|x86
	EndGlobalSection
	GlobalSection(ProjectConfigurationPlatforms) = postSolution
		{684A648B-46D8-494B-8F01-7ED1AE3E8E74}.Ad-Hoc|Any CPU.ActiveCfg = Release|Any CPU
		{684A648B-46D8-494B-8F01-7ED1AE3E8E74}.Ad-Hoc|Any CPU.Build.0 = Release|Any CPU
		{684A648B-46D8-494B-8F01-7ED1AE3E8E74}.Ad-Hoc|ARM.ActiveCfg = Release|Any CPU
		{684A648B-46D8-494B-8F01-7ED1AE3E8E74}.Ad-Hoc|iPhone.ActiveCfg = Release|Any CPU
		{684A648B-46D8-494B-8F01-7ED1AE3E8E74}.Ad-Hoc|iPhoneSimulator.ActiveCfg = Release|Any CPU
		{684A648B-46D8-494B-8F01-7ED1AE3E8E74}.Ad-Hoc|Mixed Platforms.ActiveCfg = Release|Any CPU
		{684A648B-46D8-494B-8F01-7ED1AE3E8E74}.Ad-Hoc|Mixed Platforms.Build.0 = Release|Any CPU
		{684A648B-46D8-494B-8F01-7ED1AE3E8E74}.Ad-Hoc|x64.ActiveCfg = Debug|Any CPU
		{684A648B-46D8-494B-8F01-7ED1AE3E8E74}.Ad-Hoc|x64.Build.0 = Debug|Any CPU
		{684A648B-46D8-494B-8F01-7ED1AE3E8E74}.Ad-Hoc|x86.ActiveCfg = Release|Any CPU
		{684A648B-46D8-494B-8F01-7ED1AE3E8E74}.AppStore|Any CPU.ActiveCfg = Release|Any CPU
		{684A648B-46D8-494B-8F01-7ED1AE3E8E74}.AppStore|Any CPU.Build.0 = Release|Any CPU
		{684A648B-46D8-494B-8F01-7ED1AE3E8E74}.AppStore|ARM.ActiveCfg = Release|Any CPU
		{684A648B-46D8-494B-8F01-7ED1AE3E8E74}.AppStore|iPhone.ActiveCfg = Release|Any CPU
		{684A648B-46D8-494B-8F01-7ED1AE3E8E74}.AppStore|iPhoneSimulator.ActiveCfg = Release|Any CPU
		{684A648B-46D8-494B-8F01-7ED1AE3E8E74}.AppStore|Mixed Platforms.ActiveCfg = Release|Any CPU
		{684A648B-46D8-494B-8F01-7ED1AE3E8E74}.AppStore|Mixed Platforms.Build.0 = Release|Any CPU
		{684A648B-46D8-494B-8F01-7ED1AE3E8E74}.AppStore|x64.ActiveCfg = Debug|Any CPU
		{684A648B-46D8-494B-8F01-7ED1AE3E8E74}.AppStore|x64.Build.0 = Debug|Any CPU
		{684A648B-46D8-494B-8F01-7ED1AE3E8E74}.AppStore|x86.ActiveCfg = Release|Any CPU
		{684A648B-46D8-494B-8F01-7ED1AE3E8E74}.Debug|Any CPU.ActiveCfg = Debug|Any CPU
		{684A648B-46D8-494B-8F01-7ED1AE3E8E74}.Debug|Any CPU.Build.0 = Debug|Any CPU
		{684A648B-46D8-494B-8F01-7ED1AE3E8E74}.Debug|ARM.ActiveCfg = Debug|Any CPU
		{684A648B-46D8-494B-8F01-7ED1AE3E8E74}.Debug|iPhone.ActiveCfg = Debug|Any CPU
		{684A648B-46D8-494B-8F01-7ED1AE3E8E74}.Debug|iPhoneSimulator.ActiveCfg = Debug|Any CPU
		{684A648B-46D8-494B-8F01-7ED1AE3E8E74}.Debug|Mixed Platforms.ActiveCfg = Debug|Any CPU
		{684A648B-46D8-494B-8F01-7ED1AE3E8E74}.Debug|Mixed Platforms.Build.0 = Debug|Any CPU
		{684A648B-46D8-494B-8F01-7ED1AE3E8E74}.Debug|x64.ActiveCfg = Debug|Any CPU
		{684A648B-46D8-494B-8F01-7ED1AE3E8E74}.Debug|x64.Build.0 = Debug|Any CPU
		{684A648B-46D8-494B-8F01-7ED1AE3E8E74}.Debug|x86.ActiveCfg = Debug|Any CPU
		{684A648B-46D8-494B-8F01-7ED1AE3E8E74}.Release|Any CPU.ActiveCfg = Release|Any CPU
		{684A648B-46D8-494B-8F01-7ED1AE3E8E74}.Release|Any CPU.Build.0 = Release|Any CPU
		{684A648B-46D8-494B-8F01-7ED1AE3E8E74}.Release|ARM.ActiveCfg = Release|Any CPU
		{684A648B-46D8-494B-8F01-7ED1AE3E8E74}.Release|iPhone.ActiveCfg = Release|Any CPU
		{684A648B-46D8-494B-8F01-7ED1AE3E8E74}.Release|iPhoneSimulator.ActiveCfg = Release|Any CPU
		{684A648B-46D8-494B-8F01-7ED1AE3E8E74}.Release|Mixed Platforms.ActiveCfg = Release|Any CPU
		{684A648B-46D8-494B-8F01-7ED1AE3E8E74}.Release|Mixed Platforms.Build.0 = Release|Any CPU
		{684A648B-46D8-494B-8F01-7ED1AE3E8E74}.Release|x64.ActiveCfg = Release|Any CPU
		{684A648B-46D8-494B-8F01-7ED1AE3E8E74}.Release|x64.Build.0 = Release|Any CPU
		{684A648B-46D8-494B-8F01-7ED1AE3E8E74}.Release|x86.ActiveCfg = Release|Any CPU
		{EE16A21D-BF23-4124-BCA5-29448BEC52DC}.Ad-Hoc|Any CPU.ActiveCfg = Ad-Hoc|iPhone
		{EE16A21D-BF23-4124-BCA5-29448BEC52DC}.Ad-Hoc|ARM.ActiveCfg = Ad-Hoc|iPhone
		{EE16A21D-BF23-4124-BCA5-29448BEC52DC}.Ad-Hoc|iPhone.ActiveCfg = Ad-Hoc|iPhone
		{EE16A21D-BF23-4124-BCA5-29448BEC52DC}.Ad-Hoc|iPhone.Build.0 = Ad-Hoc|iPhone
		{EE16A21D-BF23-4124-BCA5-29448BEC52DC}.Ad-Hoc|iPhoneSimulator.ActiveCfg = Ad-Hoc|iPhoneSimulator
		{EE16A21D-BF23-4124-BCA5-29448BEC52DC}.Ad-Hoc|iPhoneSimulator.Build.0 = Ad-Hoc|iPhoneSimulator
		{EE16A21D-BF23-4124-BCA5-29448BEC52DC}.Ad-Hoc|Mixed Platforms.ActiveCfg = Ad-Hoc|iPhone
		{EE16A21D-BF23-4124-BCA5-29448BEC52DC}.Ad-Hoc|Mixed Platforms.Build.0 = Ad-Hoc|iPhone
		{EE16A21D-BF23-4124-BCA5-29448BEC52DC}.Ad-Hoc|x64.ActiveCfg = Ad-Hoc|iPhoneSimulator
		{EE16A21D-BF23-4124-BCA5-29448BEC52DC}.Ad-Hoc|x86.ActiveCfg = Ad-Hoc|iPhone
		{EE16A21D-BF23-4124-BCA5-29448BEC52DC}.AppStore|Any CPU.ActiveCfg = AppStore|iPhone
		{EE16A21D-BF23-4124-BCA5-29448BEC52DC}.AppStore|ARM.ActiveCfg = AppStore|iPhone
		{EE16A21D-BF23-4124-BCA5-29448BEC52DC}.AppStore|iPhone.ActiveCfg = AppStore|iPhone
		{EE16A21D-BF23-4124-BCA5-29448BEC52DC}.AppStore|iPhone.Build.0 = AppStore|iPhone
		{EE16A21D-BF23-4124-BCA5-29448BEC52DC}.AppStore|iPhoneSimulator.ActiveCfg = AppStore|iPhoneSimulator
		{EE16A21D-BF23-4124-BCA5-29448BEC52DC}.AppStore|iPhoneSimulator.Build.0 = AppStore|iPhoneSimulator
		{EE16A21D-BF23-4124-BCA5-29448BEC52DC}.AppStore|Mixed Platforms.ActiveCfg = AppStore|iPhone
		{EE16A21D-BF23-4124-BCA5-29448BEC52DC}.AppStore|Mixed Platforms.Build.0 = AppStore|iPhone
		{EE16A21D-BF23-4124-BCA5-29448BEC52DC}.AppStore|x64.ActiveCfg = AppStore|iPhoneSimulator
		{EE16A21D-BF23-4124-BCA5-29448BEC52DC}.AppStore|x86.ActiveCfg = AppStore|iPhone
		{EE16A21D-BF23-4124-BCA5-29448BEC52DC}.Debug|Any CPU.ActiveCfg = Debug|iPhone
		{EE16A21D-BF23-4124-BCA5-29448BEC52DC}.Debug|ARM.ActiveCfg = Debug|iPhone
		{EE16A21D-BF23-4124-BCA5-29448BEC52DC}.Debug|iPhone.ActiveCfg = Debug|iPhone
		{EE16A21D-BF23-4124-BCA5-29448BEC52DC}.Debug|iPhone.Build.0 = Debug|iPhone
		{EE16A21D-BF23-4124-BCA5-29448BEC52DC}.Debug|iPhoneSimulator.ActiveCfg = Debug|iPhoneSimulator
		{EE16A21D-BF23-4124-BCA5-29448BEC52DC}.Debug|iPhoneSimulator.Build.0 = Debug|iPhoneSimulator
		{EE16A21D-BF23-4124-BCA5-29448BEC52DC}.Debug|Mixed Platforms.ActiveCfg = Debug|iPhone
		{EE16A21D-BF23-4124-BCA5-29448BEC52DC}.Debug|Mixed Platforms.Build.0 = Debug|iPhone
		{EE16A21D-BF23-4124-BCA5-29448BEC52DC}.Debug|x64.ActiveCfg = Debug|iPhoneSimulator
		{EE16A21D-BF23-4124-BCA5-29448BEC52DC}.Debug|x86.ActiveCfg = Debug|iPhone
		{EE16A21D-BF23-4124-BCA5-29448BEC52DC}.Release|Any CPU.ActiveCfg = Release|iPhone
		{EE16A21D-BF23-4124-BCA5-29448BEC52DC}.Release|ARM.ActiveCfg = Release|iPhone
		{EE16A21D-BF23-4124-BCA5-29448BEC52DC}.Release|iPhone.ActiveCfg = Release|iPhone
		{EE16A21D-BF23-4124-BCA5-29448BEC52DC}.Release|iPhone.Build.0 = Release|iPhone
		{EE16A21D-BF23-4124-BCA5-29448BEC52DC}.Release|iPhoneSimulator.ActiveCfg = Release|iPhoneSimulator
		{EE16A21D-BF23-4124-BCA5-29448BEC52DC}.Release|iPhoneSimulator.Build.0 = Release|iPhoneSimulator
		{EE16A21D-BF23-4124-BCA5-29448BEC52DC}.Release|Mixed Platforms.ActiveCfg = Release|iPhone
		{EE16A21D-BF23-4124-BCA5-29448BEC52DC}.Release|Mixed Platforms.Build.0 = Release|iPhone
		{EE16A21D-BF23-4124-BCA5-29448BEC52DC}.Release|x64.ActiveCfg = Release|iPhoneSimulator
		{EE16A21D-BF23-4124-BCA5-29448BEC52DC}.Release|x86.ActiveCfg = Release|iPhone
		{581157C4-69B6-4E22-9D9E-5F5942BC3AE6}.Ad-Hoc|Any CPU.ActiveCfg = Release|Any CPU
		{581157C4-69B6-4E22-9D9E-5F5942BC3AE6}.Ad-Hoc|Any CPU.Build.0 = Release|Any CPU
		{581157C4-69B6-4E22-9D9E-5F5942BC3AE6}.Ad-Hoc|Any CPU.Deploy.0 = Release|Any CPU
		{581157C4-69B6-4E22-9D9E-5F5942BC3AE6}.Ad-Hoc|ARM.ActiveCfg = Release|Any CPU
		{581157C4-69B6-4E22-9D9E-5F5942BC3AE6}.Ad-Hoc|iPhone.ActiveCfg = Release|Any CPU
		{581157C4-69B6-4E22-9D9E-5F5942BC3AE6}.Ad-Hoc|iPhoneSimulator.ActiveCfg = Release|Any CPU
		{581157C4-69B6-4E22-9D9E-5F5942BC3AE6}.Ad-Hoc|Mixed Platforms.ActiveCfg = Release|Any CPU
		{581157C4-69B6-4E22-9D9E-5F5942BC3AE6}.Ad-Hoc|Mixed Platforms.Build.0 = Release|Any CPU
		{581157C4-69B6-4E22-9D9E-5F5942BC3AE6}.Ad-Hoc|Mixed Platforms.Deploy.0 = Release|Any CPU
		{581157C4-69B6-4E22-9D9E-5F5942BC3AE6}.Ad-Hoc|x64.ActiveCfg = Debug|Any CPU
		{581157C4-69B6-4E22-9D9E-5F5942BC3AE6}.Ad-Hoc|x64.Build.0 = Debug|Any CPU
		{581157C4-69B6-4E22-9D9E-5F5942BC3AE6}.Ad-Hoc|x64.Deploy.0 = Debug|Any CPU
		{581157C4-69B6-4E22-9D9E-5F5942BC3AE6}.Ad-Hoc|x86.ActiveCfg = Release|Any CPU
		{581157C4-69B6-4E22-9D9E-5F5942BC3AE6}.AppStore|Any CPU.ActiveCfg = Release|Any CPU
		{581157C4-69B6-4E22-9D9E-5F5942BC3AE6}.AppStore|Any CPU.Build.0 = Release|Any CPU
		{581157C4-69B6-4E22-9D9E-5F5942BC3AE6}.AppStore|Any CPU.Deploy.0 = Release|Any CPU
		{581157C4-69B6-4E22-9D9E-5F5942BC3AE6}.AppStore|ARM.ActiveCfg = Release|Any CPU
		{581157C4-69B6-4E22-9D9E-5F5942BC3AE6}.AppStore|iPhone.ActiveCfg = Release|Any CPU
		{581157C4-69B6-4E22-9D9E-5F5942BC3AE6}.AppStore|iPhoneSimulator.ActiveCfg = Release|Any CPU
		{581157C4-69B6-4E22-9D9E-5F5942BC3AE6}.AppStore|Mixed Platforms.ActiveCfg = Release|Any CPU
		{581157C4-69B6-4E22-9D9E-5F5942BC3AE6}.AppStore|Mixed Platforms.Build.0 = Release|Any CPU
		{581157C4-69B6-4E22-9D9E-5F5942BC3AE6}.AppStore|Mixed Platforms.Deploy.0 = Release|Any CPU
		{581157C4-69B6-4E22-9D9E-5F5942BC3AE6}.AppStore|x64.ActiveCfg = Debug|Any CPU
		{581157C4-69B6-4E22-9D9E-5F5942BC3AE6}.AppStore|x64.Build.0 = Debug|Any CPU
		{581157C4-69B6-4E22-9D9E-5F5942BC3AE6}.AppStore|x64.Deploy.0 = Debug|Any CPU
		{581157C4-69B6-4E22-9D9E-5F5942BC3AE6}.AppStore|x86.ActiveCfg = Release|Any CPU
		{581157C4-69B6-4E22-9D9E-5F5942BC3AE6}.Debug|Any CPU.ActiveCfg = Debug|Any CPU
		{581157C4-69B6-4E22-9D9E-5F5942BC3AE6}.Debug|Any CPU.Build.0 = Debug|Any CPU
		{581157C4-69B6-4E22-9D9E-5F5942BC3AE6}.Debug|Any CPU.Deploy.0 = Debug|Any CPU
		{581157C4-69B6-4E22-9D9E-5F5942BC3AE6}.Debug|ARM.ActiveCfg = Debug|Any CPU
		{581157C4-69B6-4E22-9D9E-5F5942BC3AE6}.Debug|iPhone.ActiveCfg = Debug|Any CPU
		{581157C4-69B6-4E22-9D9E-5F5942BC3AE6}.Debug|iPhoneSimulator.ActiveCfg = Debug|Any CPU
		{581157C4-69B6-4E22-9D9E-5F5942BC3AE6}.Debug|Mixed Platforms.ActiveCfg = Debug|Any CPU
		{581157C4-69B6-4E22-9D9E-5F5942BC3AE6}.Debug|Mixed Platforms.Build.0 = Debug|Any CPU
		{581157C4-69B6-4E22-9D9E-5F5942BC3AE6}.Debug|Mixed Platforms.Deploy.0 = Debug|Any CPU
		{581157C4-69B6-4E22-9D9E-5F5942BC3AE6}.Debug|x64.ActiveCfg = Debug|Any CPU
		{581157C4-69B6-4E22-9D9E-5F5942BC3AE6}.Debug|x64.Build.0 = Debug|Any CPU
		{581157C4-69B6-4E22-9D9E-5F5942BC3AE6}.Debug|x64.Deploy.0 = Debug|Any CPU
		{581157C4-69B6-4E22-9D9E-5F5942BC3AE6}.Debug|x86.ActiveCfg = Debug|Any CPU
		{581157C4-69B6-4E22-9D9E-5F5942BC3AE6}.Release|Any CPU.ActiveCfg = Release|Any CPU
		{581157C4-69B6-4E22-9D9E-5F5942BC3AE6}.Release|Any CPU.Build.0 = Release|Any CPU
		{581157C4-69B6-4E22-9D9E-5F5942BC3AE6}.Release|Any CPU.Deploy.0 = Release|Any CPU
		{581157C4-69B6-4E22-9D9E-5F5942BC3AE6}.Release|ARM.ActiveCfg = Release|Any CPU
		{581157C4-69B6-4E22-9D9E-5F5942BC3AE6}.Release|iPhone.ActiveCfg = Release|Any CPU
		{581157C4-69B6-4E22-9D9E-5F5942BC3AE6}.Release|iPhoneSimulator.ActiveCfg = Release|Any CPU
		{581157C4-69B6-4E22-9D9E-5F5942BC3AE6}.Release|Mixed Platforms.ActiveCfg = Release|Any CPU
		{581157C4-69B6-4E22-9D9E-5F5942BC3AE6}.Release|Mixed Platforms.Build.0 = Release|Any CPU
		{581157C4-69B6-4E22-9D9E-5F5942BC3AE6}.Release|Mixed Platforms.Deploy.0 = Release|Any CPU
		{581157C4-69B6-4E22-9D9E-5F5942BC3AE6}.Release|x64.ActiveCfg = Release|Any CPU
		{581157C4-69B6-4E22-9D9E-5F5942BC3AE6}.Release|x64.Build.0 = Release|Any CPU
		{581157C4-69B6-4E22-9D9E-5F5942BC3AE6}.Release|x64.Deploy.0 = Release|Any CPU
		{581157C4-69B6-4E22-9D9E-5F5942BC3AE6}.Release|x86.ActiveCfg = Release|Any CPU
		{21B49648-2727-486A-BF48-D5D2095DEF07}.Ad-Hoc|Any CPU.ActiveCfg = Release|Any CPU
		{21B49648-2727-486A-BF48-D5D2095DEF07}.Ad-Hoc|ARM.ActiveCfg = Release|ARM
		{21B49648-2727-486A-BF48-D5D2095DEF07}.Ad-Hoc|iPhone.ActiveCfg = Release|Any CPU
		{21B49648-2727-486A-BF48-D5D2095DEF07}.Ad-Hoc|iPhoneSimulator.ActiveCfg = Release|Any CPU
		{21B49648-2727-486A-BF48-D5D2095DEF07}.Ad-Hoc|Mixed Platforms.ActiveCfg = Release|x86
		{21B49648-2727-486A-BF48-D5D2095DEF07}.Ad-Hoc|x64.ActiveCfg = Debug|Any CPU
		{21B49648-2727-486A-BF48-D5D2095DEF07}.Ad-Hoc|x64.Build.0 = Debug|Any CPU
		{21B49648-2727-486A-BF48-D5D2095DEF07}.Ad-Hoc|x64.Deploy.0 = Debug|Any CPU
		{21B49648-2727-486A-BF48-D5D2095DEF07}.Ad-Hoc|x86.ActiveCfg = Release|x86
		{21B49648-2727-486A-BF48-D5D2095DEF07}.AppStore|Any CPU.ActiveCfg = Release|Any CPU
		{21B49648-2727-486A-BF48-D5D2095DEF07}.AppStore|ARM.ActiveCfg = Release|ARM
		{21B49648-2727-486A-BF48-D5D2095DEF07}.AppStore|iPhone.ActiveCfg = Release|Any CPU
		{21B49648-2727-486A-BF48-D5D2095DEF07}.AppStore|iPhoneSimulator.ActiveCfg = Release|Any CPU
		{21B49648-2727-486A-BF48-D5D2095DEF07}.AppStore|Mixed Platforms.ActiveCfg = Release|x86
		{21B49648-2727-486A-BF48-D5D2095DEF07}.AppStore|x64.ActiveCfg = Debug|Any CPU
		{21B49648-2727-486A-BF48-D5D2095DEF07}.AppStore|x64.Build.0 = Debug|Any CPU
		{21B49648-2727-486A-BF48-D5D2095DEF07}.AppStore|x64.Deploy.0 = Debug|Any CPU
		{21B49648-2727-486A-BF48-D5D2095DEF07}.AppStore|x86.ActiveCfg = Release|x86
		{21B49648-2727-486A-BF48-D5D2095DEF07}.Debug|Any CPU.ActiveCfg = Debug|Any CPU
		{21B49648-2727-486A-BF48-D5D2095DEF07}.Debug|ARM.ActiveCfg = Debug|ARM
		{21B49648-2727-486A-BF48-D5D2095DEF07}.Debug|iPhone.ActiveCfg = Debug|Any CPU
		{21B49648-2727-486A-BF48-D5D2095DEF07}.Debug|iPhoneSimulator.ActiveCfg = Debug|Any CPU
		{21B49648-2727-486A-BF48-D5D2095DEF07}.Debug|Mixed Platforms.ActiveCfg = Debug|x86
		{21B49648-2727-486A-BF48-D5D2095DEF07}.Debug|x64.ActiveCfg = Debug|Any CPU
		{21B49648-2727-486A-BF48-D5D2095DEF07}.Debug|x64.Build.0 = Debug|Any CPU
		{21B49648-2727-486A-BF48-D5D2095DEF07}.Debug|x64.Deploy.0 = Debug|Any CPU
		{21B49648-2727-486A-BF48-D5D2095DEF07}.Debug|x86.ActiveCfg = Debug|x86
		{21B49648-2727-486A-BF48-D5D2095DEF07}.Release|Any CPU.ActiveCfg = Release|Any CPU
		{21B49648-2727-486A-BF48-D5D2095DEF07}.Release|Any CPU.Build.0 = Release|Any CPU
		{21B49648-2727-486A-BF48-D5D2095DEF07}.Release|Any CPU.Deploy.0 = Release|Any CPU
		{21B49648-2727-486A-BF48-D5D2095DEF07}.Release|ARM.ActiveCfg = Release|ARM
		{21B49648-2727-486A-BF48-D5D2095DEF07}.Release|ARM.Build.0 = Release|ARM
		{21B49648-2727-486A-BF48-D5D2095DEF07}.Release|ARM.Deploy.0 = Release|ARM
		{21B49648-2727-486A-BF48-D5D2095DEF07}.Release|iPhone.ActiveCfg = Release|Any CPU
		{21B49648-2727-486A-BF48-D5D2095DEF07}.Release|iPhoneSimulator.ActiveCfg = Release|Any CPU
		{21B49648-2727-486A-BF48-D5D2095DEF07}.Release|Mixed Platforms.ActiveCfg = Release|x86
		{21B49648-2727-486A-BF48-D5D2095DEF07}.Release|Mixed Platforms.Build.0 = Release|x86
		{21B49648-2727-486A-BF48-D5D2095DEF07}.Release|Mixed Platforms.Deploy.0 = Release|x86
		{21B49648-2727-486A-BF48-D5D2095DEF07}.Release|x64.ActiveCfg = Release|Any CPU
		{21B49648-2727-486A-BF48-D5D2095DEF07}.Release|x64.Build.0 = Release|Any CPU
		{21B49648-2727-486A-BF48-D5D2095DEF07}.Release|x64.Deploy.0 = Release|Any CPU
		{21B49648-2727-486A-BF48-D5D2095DEF07}.Release|x86.ActiveCfg = Release|x86
		{93EA5410-8088-47EE-99F2-7F5A24D0D7E9}.Ad-Hoc|Any CPU.ActiveCfg = Release|x86
		{93EA5410-8088-47EE-99F2-7F5A24D0D7E9}.Ad-Hoc|Any CPU.Build.0 = Release|x86
		{93EA5410-8088-47EE-99F2-7F5A24D0D7E9}.Ad-Hoc|Any CPU.Deploy.0 = Release|x86
		{93EA5410-8088-47EE-99F2-7F5A24D0D7E9}.Ad-Hoc|ARM.ActiveCfg = Release|ARM
		{93EA5410-8088-47EE-99F2-7F5A24D0D7E9}.Ad-Hoc|ARM.Build.0 = Release|ARM
		{93EA5410-8088-47EE-99F2-7F5A24D0D7E9}.Ad-Hoc|ARM.Deploy.0 = Release|ARM
		{93EA5410-8088-47EE-99F2-7F5A24D0D7E9}.Ad-Hoc|iPhone.ActiveCfg = Release|x86
		{93EA5410-8088-47EE-99F2-7F5A24D0D7E9}.Ad-Hoc|iPhone.Build.0 = Release|x86
		{93EA5410-8088-47EE-99F2-7F5A24D0D7E9}.Ad-Hoc|iPhone.Deploy.0 = Release|x86
		{93EA5410-8088-47EE-99F2-7F5A24D0D7E9}.Ad-Hoc|iPhoneSimulator.ActiveCfg = Release|x86
		{93EA5410-8088-47EE-99F2-7F5A24D0D7E9}.Ad-Hoc|iPhoneSimulator.Build.0 = Release|x86
		{93EA5410-8088-47EE-99F2-7F5A24D0D7E9}.Ad-Hoc|iPhoneSimulator.Deploy.0 = Release|x86
		{93EA5410-8088-47EE-99F2-7F5A24D0D7E9}.Ad-Hoc|Mixed Platforms.ActiveCfg = Release|x86
		{93EA5410-8088-47EE-99F2-7F5A24D0D7E9}.Ad-Hoc|Mixed Platforms.Build.0 = Release|x86
		{93EA5410-8088-47EE-99F2-7F5A24D0D7E9}.Ad-Hoc|Mixed Platforms.Deploy.0 = Release|x86
		{93EA5410-8088-47EE-99F2-7F5A24D0D7E9}.Ad-Hoc|x64.ActiveCfg = Release|x64
		{93EA5410-8088-47EE-99F2-7F5A24D0D7E9}.Ad-Hoc|x64.Build.0 = Release|x64
		{93EA5410-8088-47EE-99F2-7F5A24D0D7E9}.Ad-Hoc|x64.Deploy.0 = Release|x64
		{93EA5410-8088-47EE-99F2-7F5A24D0D7E9}.Ad-Hoc|x86.ActiveCfg = Release|x86
		{93EA5410-8088-47EE-99F2-7F5A24D0D7E9}.Ad-Hoc|x86.Build.0 = Release|x86
		{93EA5410-8088-47EE-99F2-7F5A24D0D7E9}.Ad-Hoc|x86.Deploy.0 = Release|x86
		{93EA5410-8088-47EE-99F2-7F5A24D0D7E9}.AppStore|Any CPU.ActiveCfg = Release|x86
		{93EA5410-8088-47EE-99F2-7F5A24D0D7E9}.AppStore|Any CPU.Build.0 = Release|x86
		{93EA5410-8088-47EE-99F2-7F5A24D0D7E9}.AppStore|Any CPU.Deploy.0 = Release|x86
		{93EA5410-8088-47EE-99F2-7F5A24D0D7E9}.AppStore|ARM.ActiveCfg = Release|ARM
		{93EA5410-8088-47EE-99F2-7F5A24D0D7E9}.AppStore|ARM.Build.0 = Release|ARM
		{93EA5410-8088-47EE-99F2-7F5A24D0D7E9}.AppStore|ARM.Deploy.0 = Release|ARM
		{93EA5410-8088-47EE-99F2-7F5A24D0D7E9}.AppStore|iPhone.ActiveCfg = Release|x86
		{93EA5410-8088-47EE-99F2-7F5A24D0D7E9}.AppStore|iPhone.Build.0 = Release|x86
		{93EA5410-8088-47EE-99F2-7F5A24D0D7E9}.AppStore|iPhone.Deploy.0 = Release|x86
		{93EA5410-8088-47EE-99F2-7F5A24D0D7E9}.AppStore|iPhoneSimulator.ActiveCfg = Release|x86
		{93EA5410-8088-47EE-99F2-7F5A24D0D7E9}.AppStore|iPhoneSimulator.Build.0 = Release|x86
		{93EA5410-8088-47EE-99F2-7F5A24D0D7E9}.AppStore|iPhoneSimulator.Deploy.0 = Release|x86
		{93EA5410-8088-47EE-99F2-7F5A24D0D7E9}.AppStore|Mixed Platforms.ActiveCfg = Release|x86
		{93EA5410-8088-47EE-99F2-7F5A24D0D7E9}.AppStore|Mixed Platforms.Build.0 = Release|x86
		{93EA5410-8088-47EE-99F2-7F5A24D0D7E9}.AppStore|Mixed Platforms.Deploy.0 = Release|x86
		{93EA5410-8088-47EE-99F2-7F5A24D0D7E9}.AppStore|x64.ActiveCfg = Release|x64
		{93EA5410-8088-47EE-99F2-7F5A24D0D7E9}.AppStore|x64.Build.0 = Release|x64
		{93EA5410-8088-47EE-99F2-7F5A24D0D7E9}.AppStore|x64.Deploy.0 = Release|x64
		{93EA5410-8088-47EE-99F2-7F5A24D0D7E9}.AppStore|x86.ActiveCfg = Release|x86
		{93EA5410-8088-47EE-99F2-7F5A24D0D7E9}.AppStore|x86.Build.0 = Release|x86
		{93EA5410-8088-47EE-99F2-7F5A24D0D7E9}.AppStore|x86.Deploy.0 = Release|x86
		{93EA5410-8088-47EE-99F2-7F5A24D0D7E9}.Debug|Any CPU.ActiveCfg = Debug|x86
		{93EA5410-8088-47EE-99F2-7F5A24D0D7E9}.Debug|Any CPU.Build.0 = Debug|x86
		{93EA5410-8088-47EE-99F2-7F5A24D0D7E9}.Debug|Any CPU.Deploy.0 = Debug|x86
		{93EA5410-8088-47EE-99F2-7F5A24D0D7E9}.Debug|ARM.ActiveCfg = Debug|ARM
		{93EA5410-8088-47EE-99F2-7F5A24D0D7E9}.Debug|ARM.Build.0 = Debug|ARM
		{93EA5410-8088-47EE-99F2-7F5A24D0D7E9}.Debug|ARM.Deploy.0 = Debug|ARM
		{93EA5410-8088-47EE-99F2-7F5A24D0D7E9}.Debug|iPhone.ActiveCfg = Debug|x86
		{93EA5410-8088-47EE-99F2-7F5A24D0D7E9}.Debug|iPhoneSimulator.ActiveCfg = Debug|x86
		{93EA5410-8088-47EE-99F2-7F5A24D0D7E9}.Debug|Mixed Platforms.ActiveCfg = Debug|x86
		{93EA5410-8088-47EE-99F2-7F5A24D0D7E9}.Debug|Mixed Platforms.Build.0 = Debug|x86
		{93EA5410-8088-47EE-99F2-7F5A24D0D7E9}.Debug|Mixed Platforms.Deploy.0 = Debug|x86
		{93EA5410-8088-47EE-99F2-7F5A24D0D7E9}.Debug|x64.ActiveCfg = Debug|x64
		{93EA5410-8088-47EE-99F2-7F5A24D0D7E9}.Debug|x64.Build.0 = Debug|x64
		{93EA5410-8088-47EE-99F2-7F5A24D0D7E9}.Debug|x64.Deploy.0 = Debug|x64
		{93EA5410-8088-47EE-99F2-7F5A24D0D7E9}.Debug|x86.ActiveCfg = Debug|x86
		{93EA5410-8088-47EE-99F2-7F5A24D0D7E9}.Debug|x86.Build.0 = Debug|x86
		{93EA5410-8088-47EE-99F2-7F5A24D0D7E9}.Debug|x86.Deploy.0 = Debug|x86
		{93EA5410-8088-47EE-99F2-7F5A24D0D7E9}.Release|Any CPU.ActiveCfg = Release|x86
		{93EA5410-8088-47EE-99F2-7F5A24D0D7E9}.Release|ARM.ActiveCfg = Release|ARM
		{93EA5410-8088-47EE-99F2-7F5A24D0D7E9}.Release|ARM.Build.0 = Release|ARM
		{93EA5410-8088-47EE-99F2-7F5A24D0D7E9}.Release|ARM.Deploy.0 = Release|ARM
		{93EA5410-8088-47EE-99F2-7F5A24D0D7E9}.Release|iPhone.ActiveCfg = Release|x86
		{93EA5410-8088-47EE-99F2-7F5A24D0D7E9}.Release|iPhoneSimulator.ActiveCfg = Release|x86
		{93EA5410-8088-47EE-99F2-7F5A24D0D7E9}.Release|Mixed Platforms.ActiveCfg = Release|x86
		{93EA5410-8088-47EE-99F2-7F5A24D0D7E9}.Release|Mixed Platforms.Build.0 = Release|x86
		{93EA5410-8088-47EE-99F2-7F5A24D0D7E9}.Release|Mixed Platforms.Deploy.0 = Release|x86
		{93EA5410-8088-47EE-99F2-7F5A24D0D7E9}.Release|x64.ActiveCfg = Release|x64
		{93EA5410-8088-47EE-99F2-7F5A24D0D7E9}.Release|x64.Build.0 = Release|x64
		{93EA5410-8088-47EE-99F2-7F5A24D0D7E9}.Release|x64.Deploy.0 = Release|x64
		{93EA5410-8088-47EE-99F2-7F5A24D0D7E9}.Release|x86.ActiveCfg = Release|x86
		{93EA5410-8088-47EE-99F2-7F5A24D0D7E9}.Release|x86.Build.0 = Release|x86
		{93EA5410-8088-47EE-99F2-7F5A24D0D7E9}.Release|x86.Deploy.0 = Release|x86
	EndGlobalSection
	GlobalSection(SolutionProperties) = preSolution
		HideSolutionNode = FALSE
	EndGlobalSection
	GlobalSection(NestedProjects) = preSolution
		{21B49648-2727-486A-BF48-D5D2095DEF07} = {6961A2DE-725B-4AC8-B9B5-506CEA8ED70F}
	EndGlobalSection
EndGlobal
