
Microsoft Visual Studio Solution File, Format Version 12.00
# Visual Studio 15
VisualStudioVersion = 15.0.26228.9
MinimumVisualStudioVersion = 10.0.40219.1
Project("{FAE04EC0-301F-11D3-BF4B-00C04F79EFBC}") = "ContosoCookbook", "ContosoCookbook\ContosoCookbook\ContosoCookbook.csproj", "{74248B22-F60B-4636-BC4F-59CAAFC83520}"
EndProject
Project("{FAE04EC0-301F-11D3-BF4B-00C04F79EFBC}") = "ContosoCookbook.Droid", "ContosoCookbook\ContosoCookbook.Droid\ContosoCookbook.Droid.csproj", "{01E181A5-B5A0-4386-A66B-7CF20F15133F}"
EndProject
Project("{FAE04EC0-301F-11D3-BF4B-00C04F79EFBC}") = "ContosoCookbook.iOS", "ContosoCookbook\ContosoCookbook.iOS\ContosoCookbook.iOS.csproj", "{9A5881E0-BD67-40EE-ABBB-01DF2C6ABAF2}"
EndProject
Project("{FAE04EC0-301F-11D3-BF4B-00C04F79EFBC}") = "ContosoCookbook.UWP", "ContosoCookbook\ContosoCookbook.UWP\ContosoCookbook.UWP.csproj", "{57BA24B3-EBC6-4FF8-ADE1-9EC505C244BE}"
EndProject
Global
	GlobalSection(SolutionConfigurationPlatforms) = preSolution
		Ad-Hoc|Any CPU = Ad-Hoc|Any CPU
		Ad-Hoc|ARM = Ad-Hoc|ARM
		Ad-Hoc|iPhone = Ad-Hoc|iPhone
		Ad-Hoc|iPhoneSimulator = Ad-Hoc|iPhoneSimulator
		Ad-Hoc|x64 = Ad-Hoc|x64
		Ad-Hoc|x86 = Ad-Hoc|x86
		AppStore|Any CPU = AppStore|Any CPU
		AppStore|ARM = AppStore|ARM
		AppStore|iPhone = AppStore|iPhone
		AppStore|iPhoneSimulator = AppStore|iPhoneSimulator
		AppStore|x64 = AppStore|x64
		AppStore|x86 = AppStore|x86
		Debug|Any CPU = Debug|Any CPU
		Debug|ARM = Debug|ARM
		Debug|iPhone = Debug|iPhone
		Debug|iPhoneSimulator = Debug|iPhoneSimulator
		Debug|x64 = Debug|x64
		Debug|x86 = Debug|x86
		Release|Any CPU = Release|Any CPU
		Release|ARM = Release|ARM
		Release|iPhone = Release|iPhone
		Release|iPhoneSimulator = Release|iPhoneSimulator
		Release|x64 = Release|x64
		Release|x86 = Release|x86
	EndGlobalSection
	GlobalSection(ProjectConfigurationPlatforms) = postSolution
		{74248B22-F60B-4636-BC4F-59CAAFC83520}.Ad-Hoc|Any CPU.ActiveCfg = Release|Any CPU
		{74248B22-F60B-4636-BC4F-59CAAFC83520}.Ad-Hoc|Any CPU.Build.0 = Release|Any CPU
		{74248B22-F60B-4636-BC4F-59CAAFC83520}.Ad-Hoc|ARM.ActiveCfg = Release|Any CPU
		{74248B22-F60B-4636-BC4F-59CAAFC83520}.Ad-Hoc|ARM.Build.0 = Release|Any CPU
		{74248B22-F60B-4636-BC4F-59CAAFC83520}.Ad-Hoc|iPhone.ActiveCfg = Release|Any CPU
		{74248B22-F60B-4636-BC4F-59CAAFC83520}.Ad-Hoc|iPhone.Build.0 = Release|Any CPU
		{74248B22-F60B-4636-BC4F-59CAAFC83520}.Ad-Hoc|iPhoneSimulator.ActiveCfg = Release|Any CPU
		{74248B22-F60B-4636-BC4F-59CAAFC83520}.Ad-Hoc|iPhoneSimulator.Build.0 = Release|Any CPU
		{74248B22-F60B-4636-BC4F-59CAAFC83520}.Ad-Hoc|x64.ActiveCfg = Release|Any CPU
		{74248B22-F60B-4636-BC4F-59CAAFC83520}.Ad-Hoc|x64.Build.0 = Release|Any CPU
		{74248B22-F60B-4636-BC4F-59CAAFC83520}.Ad-Hoc|x86.ActiveCfg = Release|Any CPU
		{74248B22-F60B-4636-BC4F-59CAAFC83520}.Ad-Hoc|x86.Build.0 = Release|Any CPU
		{74248B22-F60B-4636-BC4F-59CAAFC83520}.AppStore|Any CPU.ActiveCfg = Release|Any CPU
		{74248B22-F60B-4636-BC4F-59CAAFC83520}.AppStore|Any CPU.Build.0 = Release|Any CPU
		{74248B22-F60B-4636-BC4F-59CAAFC83520}.AppStore|ARM.ActiveCfg = Release|Any CPU
		{74248B22-F60B-4636-BC4F-59CAAFC83520}.AppStore|ARM.Build.0 = Release|Any CPU
		{74248B22-F60B-4636-BC4F-59CAAFC83520}.AppStore|iPhone.ActiveCfg = Release|Any CPU
		{74248B22-F60B-4636-BC4F-59CAAFC83520}.AppStore|iPhone.Build.0 = Release|Any CPU
		{74248B22-F60B-4636-BC4F-59CAAFC83520}.AppStore|iPhoneSimulator.ActiveCfg = Release|Any CPU
		{74248B22-F60B-4636-BC4F-59CAAFC83520}.AppStore|iPhoneSimulator.Build.0 = Release|Any CPU
		{74248B22-F60B-4636-BC4F-59CAAFC83520}.AppStore|x64.ActiveCfg = Release|Any CPU
		{74248B22-F60B-4636-BC4F-59CAAFC83520}.AppStore|x64.Build.0 = Release|Any CPU
		{74248B22-F60B-4636-BC4F-59CAAFC83520}.AppStore|x86.ActiveCfg = Release|Any CPU
		{74248B22-F60B-4636-BC4F-59CAAFC83520}.AppStore|x86.Build.0 = Release|Any CPU
		{74248B22-F60B-4636-BC4F-59CAAFC83520}.Debug|Any CPU.ActiveCfg = Debug|Any CPU
		{74248B22-F60B-4636-BC4F-59CAAFC83520}.Debug|Any CPU.Build.0 = Debug|Any CPU
		{74248B22-F60B-4636-BC4F-59CAAFC83520}.Debug|ARM.ActiveCfg = Debug|Any CPU
		{74248B22-F60B-4636-BC4F-59CAAFC83520}.Debug|ARM.Build.0 = Debug|Any CPU
		{74248B22-F60B-4636-BC4F-59CAAFC83520}.Debug|iPhone.ActiveCfg = Debug|Any CPU
		{74248B22-F60B-4636-BC4F-59CAAFC83520}.Debug|iPhone.Build.0 = Debug|Any CPU
		{74248B22-F60B-4636-BC4F-59CAAFC83520}.Debug|iPhoneSimulator.ActiveCfg = Debug|Any CPU
		{74248B22-F60B-4636-BC4F-59CAAFC83520}.Debug|iPhoneSimulator.Build.0 = Debug|Any CPU
		{74248B22-F60B-4636-BC4F-59CAAFC83520}.Debug|x64.ActiveCfg = Debug|Any CPU
		{74248B22-F60B-4636-BC4F-59CAAFC83520}.Debug|x64.Build.0 = Debug|Any CPU
		{74248B22-F60B-4636-BC4F-59CAAFC83520}.Debug|x86.ActiveCfg = Debug|Any CPU
		{74248B22-F60B-4636-BC4F-59CAAFC83520}.Debug|x86.Build.0 = Debug|Any CPU
		{74248B22-F60B-4636-BC4F-59CAAFC83520}.Release|Any CPU.ActiveCfg = Release|Any CPU
		{74248B22-F60B-4636-BC4F-59CAAFC83520}.Release|Any CPU.Build.0 = Release|Any CPU
		{74248B22-F60B-4636-BC4F-59CAAFC83520}.Release|ARM.ActiveCfg = Release|Any CPU
		{74248B22-F60B-4636-BC4F-59CAAFC83520}.Release|ARM.Build.0 = Release|Any CPU
		{74248B22-F60B-4636-BC4F-59CAAFC83520}.Release|iPhone.ActiveCfg = Release|Any CPU
		{74248B22-F60B-4636-BC4F-59CAAFC83520}.Release|iPhone.Build.0 = Release|Any CPU
		{74248B22-F60B-4636-BC4F-59CAAFC83520}.Release|iPhoneSimulator.ActiveCfg = Release|Any CPU
		{74248B22-F60B-4636-BC4F-59CAAFC83520}.Release|iPhoneSimulator.Build.0 = Release|Any CPU
		{74248B22-F60B-4636-BC4F-59CAAFC83520}.Release|x64.ActiveCfg = Release|Any CPU
		{74248B22-F60B-4636-BC4F-59CAAFC83520}.Release|x64.Build.0 = Release|Any CPU
		{74248B22-F60B-4636-BC4F-59CAAFC83520}.Release|x86.ActiveCfg = Release|Any CPU
		{74248B22-F60B-4636-BC4F-59CAAFC83520}.Release|x86.Build.0 = Release|Any CPU
		{01E181A5-B5A0-4386-A66B-7CF20F15133F}.Ad-Hoc|Any CPU.ActiveCfg = Release|Any CPU
		{01E181A5-B5A0-4386-A66B-7CF20F15133F}.Ad-Hoc|Any CPU.Build.0 = Release|Any CPU
		{01E181A5-B5A0-4386-A66B-7CF20F15133F}.Ad-Hoc|Any CPU.Deploy.0 = Release|Any CPU
		{01E181A5-B5A0-4386-A66B-7CF20F15133F}.Ad-Hoc|ARM.ActiveCfg = Release|Any CPU
		{01E181A5-B5A0-4386-A66B-7CF20F15133F}.Ad-Hoc|ARM.Build.0 = Release|Any CPU
		{01E181A5-B5A0-4386-A66B-7CF20F15133F}.Ad-Hoc|ARM.Deploy.0 = Release|Any CPU
		{01E181A5-B5A0-4386-A66B-7CF20F15133F}.Ad-Hoc|iPhone.ActiveCfg = Release|Any CPU
		{01E181A5-B5A0-4386-A66B-7CF20F15133F}.Ad-Hoc|iPhone.Build.0 = Release|Any CPU
		{01E181A5-B5A0-4386-A66B-7CF20F15133F}.Ad-Hoc|iPhone.Deploy.0 = Release|Any CPU
		{01E181A5-B5A0-4386-A66B-7CF20F15133F}.Ad-Hoc|iPhoneSimulator.ActiveCfg = Release|Any CPU
		{01E181A5-B5A0-4386-A66B-7CF20F15133F}.Ad-Hoc|iPhoneSimulator.Build.0 = Release|Any CPU
		{01E181A5-B5A0-4386-A66B-7CF20F15133F}.Ad-Hoc|iPhoneSimulator.Deploy.0 = Release|Any CPU
		{01E181A5-B5A0-4386-A66B-7CF20F15133F}.Ad-Hoc|x64.ActiveCfg = Release|Any CPU
		{01E181A5-B5A0-4386-A66B-7CF20F15133F}.Ad-Hoc|x64.Build.0 = Release|Any CPU
		{01E181A5-B5A0-4386-A66B-7CF20F15133F}.Ad-Hoc|x64.Deploy.0 = Release|Any CPU
		{01E181A5-B5A0-4386-A66B-7CF20F15133F}.Ad-Hoc|x86.ActiveCfg = Release|Any CPU
		{01E181A5-B5A0-4386-A66B-7CF20F15133F}.Ad-Hoc|x86.Build.0 = Release|Any CPU
		{01E181A5-B5A0-4386-A66B-7CF20F15133F}.Ad-Hoc|x86.Deploy.0 = Release|Any CPU
		{01E181A5-B5A0-4386-A66B-7CF20F15133F}.AppStore|Any CPU.ActiveCfg = Release|Any CPU
		{01E181A5-B5A0-4386-A66B-7CF20F15133F}.AppStore|Any CPU.Build.0 = Release|Any CPU
		{01E181A5-B5A0-4386-A66B-7CF20F15133F}.AppStore|Any CPU.Deploy.0 = Release|Any CPU
		{01E181A5-B5A0-4386-A66B-7CF20F15133F}.AppStore|ARM.ActiveCfg = Release|Any CPU
		{01E181A5-B5A0-4386-A66B-7CF20F15133F}.AppStore|ARM.Build.0 = Release|Any CPU
		{01E181A5-B5A0-4386-A66B-7CF20F15133F}.AppStore|ARM.Deploy.0 = Release|Any CPU
		{01E181A5-B5A0-4386-A66B-7CF20F15133F}.AppStore|iPhone.ActiveCfg = Release|Any CPU
		{01E181A5-B5A0-4386-A66B-7CF20F15133F}.AppStore|iPhone.Build.0 = Release|Any CPU
		{01E181A5-B5A0-4386-A66B-7CF20F15133F}.AppStore|iPhone.Deploy.0 = Release|Any CPU
		{01E181A5-B5A0-4386-A66B-7CF20F15133F}.AppStore|iPhoneSimulator.ActiveCfg = Release|Any CPU
		{01E181A5-B5A0-4386-A66B-7CF20F15133F}.AppStore|iPhoneSimulator.Build.0 = Release|Any CPU
		{01E181A5-B5A0-4386-A66B-7CF20F15133F}.AppStore|iPhoneSimulator.Deploy.0 = Release|Any CPU
		{01E181A5-B5A0-4386-A66B-7CF20F15133F}.AppStore|x64.ActiveCfg = Release|Any CPU
		{01E181A5-B5A0-4386-A66B-7CF20F15133F}.AppStore|x64.Build.0 = Release|Any CPU
		{01E181A5-B5A0-4386-A66B-7CF20F15133F}.AppStore|x64.Deploy.0 = Release|Any CPU
		{01E181A5-B5A0-4386-A66B-7CF20F15133F}.AppStore|x86.ActiveCfg = Release|Any CPU
		{01E181A5-B5A0-4386-A66B-7CF20F15133F}.AppStore|x86.Build.0 = Release|Any CPU
		{01E181A5-B5A0-4386-A66B-7CF20F15133F}.AppStore|x86.Deploy.0 = Release|Any CPU
		{01E181A5-B5A0-4386-A66B-7CF20F15133F}.Debug|Any CPU.ActiveCfg = Debug|Any CPU
		{01E181A5-B5A0-4386-A66B-7CF20F15133F}.Debug|Any CPU.Build.0 = Debug|Any CPU
		{01E181A5-B5A0-4386-A66B-7CF20F15133F}.Debug|Any CPU.Deploy.0 = Debug|Any CPU
		{01E181A5-B5A0-4386-A66B-7CF20F15133F}.Debug|ARM.ActiveCfg = Debug|Any CPU
		{01E181A5-B5A0-4386-A66B-7CF20F15133F}.Debug|ARM.Build.0 = Debug|Any CPU
		{01E181A5-B5A0-4386-A66B-7CF20F15133F}.Debug|ARM.Deploy.0 = Debug|Any CPU
		{01E181A5-B5A0-4386-A66B-7CF20F15133F}.Debug|iPhone.ActiveCfg = Debug|Any CPU
		{01E181A5-B5A0-4386-A66B-7CF20F15133F}.Debug|iPhone.Build.0 = Debug|Any CPU
		{01E181A5-B5A0-4386-A66B-7CF20F15133F}.Debug|iPhone.Deploy.0 = Debug|Any CPU
		{01E181A5-B5A0-4386-A66B-7CF20F15133F}.Debug|iPhoneSimulator.ActiveCfg = Debug|Any CPU
		{01E181A5-B5A0-4386-A66B-7CF20F15133F}.Debug|iPhoneSimulator.Build.0 = Debug|Any CPU
		{01E181A5-B5A0-4386-A66B-7CF20F15133F}.Debug|iPhoneSimulator.Deploy.0 = Debug|Any CPU
		{01E181A5-B5A0-4386-A66B-7CF20F15133F}.Debug|x64.ActiveCfg = Debug|Any CPU
		{01E181A5-B5A0-4386-A66B-7CF20F15133F}.Debug|x64.Build.0 = Debug|Any CPU
		{01E181A5-B5A0-4386-A66B-7CF20F15133F}.Debug|x64.Deploy.0 = Debug|Any CPU
		{01E181A5-B5A0-4386-A66B-7CF20F15133F}.Debug|x86.ActiveCfg = Debug|Any CPU
		{01E181A5-B5A0-4386-A66B-7CF20F15133F}.Debug|x86.Build.0 = Debug|Any CPU
		{01E181A5-B5A0-4386-A66B-7CF20F15133F}.Debug|x86.Deploy.0 = Debug|Any CPU
		{01E181A5-B5A0-4386-A66B-7CF20F15133F}.Release|Any CPU.ActiveCfg = Release|Any CPU
		{01E181A5-B5A0-4386-A66B-7CF20F15133F}.Release|Any CPU.Build.0 = Release|Any CPU
		{01E181A5-B5A0-4386-A66B-7CF20F15133F}.Release|Any CPU.Deploy.0 = Release|Any CPU
		{01E181A5-B5A0-4386-A66B-7CF20F15133F}.Release|ARM.ActiveCfg = Release|Any CPU
		{01E181A5-B5A0-4386-A66B-7CF20F15133F}.Release|ARM.Build.0 = Release|Any CPU
		{01E181A5-B5A0-4386-A66B-7CF20F15133F}.Release|ARM.Deploy.0 = Release|Any CPU
		{01E181A5-B5A0-4386-A66B-7CF20F15133F}.Release|iPhone.ActiveCfg = Release|Any CPU
		{01E181A5-B5A0-4386-A66B-7CF20F15133F}.Release|iPhone.Build.0 = Release|Any CPU
		{01E181A5-B5A0-4386-A66B-7CF20F15133F}.Release|iPhone.Deploy.0 = Release|Any CPU
		{01E181A5-B5A0-4386-A66B-7CF20F15133F}.Release|iPhoneSimulator.ActiveCfg = Release|Any CPU
		{01E181A5-B5A0-4386-A66B-7CF20F15133F}.Release|iPhoneSimulator.Build.0 = Release|Any CPU
		{01E181A5-B5A0-4386-A66B-7CF20F15133F}.Release|iPhoneSimulator.Deploy.0 = Release|Any CPU
		{01E181A5-B5A0-4386-A66B-7CF20F15133F}.Release|x64.ActiveCfg = Release|Any CPU
		{01E181A5-B5A0-4386-A66B-7CF20F15133F}.Release|x64.Build.0 = Release|Any CPU
		{01E181A5-B5A0-4386-A66B-7CF20F15133F}.Release|x64.Deploy.0 = Release|Any CPU
		{01E181A5-B5A0-4386-A66B-7CF20F15133F}.Release|x86.ActiveCfg = Release|Any CPU
		{01E181A5-B5A0-4386-A66B-7CF20F15133F}.Release|x86.Build.0 = Release|Any CPU
		{01E181A5-B5A0-4386-A66B-7CF20F15133F}.Release|x86.Deploy.0 = Release|Any CPU
		{9A5881E0-BD67-40EE-ABBB-01DF2C6ABAF2}.Ad-Hoc|Any CPU.ActiveCfg = Ad-Hoc|iPhone
		{9A5881E0-BD67-40EE-ABBB-01DF2C6ABAF2}.Ad-Hoc|ARM.ActiveCfg = Ad-Hoc|iPhone
		{9A5881E0-BD67-40EE-ABBB-01DF2C6ABAF2}.Ad-Hoc|iPhone.ActiveCfg = Ad-Hoc|iPhone
		{9A5881E0-BD67-40EE-ABBB-01DF2C6ABAF2}.Ad-Hoc|iPhone.Build.0 = Ad-Hoc|iPhone
		{9A5881E0-BD67-40EE-ABBB-01DF2C6ABAF2}.Ad-Hoc|iPhoneSimulator.ActiveCfg = Ad-Hoc|iPhoneSimulator
		{9A5881E0-BD67-40EE-ABBB-01DF2C6ABAF2}.Ad-Hoc|iPhoneSimulator.Build.0 = Ad-Hoc|iPhoneSimulator
		{9A5881E0-BD67-40EE-ABBB-01DF2C6ABAF2}.Ad-Hoc|x64.ActiveCfg = Ad-Hoc|iPhone
		{9A5881E0-BD67-40EE-ABBB-01DF2C6ABAF2}.Ad-Hoc|x86.ActiveCfg = Ad-Hoc|iPhone
		{9A5881E0-BD67-40EE-ABBB-01DF2C6ABAF2}.AppStore|Any CPU.ActiveCfg = AppStore|iPhone
		{9A5881E0-BD67-40EE-ABBB-01DF2C6ABAF2}.AppStore|ARM.ActiveCfg = AppStore|iPhone
		{9A5881E0-BD67-40EE-ABBB-01DF2C6ABAF2}.AppStore|iPhone.ActiveCfg = AppStore|iPhone
		{9A5881E0-BD67-40EE-ABBB-01DF2C6ABAF2}.AppStore|iPhone.Build.0 = AppStore|iPhone
		{9A5881E0-BD67-40EE-ABBB-01DF2C6ABAF2}.AppStore|iPhoneSimulator.ActiveCfg = AppStore|iPhoneSimulator
		{9A5881E0-BD67-40EE-ABBB-01DF2C6ABAF2}.AppStore|iPhoneSimulator.Build.0 = AppStore|iPhoneSimulator
		{9A5881E0-BD67-40EE-ABBB-01DF2C6ABAF2}.AppStore|x64.ActiveCfg = AppStore|iPhone
		{9A5881E0-BD67-40EE-ABBB-01DF2C6ABAF2}.AppStore|x86.ActiveCfg = AppStore|iPhone
		{9A5881E0-BD67-40EE-ABBB-01DF2C6ABAF2}.Debug|Any CPU.ActiveCfg = Debug|iPhone
		{9A5881E0-BD67-40EE-ABBB-01DF2C6ABAF2}.Debug|ARM.ActiveCfg = Debug|iPhone
		{9A5881E0-BD67-40EE-ABBB-01DF2C6ABAF2}.Debug|iPhone.ActiveCfg = Debug|iPhone
		{9A5881E0-BD67-40EE-ABBB-01DF2C6ABAF2}.Debug|iPhone.Build.0 = Debug|iPhone
		{9A5881E0-BD67-40EE-ABBB-01DF2C6ABAF2}.Debug|iPhoneSimulator.ActiveCfg = Debug|iPhoneSimulator
		{9A5881E0-BD67-40EE-ABBB-01DF2C6ABAF2}.Debug|iPhoneSimulator.Build.0 = Debug|iPhoneSimulator
		{9A5881E0-BD67-40EE-ABBB-01DF2C6ABAF2}.Debug|x64.ActiveCfg = Debug|iPhone
		{9A5881E0-BD67-40EE-ABBB-01DF2C6ABAF2}.Debug|x86.ActiveCfg = Debug|iPhone
		{9A5881E0-BD67-40EE-ABBB-01DF2C6ABAF2}.Release|Any CPU.ActiveCfg = Release|iPhone
		{9A5881E0-BD67-40EE-ABBB-01DF2C6ABAF2}.Release|ARM.ActiveCfg = Release|iPhone
		{9A5881E0-BD67-40EE-ABBB-01DF2C6ABAF2}.Release|iPhone.ActiveCfg = Release|iPhone
		{9A5881E0-BD67-40EE-ABBB-01DF2C6ABAF2}.Release|iPhone.Build.0 = Release|iPhone
		{9A5881E0-BD67-40EE-ABBB-01DF2C6ABAF2}.Release|iPhoneSimulator.ActiveCfg = Release|iPhoneSimulator
		{9A5881E0-BD67-40EE-ABBB-01DF2C6ABAF2}.Release|iPhoneSimulator.Build.0 = Release|iPhoneSimulator
		{9A5881E0-BD67-40EE-ABBB-01DF2C6ABAF2}.Release|x64.ActiveCfg = Release|iPhone
		{9A5881E0-BD67-40EE-ABBB-01DF2C6ABAF2}.Release|x86.ActiveCfg = Release|iPhone
		{57BA24B3-EBC6-4FF8-ADE1-9EC505C244BE}.Ad-Hoc|Any CPU.ActiveCfg = Release|x86
		{57BA24B3-EBC6-4FF8-ADE1-9EC505C244BE}.Ad-Hoc|Any CPU.Build.0 = Release|x86
		{57BA24B3-EBC6-4FF8-ADE1-9EC505C244BE}.Ad-Hoc|Any CPU.Deploy.0 = Release|x86
		{57BA24B3-EBC6-4FF8-ADE1-9EC505C244BE}.Ad-Hoc|ARM.ActiveCfg = Release|ARM
		{57BA24B3-EBC6-4FF8-ADE1-9EC505C244BE}.Ad-Hoc|ARM.Build.0 = Release|ARM
		{57BA24B3-EBC6-4FF8-ADE1-9EC505C244BE}.Ad-Hoc|ARM.Deploy.0 = Release|ARM
		{57BA24B3-EBC6-4FF8-ADE1-9EC505C244BE}.Ad-Hoc|iPhone.ActiveCfg = Release|x86
		{57BA24B3-EBC6-4FF8-ADE1-9EC505C244BE}.Ad-Hoc|iPhone.Build.0 = Release|x86
		{57BA24B3-EBC6-4FF8-ADE1-9EC505C244BE}.Ad-Hoc|iPhone.Deploy.0 = Release|x86
		{57BA24B3-EBC6-4FF8-ADE1-9EC505C244BE}.Ad-Hoc|iPhoneSimulator.ActiveCfg = Release|x86
		{57BA24B3-EBC6-4FF8-ADE1-9EC505C244BE}.Ad-Hoc|iPhoneSimulator.Build.0 = Release|x86
		{57BA24B3-EBC6-4FF8-ADE1-9EC505C244BE}.Ad-Hoc|iPhoneSimulator.Deploy.0 = Release|x86
		{57BA24B3-EBC6-4FF8-ADE1-9EC505C244BE}.Ad-Hoc|x64.ActiveCfg = Release|x64
		{57BA24B3-EBC6-4FF8-ADE1-9EC505C244BE}.Ad-Hoc|x64.Build.0 = Release|x64
		{57BA24B3-EBC6-4FF8-ADE1-9EC505C244BE}.Ad-Hoc|x64.Deploy.0 = Release|x64
		{57BA24B3-EBC6-4FF8-ADE1-9EC505C244BE}.Ad-Hoc|x86.ActiveCfg = Release|x86
		{57BA24B3-EBC6-4FF8-ADE1-9EC505C244BE}.Ad-Hoc|x86.Build.0 = Release|x86
		{57BA24B3-EBC6-4FF8-ADE1-9EC505C244BE}.Ad-Hoc|x86.Deploy.0 = Release|x86
		{57BA24B3-EBC6-4FF8-ADE1-9EC505C244BE}.AppStore|Any CPU.ActiveCfg = Release|x86
		{57BA24B3-EBC6-4FF8-ADE1-9EC505C244BE}.AppStore|Any CPU.Build.0 = Release|x86
		{57BA24B3-EBC6-4FF8-ADE1-9EC505C244BE}.AppStore|Any CPU.Deploy.0 = Release|x86
		{57BA24B3-EBC6-4FF8-ADE1-9EC505C244BE}.AppStore|ARM.ActiveCfg = Release|ARM
		{57BA24B3-EBC6-4FF8-ADE1-9EC505C244BE}.AppStore|ARM.Build.0 = Release|ARM
		{57BA24B3-EBC6-4FF8-ADE1-9EC505C244BE}.AppStore|ARM.Deploy.0 = Release|ARM
		{57BA24B3-EBC6-4FF8-ADE1-9EC505C244BE}.AppStore|iPhone.ActiveCfg = Release|x86
		{57BA24B3-EBC6-4FF8-ADE1-9EC505C244BE}.AppStore|iPhone.Build.0 = Release|x86
		{57BA24B3-EBC6-4FF8-ADE1-9EC505C244BE}.AppStore|iPhone.Deploy.0 = Release|x86
		{57BA24B3-EBC6-4FF8-ADE1-9EC505C244BE}.AppStore|iPhoneSimulator.ActiveCfg = Release|x86
		{57BA24B3-EBC6-4FF8-ADE1-9EC505C244BE}.AppStore|iPhoneSimulator.Build.0 = Release|x86
		{57BA24B3-EBC6-4FF8-ADE1-9EC505C244BE}.AppStore|iPhoneSimulator.Deploy.0 = Release|x86
		{57BA24B3-EBC6-4FF8-ADE1-9EC505C244BE}.AppStore|x64.ActiveCfg = Release|x64
		{57BA24B3-EBC6-4FF8-ADE1-9EC505C244BE}.AppStore|x64.Build.0 = Release|x64
		{57BA24B3-EBC6-4FF8-ADE1-9EC505C244BE}.AppStore|x64.Deploy.0 = Release|x64
		{57BA24B3-EBC6-4FF8-ADE1-9EC505C244BE}.AppStore|x86.ActiveCfg = Release|x86
		{57BA24B3-EBC6-4FF8-ADE1-9EC505C244BE}.AppStore|x86.Build.0 = Release|x86
		{57BA24B3-EBC6-4FF8-ADE1-9EC505C244BE}.AppStore|x86.Deploy.0 = Release|x86
		{57BA24B3-EBC6-4FF8-ADE1-9EC505C244BE}.Debug|Any CPU.ActiveCfg = Debug|x86
		{57BA24B3-EBC6-4FF8-ADE1-9EC505C244BE}.Debug|Any CPU.Build.0 = Debug|x86
		{57BA24B3-EBC6-4FF8-ADE1-9EC505C244BE}.Debug|Any CPU.Deploy.0 = Debug|x86
		{57BA24B3-EBC6-4FF8-ADE1-9EC505C244BE}.Debug|ARM.ActiveCfg = Debug|ARM
		{57BA24B3-EBC6-4FF8-ADE1-9EC505C244BE}.Debug|ARM.Build.0 = Debug|ARM
		{57BA24B3-EBC6-4FF8-ADE1-9EC505C244BE}.Debug|ARM.Deploy.0 = Debug|ARM
		{57BA24B3-EBC6-4FF8-ADE1-9EC505C244BE}.Debug|iPhone.ActiveCfg = Debug|x86
		{57BA24B3-EBC6-4FF8-ADE1-9EC505C244BE}.Debug|iPhoneSimulator.ActiveCfg = Debug|x86
		{57BA24B3-EBC6-4FF8-ADE1-9EC505C244BE}.Debug|x64.ActiveCfg = Debug|x64
		{57BA24B3-EBC6-4FF8-ADE1-9EC505C244BE}.Debug|x64.Build.0 = Debug|x64
		{57BA24B3-EBC6-4FF8-ADE1-9EC505C244BE}.Debug|x64.Deploy.0 = Debug|x64
		{57BA24B3-EBC6-4FF8-ADE1-9EC505C244BE}.Debug|x86.ActiveCfg = Debug|x86
		{57BA24B3-EBC6-4FF8-ADE1-9EC505C244BE}.Debug|x86.Build.0 = Debug|x86
		{57BA24B3-EBC6-4FF8-ADE1-9EC505C244BE}.Debug|x86.Deploy.0 = Debug|x86
		{57BA24B3-EBC6-4FF8-ADE1-9EC505C244BE}.Release|Any CPU.ActiveCfg = Release|x86
		{57BA24B3-EBC6-4FF8-ADE1-9EC505C244BE}.Release|ARM.ActiveCfg = Release|ARM
		{57BA24B3-EBC6-4FF8-ADE1-9EC505C244BE}.Release|ARM.Build.0 = Release|ARM
		{57BA24B3-EBC6-4FF8-ADE1-9EC505C244BE}.Release|ARM.Deploy.0 = Release|ARM
		{57BA24B3-EBC6-4FF8-ADE1-9EC505C244BE}.Release|iPhone.ActiveCfg = Release|x86
		{57BA24B3-EBC6-4FF8-ADE1-9EC505C244BE}.Release|iPhoneSimulator.ActiveCfg = Release|x86
		{57BA24B3-EBC6-4FF8-ADE1-9EC505C244BE}.Release|x64.ActiveCfg = Release|x64
		{57BA24B3-EBC6-4FF8-ADE1-9EC505C244BE}.Release|x64.Build.0 = Release|x64
		{57BA24B3-EBC6-4FF8-ADE1-9EC505C244BE}.Release|x64.Deploy.0 = Release|x64
		{57BA24B3-EBC6-4FF8-ADE1-9EC505C244BE}.Release|x86.ActiveCfg = Release|x86
		{57BA24B3-EBC6-4FF8-ADE1-9EC505C244BE}.Release|x86.Build.0 = Release|x86
		{57BA24B3-EBC6-4FF8-ADE1-9EC505C244BE}.Release|x86.Deploy.0 = Release|x86
	EndGlobalSection
	GlobalSection(SolutionProperties) = preSolution
		HideSolutionNode = FALSE
	EndGlobalSection
EndGlobal
