
Microsoft Visual Studio Solution File, Format Version 12.00
# Visual Studio 14
VisualStudioVersion = 14.0.23107.0
MinimumVisualStudioVersion = 10.0.40219.1
Project("{FAE04EC0-301F-11D3-BF4B-00C04F79EFBC}") = "UsingPageDialogService", "UsingPageDialogService\UsingPageDialogService\UsingPageDialogService.csproj", "{7167381A-2A5E-4842-BBA9-650361690F39}"
EndProject
Project("{FAE04EC0-301F-11D3-BF4B-00C04F79EFBC}") = "UsingPageDialogService.iOS", "UsingPageDialogService\UsingPageDialogService.iOS\UsingPageDialogService.iOS.csproj", "{45C07994-1FEB-43E5-80AA-0C7DADBC3AD6}"
EndProject
Project("{FAE04EC0-301F-11D3-BF4B-00C04F79EFBC}") = "UsingPageDialogService.Droid", "UsingPageDialogService\UsingPageDialogService.Droid\UsingPageDialogService.Droid.csproj", "{C0F0E20D-BD5B-4B0E-BCC6-635010B4EA37}"
EndProject
Project("{FAE04EC0-301F-11D3-BF4B-00C04F79EFBC}") = "UsingPageDialogService.WinPhone", "UsingPageDialogService\UsingPageDialogService.WinPhone\UsingPageDialogService.WinPhone.csproj", "{FF8D00DA-30D7-4970-AC4D-5383A7B485AC}"
EndProject
Global
	GlobalSection(SolutionConfigurationPlatforms) = preSolution
		Ad-Hoc|Any CPU = Ad-Hoc|Any CPU
		Ad-Hoc|ARM = Ad-Hoc|ARM
		Ad-Hoc|iPhone = Ad-Hoc|iPhone
		Ad-Hoc|iPhoneSimulator = Ad-Hoc|iPhoneSimulator
		Ad-Hoc|x86 = Ad-Hoc|x86
		AppStore|Any CPU = AppStore|Any CPU
		AppStore|ARM = AppStore|ARM
		AppStore|iPhone = AppStore|iPhone
		AppStore|iPhoneSimulator = AppStore|iPhoneSimulator
		AppStore|x86 = AppStore|x86
		Debug|Any CPU = Debug|Any CPU
		Debug|ARM = Debug|ARM
		Debug|iPhone = Debug|iPhone
		Debug|iPhoneSimulator = Debug|iPhoneSimulator
		Debug|x86 = Debug|x86
		Release|Any CPU = Release|Any CPU
		Release|ARM = Release|ARM
		Release|iPhone = Release|iPhone
		Release|iPhoneSimulator = Release|iPhoneSimulator
		Release|x86 = Release|x86
	EndGlobalSection
	GlobalSection(ProjectConfigurationPlatforms) = postSolution
		{7167381A-2A5E-4842-BBA9-650361690F39}.Ad-Hoc|Any CPU.ActiveCfg = Release|Any CPU
		{7167381A-2A5E-4842-BBA9-650361690F39}.Ad-Hoc|Any CPU.Build.0 = Release|Any CPU
		{7167381A-2A5E-4842-BBA9-650361690F39}.Ad-Hoc|ARM.ActiveCfg = Release|Any CPU
		{7167381A-2A5E-4842-BBA9-650361690F39}.Ad-Hoc|ARM.Build.0 = Release|Any CPU
		{7167381A-2A5E-4842-BBA9-650361690F39}.Ad-Hoc|iPhone.ActiveCfg = Release|Any CPU
		{7167381A-2A5E-4842-BBA9-650361690F39}.Ad-Hoc|iPhone.Build.0 = Release|Any CPU
		{7167381A-2A5E-4842-BBA9-650361690F39}.Ad-Hoc|iPhoneSimulator.ActiveCfg = Release|Any CPU
		{7167381A-2A5E-4842-BBA9-650361690F39}.Ad-Hoc|iPhoneSimulator.Build.0 = Release|Any CPU
		{7167381A-2A5E-4842-BBA9-650361690F39}.Ad-Hoc|x86.ActiveCfg = Release|Any CPU
		{7167381A-2A5E-4842-BBA9-650361690F39}.Ad-Hoc|x86.Build.0 = Release|Any CPU
		{7167381A-2A5E-4842-BBA9-650361690F39}.AppStore|Any CPU.ActiveCfg = Release|Any CPU
		{7167381A-2A5E-4842-BBA9-650361690F39}.AppStore|Any CPU.Build.0 = Release|Any CPU
		{7167381A-2A5E-4842-BBA9-650361690F39}.AppStore|ARM.ActiveCfg = Release|Any CPU
		{7167381A-2A5E-4842-BBA9-650361690F39}.AppStore|ARM.Build.0 = Release|Any CPU
		{7167381A-2A5E-4842-BBA9-650361690F39}.AppStore|iPhone.ActiveCfg = Release|Any CPU
		{7167381A-2A5E-4842-BBA9-650361690F39}.AppStore|iPhone.Build.0 = Release|Any CPU
		{7167381A-2A5E-4842-BBA9-650361690F39}.AppStore|iPhoneSimulator.ActiveCfg = Release|Any CPU
		{7167381A-2A5E-4842-BBA9-650361690F39}.AppStore|iPhoneSimulator.Build.0 = Release|Any CPU
		{7167381A-2A5E-4842-BBA9-650361690F39}.AppStore|x86.ActiveCfg = Release|Any CPU
		{7167381A-2A5E-4842-BBA9-650361690F39}.AppStore|x86.Build.0 = Release|Any CPU
		{7167381A-2A5E-4842-BBA9-650361690F39}.Debug|Any CPU.ActiveCfg = Debug|Any CPU
		{7167381A-2A5E-4842-BBA9-650361690F39}.Debug|Any CPU.Build.0 = Debug|Any CPU
		{7167381A-2A5E-4842-BBA9-650361690F39}.Debug|ARM.ActiveCfg = Debug|Any CPU
		{7167381A-2A5E-4842-BBA9-650361690F39}.Debug|ARM.Build.0 = Debug|Any CPU
		{7167381A-2A5E-4842-BBA9-650361690F39}.Debug|iPhone.ActiveCfg = Debug|Any CPU
		{7167381A-2A5E-4842-BBA9-650361690F39}.Debug|iPhone.Build.0 = Debug|Any CPU
		{7167381A-2A5E-4842-BBA9-650361690F39}.Debug|iPhoneSimulator.ActiveCfg = Debug|Any CPU
		{7167381A-2A5E-4842-BBA9-650361690F39}.Debug|iPhoneSimulator.Build.0 = Debug|Any CPU
		{7167381A-2A5E-4842-BBA9-650361690F39}.Debug|x86.ActiveCfg = Debug|Any CPU
		{7167381A-2A5E-4842-BBA9-650361690F39}.Debug|x86.Build.0 = Debug|Any CPU
		{7167381A-2A5E-4842-BBA9-650361690F39}.Release|Any CPU.ActiveCfg = Release|Any CPU
		{7167381A-2A5E-4842-BBA9-650361690F39}.Release|Any CPU.Build.0 = Release|Any CPU
		{7167381A-2A5E-4842-BBA9-650361690F39}.Release|ARM.ActiveCfg = Release|Any CPU
		{7167381A-2A5E-4842-BBA9-650361690F39}.Release|ARM.Build.0 = Release|Any CPU
		{7167381A-2A5E-4842-BBA9-650361690F39}.Release|iPhone.ActiveCfg = Release|Any CPU
		{7167381A-2A5E-4842-BBA9-650361690F39}.Release|iPhone.Build.0 = Release|Any CPU
		{7167381A-2A5E-4842-BBA9-650361690F39}.Release|iPhoneSimulator.ActiveCfg = Release|Any CPU
		{7167381A-2A5E-4842-BBA9-650361690F39}.Release|iPhoneSimulator.Build.0 = Release|Any CPU
		{7167381A-2A5E-4842-BBA9-650361690F39}.Release|x86.ActiveCfg = Release|Any CPU
		{7167381A-2A5E-4842-BBA9-650361690F39}.Release|x86.Build.0 = Release|Any CPU
		{45C07994-1FEB-43E5-80AA-0C7DADBC3AD6}.Ad-Hoc|Any CPU.ActiveCfg = Ad-Hoc|iPhone
		{45C07994-1FEB-43E5-80AA-0C7DADBC3AD6}.Ad-Hoc|ARM.ActiveCfg = Ad-Hoc|iPhone
		{45C07994-1FEB-43E5-80AA-0C7DADBC3AD6}.Ad-Hoc|iPhone.ActiveCfg = Ad-Hoc|iPhone
		{45C07994-1FEB-43E5-80AA-0C7DADBC3AD6}.Ad-Hoc|iPhone.Build.0 = Ad-Hoc|iPhone
		{45C07994-1FEB-43E5-80AA-0C7DADBC3AD6}.Ad-Hoc|iPhoneSimulator.ActiveCfg = Ad-Hoc|iPhoneSimulator
		{45C07994-1FEB-43E5-80AA-0C7DADBC3AD6}.Ad-Hoc|iPhoneSimulator.Build.0 = Ad-Hoc|iPhoneSimulator
		{45C07994-1FEB-43E5-80AA-0C7DADBC3AD6}.Ad-Hoc|x86.ActiveCfg = Ad-Hoc|iPhone
		{45C07994-1FEB-43E5-80AA-0C7DADBC3AD6}.AppStore|Any CPU.ActiveCfg = AppStore|iPhone
		{45C07994-1FEB-43E5-80AA-0C7DADBC3AD6}.AppStore|ARM.ActiveCfg = AppStore|iPhone
		{45C07994-1FEB-43E5-80AA-0C7DADBC3AD6}.AppStore|iPhone.ActiveCfg = AppStore|iPhone
		{45C07994-1FEB-43E5-80AA-0C7DADBC3AD6}.AppStore|iPhone.Build.0 = AppStore|iPhone
		{45C07994-1FEB-43E5-80AA-0C7DADBC3AD6}.AppStore|iPhoneSimulator.ActiveCfg = AppStore|iPhoneSimulator
		{45C07994-1FEB-43E5-80AA-0C7DADBC3AD6}.AppStore|iPhoneSimulator.Build.0 = AppStore|iPhoneSimulator
		{45C07994-1FEB-43E5-80AA-0C7DADBC3AD6}.AppStore|x86.ActiveCfg = AppStore|iPhone
		{45C07994-1FEB-43E5-80AA-0C7DADBC3AD6}.Debug|Any CPU.ActiveCfg = Debug|iPhone
		{45C07994-1FEB-43E5-80AA-0C7DADBC3AD6}.Debug|ARM.ActiveCfg = Debug|iPhone
		{45C07994-1FEB-43E5-80AA-0C7DADBC3AD6}.Debug|iPhone.ActiveCfg = Debug|iPhone
		{45C07994-1FEB-43E5-80AA-0C7DADBC3AD6}.Debug|iPhone.Build.0 = Debug|iPhone
		{45C07994-1FEB-43E5-80AA-0C7DADBC3AD6}.Debug|iPhoneSimulator.ActiveCfg = Debug|iPhoneSimulator
		{45C07994-1FEB-43E5-80AA-0C7DADBC3AD6}.Debug|iPhoneSimulator.Build.0 = Debug|iPhoneSimulator
		{45C07994-1FEB-43E5-80AA-0C7DADBC3AD6}.Debug|x86.ActiveCfg = Debug|iPhone
		{45C07994-1FEB-43E5-80AA-0C7DADBC3AD6}.Release|Any CPU.ActiveCfg = Release|iPhone
		{45C07994-1FEB-43E5-80AA-0C7DADBC3AD6}.Release|ARM.ActiveCfg = Release|iPhone
		{45C07994-1FEB-43E5-80AA-0C7DADBC3AD6}.Release|iPhone.ActiveCfg = Release|iPhone
		{45C07994-1FEB-43E5-80AA-0C7DADBC3AD6}.Release|iPhone.Build.0 = Release|iPhone
		{45C07994-1FEB-43E5-80AA-0C7DADBC3AD6}.Release|iPhoneSimulator.ActiveCfg = Release|iPhoneSimulator
		{45C07994-1FEB-43E5-80AA-0C7DADBC3AD6}.Release|iPhoneSimulator.Build.0 = Release|iPhoneSimulator
		{45C07994-1FEB-43E5-80AA-0C7DADBC3AD6}.Release|x86.ActiveCfg = Release|iPhone
		{C0F0E20D-BD5B-4B0E-BCC6-635010B4EA37}.Ad-Hoc|Any CPU.ActiveCfg = Release|Any CPU
		{C0F0E20D-BD5B-4B0E-BCC6-635010B4EA37}.Ad-Hoc|Any CPU.Build.0 = Release|Any CPU
		{C0F0E20D-BD5B-4B0E-BCC6-635010B4EA37}.Ad-Hoc|Any CPU.Deploy.0 = Release|Any CPU
		{C0F0E20D-BD5B-4B0E-BCC6-635010B4EA37}.Ad-Hoc|ARM.ActiveCfg = Release|Any CPU
		{C0F0E20D-BD5B-4B0E-BCC6-635010B4EA37}.Ad-Hoc|ARM.Build.0 = Release|Any CPU
		{C0F0E20D-BD5B-4B0E-BCC6-635010B4EA37}.Ad-Hoc|ARM.Deploy.0 = Release|Any CPU
		{C0F0E20D-BD5B-4B0E-BCC6-635010B4EA37}.Ad-Hoc|iPhone.ActiveCfg = Release|Any CPU
		{C0F0E20D-BD5B-4B0E-BCC6-635010B4EA37}.Ad-Hoc|iPhone.Build.0 = Release|Any CPU
		{C0F0E20D-BD5B-4B0E-BCC6-635010B4EA37}.Ad-Hoc|iPhone.Deploy.0 = Release|Any CPU
		{C0F0E20D-BD5B-4B0E-BCC6-635010B4EA37}.Ad-Hoc|iPhoneSimulator.ActiveCfg = Release|Any CPU
		{C0F0E20D-BD5B-4B0E-BCC6-635010B4EA37}.Ad-Hoc|iPhoneSimulator.Build.0 = Release|Any CPU
		{C0F0E20D-BD5B-4B0E-BCC6-635010B4EA37}.Ad-Hoc|iPhoneSimulator.Deploy.0 = Release|Any CPU
		{C0F0E20D-BD5B-4B0E-BCC6-635010B4EA37}.Ad-Hoc|x86.ActiveCfg = Release|Any CPU
		{C0F0E20D-BD5B-4B0E-BCC6-635010B4EA37}.Ad-Hoc|x86.Build.0 = Release|Any CPU
		{C0F0E20D-BD5B-4B0E-BCC6-635010B4EA37}.Ad-Hoc|x86.Deploy.0 = Release|Any CPU
		{C0F0E20D-BD5B-4B0E-BCC6-635010B4EA37}.AppStore|Any CPU.ActiveCfg = Release|Any CPU
		{C0F0E20D-BD5B-4B0E-BCC6-635010B4EA37}.AppStore|Any CPU.Build.0 = Release|Any CPU
		{C0F0E20D-BD5B-4B0E-BCC6-635010B4EA37}.AppStore|Any CPU.Deploy.0 = Release|Any CPU
		{C0F0E20D-BD5B-4B0E-BCC6-635010B4EA37}.AppStore|ARM.ActiveCfg = Release|Any CPU
		{C0F0E20D-BD5B-4B0E-BCC6-635010B4EA37}.AppStore|ARM.Build.0 = Release|Any CPU
		{C0F0E20D-BD5B-4B0E-BCC6-635010B4EA37}.AppStore|ARM.Deploy.0 = Release|Any CPU
		{C0F0E20D-BD5B-4B0E-BCC6-635010B4EA37}.AppStore|iPhone.ActiveCfg = Release|Any CPU
		{C0F0E20D-BD5B-4B0E-BCC6-635010B4EA37}.AppStore|iPhone.Build.0 = Release|Any CPU
		{C0F0E20D-BD5B-4B0E-BCC6-635010B4EA37}.AppStore|iPhone.Deploy.0 = Release|Any CPU
		{C0F0E20D-BD5B-4B0E-BCC6-635010B4EA37}.AppStore|iPhoneSimulator.ActiveCfg = Release|Any CPU
		{C0F0E20D-BD5B-4B0E-BCC6-635010B4EA37}.AppStore|iPhoneSimulator.Build.0 = Release|Any CPU
		{C0F0E20D-BD5B-4B0E-BCC6-635010B4EA37}.AppStore|iPhoneSimulator.Deploy.0 = Release|Any CPU
		{C0F0E20D-BD5B-4B0E-BCC6-635010B4EA37}.AppStore|x86.ActiveCfg = Release|Any CPU
		{C0F0E20D-BD5B-4B0E-BCC6-635010B4EA37}.AppStore|x86.Build.0 = Release|Any CPU
		{C0F0E20D-BD5B-4B0E-BCC6-635010B4EA37}.AppStore|x86.Deploy.0 = Release|Any CPU
		{C0F0E20D-BD5B-4B0E-BCC6-635010B4EA37}.Debug|Any CPU.ActiveCfg = Debug|Any CPU
		{C0F0E20D-BD5B-4B0E-BCC6-635010B4EA37}.Debug|Any CPU.Build.0 = Debug|Any CPU
		{C0F0E20D-BD5B-4B0E-BCC6-635010B4EA37}.Debug|Any CPU.Deploy.0 = Debug|Any CPU
		{C0F0E20D-BD5B-4B0E-BCC6-635010B4EA37}.Debug|ARM.ActiveCfg = Debug|Any CPU
		{C0F0E20D-BD5B-4B0E-BCC6-635010B4EA37}.Debug|ARM.Build.0 = Debug|Any CPU
		{C0F0E20D-BD5B-4B0E-BCC6-635010B4EA37}.Debug|ARM.Deploy.0 = Debug|Any CPU
		{C0F0E20D-BD5B-4B0E-BCC6-635010B4EA37}.Debug|iPhone.ActiveCfg = Debug|Any CPU
		{C0F0E20D-BD5B-4B0E-BCC6-635010B4EA37}.Debug|iPhone.Build.0 = Debug|Any CPU
		{C0F0E20D-BD5B-4B0E-BCC6-635010B4EA37}.Debug|iPhone.Deploy.0 = Debug|Any CPU
		{C0F0E20D-BD5B-4B0E-BCC6-635010B4EA37}.Debug|iPhoneSimulator.ActiveCfg = Debug|Any CPU
		{C0F0E20D-BD5B-4B0E-BCC6-635010B4EA37}.Debug|iPhoneSimulator.Build.0 = Debug|Any CPU
		{C0F0E20D-BD5B-4B0E-BCC6-635010B4EA37}.Debug|iPhoneSimulator.Deploy.0 = Debug|Any CPU
		{C0F0E20D-BD5B-4B0E-BCC6-635010B4EA37}.Debug|x86.ActiveCfg = Debug|Any CPU
		{C0F0E20D-BD5B-4B0E-BCC6-635010B4EA37}.Debug|x86.Build.0 = Debug|Any CPU
		{C0F0E20D-BD5B-4B0E-BCC6-635010B4EA37}.Debug|x86.Deploy.0 = Debug|Any CPU
		{C0F0E20D-BD5B-4B0E-BCC6-635010B4EA37}.Release|Any CPU.ActiveCfg = Release|Any CPU
		{C0F0E20D-BD5B-4B0E-BCC6-635010B4EA37}.Release|Any CPU.Build.0 = Release|Any CPU
		{C0F0E20D-BD5B-4B0E-BCC6-635010B4EA37}.Release|Any CPU.Deploy.0 = Release|Any CPU
		{C0F0E20D-BD5B-4B0E-BCC6-635010B4EA37}.Release|ARM.ActiveCfg = Release|Any CPU
		{C0F0E20D-BD5B-4B0E-BCC6-635010B4EA37}.Release|ARM.Build.0 = Release|Any CPU
		{C0F0E20D-BD5B-4B0E-BCC6-635010B4EA37}.Release|ARM.Deploy.0 = Release|Any CPU
		{C0F0E20D-BD5B-4B0E-BCC6-635010B4EA37}.Release|iPhone.ActiveCfg = Release|Any CPU
		{C0F0E20D-BD5B-4B0E-BCC6-635010B4EA37}.Release|iPhone.Build.0 = Release|Any CPU
		{C0F0E20D-BD5B-4B0E-BCC6-635010B4EA37}.Release|iPhone.Deploy.0 = Release|Any CPU
		{C0F0E20D-BD5B-4B0E-BCC6-635010B4EA37}.Release|iPhoneSimulator.ActiveCfg = Release|Any CPU
		{C0F0E20D-BD5B-4B0E-BCC6-635010B4EA37}.Release|iPhoneSimulator.Build.0 = Release|Any CPU
		{C0F0E20D-BD5B-4B0E-BCC6-635010B4EA37}.Release|iPhoneSimulator.Deploy.0 = Release|Any CPU
		{C0F0E20D-BD5B-4B0E-BCC6-635010B4EA37}.Release|x86.ActiveCfg = Release|Any CPU
		{C0F0E20D-BD5B-4B0E-BCC6-635010B4EA37}.Release|x86.Build.0 = Release|Any CPU
		{C0F0E20D-BD5B-4B0E-BCC6-635010B4EA37}.Release|x86.Deploy.0 = Release|Any CPU
		{FF8D00DA-30D7-4970-AC4D-5383A7B485AC}.Ad-Hoc|Any CPU.ActiveCfg = Release|Any CPU
		{FF8D00DA-30D7-4970-AC4D-5383A7B485AC}.Ad-Hoc|Any CPU.Build.0 = Release|Any CPU
		{FF8D00DA-30D7-4970-AC4D-5383A7B485AC}.Ad-Hoc|Any CPU.Deploy.0 = Release|Any CPU
		{FF8D00DA-30D7-4970-AC4D-5383A7B485AC}.Ad-Hoc|ARM.ActiveCfg = Release|ARM
		{FF8D00DA-30D7-4970-AC4D-5383A7B485AC}.Ad-Hoc|ARM.Build.0 = Release|ARM
		{FF8D00DA-30D7-4970-AC4D-5383A7B485AC}.Ad-Hoc|ARM.Deploy.0 = Release|ARM
		{FF8D00DA-30D7-4970-AC4D-5383A7B485AC}.Ad-Hoc|iPhone.ActiveCfg = Release|Any CPU
		{FF8D00DA-30D7-4970-AC4D-5383A7B485AC}.Ad-Hoc|iPhone.Build.0 = Release|Any CPU
		{FF8D00DA-30D7-4970-AC4D-5383A7B485AC}.Ad-Hoc|iPhone.Deploy.0 = Release|Any CPU
		{FF8D00DA-30D7-4970-AC4D-5383A7B485AC}.Ad-Hoc|iPhoneSimulator.ActiveCfg = Release|Any CPU
		{FF8D00DA-30D7-4970-AC4D-5383A7B485AC}.Ad-Hoc|iPhoneSimulator.Build.0 = Release|Any CPU
		{FF8D00DA-30D7-4970-AC4D-5383A7B485AC}.Ad-Hoc|iPhoneSimulator.Deploy.0 = Release|Any CPU
		{FF8D00DA-30D7-4970-AC4D-5383A7B485AC}.Ad-Hoc|x86.ActiveCfg = Release|x86
		{FF8D00DA-30D7-4970-AC4D-5383A7B485AC}.Ad-Hoc|x86.Build.0 = Release|x86
		{FF8D00DA-30D7-4970-AC4D-5383A7B485AC}.Ad-Hoc|x86.Deploy.0 = Release|x86
		{FF8D00DA-30D7-4970-AC4D-5383A7B485AC}.AppStore|Any CPU.ActiveCfg = Release|Any CPU
		{FF8D00DA-30D7-4970-AC4D-5383A7B485AC}.AppStore|Any CPU.Build.0 = Release|Any CPU
		{FF8D00DA-30D7-4970-AC4D-5383A7B485AC}.AppStore|Any CPU.Deploy.0 = Release|Any CPU
		{FF8D00DA-30D7-4970-AC4D-5383A7B485AC}.AppStore|ARM.ActiveCfg = Release|ARM
		{FF8D00DA-30D7-4970-AC4D-5383A7B485AC}.AppStore|ARM.Build.0 = Release|ARM
		{FF8D00DA-30D7-4970-AC4D-5383A7B485AC}.AppStore|ARM.Deploy.0 = Release|ARM
		{FF8D00DA-30D7-4970-AC4D-5383A7B485AC}.AppStore|iPhone.ActiveCfg = Release|Any CPU
		{FF8D00DA-30D7-4970-AC4D-5383A7B485AC}.AppStore|iPhone.Build.0 = Release|Any CPU
		{FF8D00DA-30D7-4970-AC4D-5383A7B485AC}.AppStore|iPhone.Deploy.0 = Release|Any CPU
		{FF8D00DA-30D7-4970-AC4D-5383A7B485AC}.AppStore|iPhoneSimulator.ActiveCfg = Release|Any CPU
		{FF8D00DA-30D7-4970-AC4D-5383A7B485AC}.AppStore|iPhoneSimulator.Build.0 = Release|Any CPU
		{FF8D00DA-30D7-4970-AC4D-5383A7B485AC}.AppStore|iPhoneSimulator.Deploy.0 = Release|Any CPU
		{FF8D00DA-30D7-4970-AC4D-5383A7B485AC}.AppStore|x86.ActiveCfg = Release|x86
		{FF8D00DA-30D7-4970-AC4D-5383A7B485AC}.AppStore|x86.Build.0 = Release|x86
		{FF8D00DA-30D7-4970-AC4D-5383A7B485AC}.AppStore|x86.Deploy.0 = Release|x86
		{FF8D00DA-30D7-4970-AC4D-5383A7B485AC}.Debug|Any CPU.ActiveCfg = Debug|Any CPU
		{FF8D00DA-30D7-4970-AC4D-5383A7B485AC}.Debug|Any CPU.Build.0 = Debug|Any CPU
		{FF8D00DA-30D7-4970-AC4D-5383A7B485AC}.Debug|Any CPU.Deploy.0 = Debug|Any CPU
		{FF8D00DA-30D7-4970-AC4D-5383A7B485AC}.Debug|ARM.ActiveCfg = Debug|ARM
		{FF8D00DA-30D7-4970-AC4D-5383A7B485AC}.Debug|ARM.Build.0 = Debug|ARM
		{FF8D00DA-30D7-4970-AC4D-5383A7B485AC}.Debug|ARM.Deploy.0 = Debug|ARM
		{FF8D00DA-30D7-4970-AC4D-5383A7B485AC}.Debug|iPhone.ActiveCfg = Debug|Any CPU
		{FF8D00DA-30D7-4970-AC4D-5383A7B485AC}.Debug|iPhone.Build.0 = Debug|Any CPU
		{FF8D00DA-30D7-4970-AC4D-5383A7B485AC}.Debug|iPhone.Deploy.0 = Debug|Any CPU
		{FF8D00DA-30D7-4970-AC4D-5383A7B485AC}.Debug|iPhoneSimulator.ActiveCfg = Debug|Any CPU
		{FF8D00DA-30D7-4970-AC4D-5383A7B485AC}.Debug|iPhoneSimulator.Build.0 = Debug|Any CPU
		{FF8D00DA-30D7-4970-AC4D-5383A7B485AC}.Debug|iPhoneSimulator.Deploy.0 = Debug|Any CPU
		{FF8D00DA-30D7-4970-AC4D-5383A7B485AC}.Debug|x86.ActiveCfg = Debug|x86
		{FF8D00DA-30D7-4970-AC4D-5383A7B485AC}.Debug|x86.Build.0 = Debug|x86
		{FF8D00DA-30D7-4970-AC4D-5383A7B485AC}.Debug|x86.Deploy.0 = Debug|x86
		{FF8D00DA-30D7-4970-AC4D-5383A7B485AC}.Release|Any CPU.ActiveCfg = Release|Any CPU
		{FF8D00DA-30D7-4970-AC4D-5383A7B485AC}.Release|Any CPU.Build.0 = Release|Any CPU
		{FF8D00DA-30D7-4970-AC4D-5383A7B485AC}.Release|Any CPU.Deploy.0 = Release|Any CPU
		{FF8D00DA-30D7-4970-AC4D-5383A7B485AC}.Release|ARM.ActiveCfg = Release|ARM
		{FF8D00DA-30D7-4970-AC4D-5383A7B485AC}.Release|ARM.Build.0 = Release|ARM
		{FF8D00DA-30D7-4970-AC4D-5383A7B485AC}.Release|ARM.Deploy.0 = Release|ARM
		{FF8D00DA-30D7-4970-AC4D-5383A7B485AC}.Release|iPhone.ActiveCfg = Release|Any CPU
		{FF8D00DA-30D7-4970-AC4D-5383A7B485AC}.Release|iPhone.Build.0 = Release|Any CPU
		{FF8D00DA-30D7-4970-AC4D-5383A7B485AC}.Release|iPhone.Deploy.0 = Release|Any CPU
		{FF8D00DA-30D7-4970-AC4D-5383A7B485AC}.Release|iPhoneSimulator.ActiveCfg = Release|Any CPU
		{FF8D00DA-30D7-4970-AC4D-5383A7B485AC}.Release|iPhoneSimulator.Build.0 = Release|Any CPU
		{FF8D00DA-30D7-4970-AC4D-5383A7B485AC}.Release|iPhoneSimulator.Deploy.0 = Release|Any CPU
		{FF8D00DA-30D7-4970-AC4D-5383A7B485AC}.Release|x86.ActiveCfg = Release|x86
		{FF8D00DA-30D7-4970-AC4D-5383A7B485AC}.Release|x86.Build.0 = Release|x86
		{FF8D00DA-30D7-4970-AC4D-5383A7B485AC}.Release|x86.Deploy.0 = Release|x86
	EndGlobalSection
	GlobalSection(SolutionProperties) = preSolution
		HideSolutionNode = FALSE
	EndGlobalSection
EndGlobal
