
Microsoft Visual Studio Solution File, Format Version 12.00
# Visual Studio 15
VisualStudioVersion = 15.0.28010.2046
MinimumVisualStudioVersion = 10.0.40219.1
Project("{FAE04EC0-301F-11D3-BF4B-00C04F79EFBC}") = "UsingPageDialogService.Android", "UsingPageDialogService\UsingPageDialogService.Android\UsingPageDialogService.Android.csproj", "{E929331F-4DEE-42DE-B197-FCF1F2114D9C}"
EndProject
Project("{FAE04EC0-301F-11D3-BF4B-00C04F79EFBC}") = "UsingPageDialogService.iOS", "UsingPageDialogService\UsingPageDialogService.iOS\UsingPageDialogService.iOS.csproj", "{14DF8486-E5D3-4233-8DD7-EF5C642272D3}"
EndProject
Project("{FAE04EC0-301F-11D3-BF4B-00C04F79EFBC}") = "UsingPageDialogService.UWP", "UsingPageDialogService\UsingPageDialogService.UWP\UsingPageDialogService.UWP.csproj", "{F9417DAB-2AE5-40C8-8733-BD7B02FF62FD}"
EndProject
Project("{FAE04EC0-301F-11D3-BF4B-00C04F79EFBC}") = "UsingPageDialogService", "UsingPageDialogService\UsingPageDialogService\UsingPageDialogService.csproj", "{6009E8D5-EB84-4ECF-B968-C852A062296E}"
EndProject
Global
	GlobalSection(SolutionConfigurationPlatforms) = preSolution
		Ad-Hoc|Any CPU = Ad-Hoc|Any CPU
		Ad-Hoc|ARM = Ad-Hoc|ARM
		Ad-Hoc|iPhone = Ad-Hoc|iPhone
		Ad-Hoc|iPhoneSimulator = Ad-Hoc|iPhoneSimulator
		Ad-Hoc|x64 = Ad-Hoc|x64
		Ad-Hoc|x86 = Ad-Hoc|x86
		AppStore|Any CPU = AppStore|Any CPU
		AppStore|ARM = AppStore|ARM
		AppStore|iPhone = AppStore|iPhone
		AppStore|iPhoneSimulator = AppStore|iPhoneSimulator
		AppStore|x64 = AppStore|x64
		AppStore|x86 = AppStore|x86
		Debug|Any CPU = Debug|Any CPU
		Debug|ARM = Debug|ARM
		Debug|iPhone = Debug|iPhone
		Debug|iPhoneSimulator = Debug|iPhoneSimulator
		Debug|x64 = Debug|x64
		Debug|x86 = Debug|x86
		Release|Any CPU = Release|Any CPU
		Release|ARM = Release|ARM
		Release|iPhone = Release|iPhone
		Release|iPhoneSimulator = Release|iPhoneSimulator
		Release|x64 = Release|x64
		Release|x86 = Release|x86
	EndGlobalSection
	GlobalSection(ProjectConfigurationPlatforms) = postSolution
		{E929331F-4DEE-42DE-B197-FCF1F2114D9C}.Ad-Hoc|Any CPU.ActiveCfg = Release|Any CPU
		{E929331F-4DEE-42DE-B197-FCF1F2114D9C}.Ad-Hoc|Any CPU.Build.0 = Release|Any CPU
		{E929331F-4DEE-42DE-B197-FCF1F2114D9C}.Ad-Hoc|Any CPU.Deploy.0 = Release|Any CPU
		{E929331F-4DEE-42DE-B197-FCF1F2114D9C}.Ad-Hoc|ARM.ActiveCfg = Release|Any CPU
		{E929331F-4DEE-42DE-B197-FCF1F2114D9C}.Ad-Hoc|ARM.Build.0 = Release|Any CPU
		{E929331F-4DEE-42DE-B197-FCF1F2114D9C}.Ad-Hoc|ARM.Deploy.0 = Release|Any CPU
		{E929331F-4DEE-42DE-B197-FCF1F2114D9C}.Ad-Hoc|iPhone.ActiveCfg = Release|Any CPU
		{E929331F-4DEE-42DE-B197-FCF1F2114D9C}.Ad-Hoc|iPhone.Build.0 = Release|Any CPU
		{E929331F-4DEE-42DE-B197-FCF1F2114D9C}.Ad-Hoc|iPhone.Deploy.0 = Release|Any CPU
		{E929331F-4DEE-42DE-B197-FCF1F2114D9C}.Ad-Hoc|iPhoneSimulator.ActiveCfg = Release|Any CPU
		{E929331F-4DEE-42DE-B197-FCF1F2114D9C}.Ad-Hoc|iPhoneSimulator.Build.0 = Release|Any CPU
		{E929331F-4DEE-42DE-B197-FCF1F2114D9C}.Ad-Hoc|iPhoneSimulator.Deploy.0 = Release|Any CPU
		{E929331F-4DEE-42DE-B197-FCF1F2114D9C}.Ad-Hoc|x64.ActiveCfg = Release|Any CPU
		{E929331F-4DEE-42DE-B197-FCF1F2114D9C}.Ad-Hoc|x64.Build.0 = Release|Any CPU
		{E929331F-4DEE-42DE-B197-FCF1F2114D9C}.Ad-Hoc|x64.Deploy.0 = Release|Any CPU
		{E929331F-4DEE-42DE-B197-FCF1F2114D9C}.Ad-Hoc|x86.ActiveCfg = Release|Any CPU
		{E929331F-4DEE-42DE-B197-FCF1F2114D9C}.Ad-Hoc|x86.Build.0 = Release|Any CPU
		{E929331F-4DEE-42DE-B197-FCF1F2114D9C}.Ad-Hoc|x86.Deploy.0 = Release|Any CPU
		{E929331F-4DEE-42DE-B197-FCF1F2114D9C}.AppStore|Any CPU.ActiveCfg = Release|Any CPU
		{E929331F-4DEE-42DE-B197-FCF1F2114D9C}.AppStore|Any CPU.Build.0 = Release|Any CPU
		{E929331F-4DEE-42DE-B197-FCF1F2114D9C}.AppStore|Any CPU.Deploy.0 = Release|Any CPU
		{E929331F-4DEE-42DE-B197-FCF1F2114D9C}.AppStore|ARM.ActiveCfg = Release|Any CPU
		{E929331F-4DEE-42DE-B197-FCF1F2114D9C}.AppStore|ARM.Build.0 = Release|Any CPU
		{E929331F-4DEE-42DE-B197-FCF1F2114D9C}.AppStore|ARM.Deploy.0 = Release|Any CPU
		{E929331F-4DEE-42DE-B197-FCF1F2114D9C}.AppStore|iPhone.ActiveCfg = Release|Any CPU
		{E929331F-4DEE-42DE-B197-FCF1F2114D9C}.AppStore|iPhone.Build.0 = Release|Any CPU
		{E929331F-4DEE-42DE-B197-FCF1F2114D9C}.AppStore|iPhone.Deploy.0 = Release|Any CPU
		{E929331F-4DEE-42DE-B197-FCF1F2114D9C}.AppStore|iPhoneSimulator.ActiveCfg = Release|Any CPU
		{E929331F-4DEE-42DE-B197-FCF1F2114D9C}.AppStore|iPhoneSimulator.Build.0 = Release|Any CPU
		{E929331F-4DEE-42DE-B197-FCF1F2114D9C}.AppStore|iPhoneSimulator.Deploy.0 = Release|Any CPU
		{E929331F-4DEE-42DE-B197-FCF1F2114D9C}.AppStore|x64.ActiveCfg = Release|Any CPU
		{E929331F-4DEE-42DE-B197-FCF1F2114D9C}.AppStore|x64.Build.0 = Release|Any CPU
		{E929331F-4DEE-42DE-B197-FCF1F2114D9C}.AppStore|x64.Deploy.0 = Release|Any CPU
		{E929331F-4DEE-42DE-B197-FCF1F2114D9C}.AppStore|x86.ActiveCfg = Release|Any CPU
		{E929331F-4DEE-42DE-B197-FCF1F2114D9C}.AppStore|x86.Build.0 = Release|Any CPU
		{E929331F-4DEE-42DE-B197-FCF1F2114D9C}.AppStore|x86.Deploy.0 = Release|Any CPU
		{E929331F-4DEE-42DE-B197-FCF1F2114D9C}.Debug|Any CPU.ActiveCfg = Debug|Any CPU
		{E929331F-4DEE-42DE-B197-FCF1F2114D9C}.Debug|Any CPU.Build.0 = Debug|Any CPU
		{E929331F-4DEE-42DE-B197-FCF1F2114D9C}.Debug|Any CPU.Deploy.0 = Debug|Any CPU
		{E929331F-4DEE-42DE-B197-FCF1F2114D9C}.Debug|ARM.ActiveCfg = Debug|Any CPU
		{E929331F-4DEE-42DE-B197-FCF1F2114D9C}.Debug|ARM.Build.0 = Debug|Any CPU
		{E929331F-4DEE-42DE-B197-FCF1F2114D9C}.Debug|ARM.Deploy.0 = Debug|Any CPU
		{E929331F-4DEE-42DE-B197-FCF1F2114D9C}.Debug|iPhone.ActiveCfg = Debug|Any CPU
		{E929331F-4DEE-42DE-B197-FCF1F2114D9C}.Debug|iPhone.Build.0 = Debug|Any CPU
		{E929331F-4DEE-42DE-B197-FCF1F2114D9C}.Debug|iPhone.Deploy.0 = Debug|Any CPU
		{E929331F-4DEE-42DE-B197-FCF1F2114D9C}.Debug|iPhoneSimulator.ActiveCfg = Debug|Any CPU
		{E929331F-4DEE-42DE-B197-FCF1F2114D9C}.Debug|iPhoneSimulator.Build.0 = Debug|Any CPU
		{E929331F-4DEE-42DE-B197-FCF1F2114D9C}.Debug|iPhoneSimulator.Deploy.0 = Debug|Any CPU
		{E929331F-4DEE-42DE-B197-FCF1F2114D9C}.Debug|x64.ActiveCfg = Debug|Any CPU
		{E929331F-4DEE-42DE-B197-FCF1F2114D9C}.Debug|x64.Build.0 = Debug|Any CPU
		{E929331F-4DEE-42DE-B197-FCF1F2114D9C}.Debug|x64.Deploy.0 = Debug|Any CPU
		{E929331F-4DEE-42DE-B197-FCF1F2114D9C}.Debug|x86.ActiveCfg = Debug|Any CPU
		{E929331F-4DEE-42DE-B197-FCF1F2114D9C}.Debug|x86.Build.0 = Debug|Any CPU
		{E929331F-4DEE-42DE-B197-FCF1F2114D9C}.Debug|x86.Deploy.0 = Debug|Any CPU
		{E929331F-4DEE-42DE-B197-FCF1F2114D9C}.Release|Any CPU.ActiveCfg = Release|Any CPU
		{E929331F-4DEE-42DE-B197-FCF1F2114D9C}.Release|Any CPU.Build.0 = Release|Any CPU
		{E929331F-4DEE-42DE-B197-FCF1F2114D9C}.Release|Any CPU.Deploy.0 = Release|Any CPU
		{E929331F-4DEE-42DE-B197-FCF1F2114D9C}.Release|ARM.ActiveCfg = Release|Any CPU
		{E929331F-4DEE-42DE-B197-FCF1F2114D9C}.Release|ARM.Build.0 = Release|Any CPU
		{E929331F-4DEE-42DE-B197-FCF1F2114D9C}.Release|ARM.Deploy.0 = Release|Any CPU
		{E929331F-4DEE-42DE-B197-FCF1F2114D9C}.Release|iPhone.ActiveCfg = Release|Any CPU
		{E929331F-4DEE-42DE-B197-FCF1F2114D9C}.Release|iPhone.Build.0 = Release|Any CPU
		{E929331F-4DEE-42DE-B197-FCF1F2114D9C}.Release|iPhone.Deploy.0 = Release|Any CPU
		{E929331F-4DEE-42DE-B197-FCF1F2114D9C}.Release|iPhoneSimulator.ActiveCfg = Release|Any CPU
		{E929331F-4DEE-42DE-B197-FCF1F2114D9C}.Release|iPhoneSimulator.Build.0 = Release|Any CPU
		{E929331F-4DEE-42DE-B197-FCF1F2114D9C}.Release|iPhoneSimulator.Deploy.0 = Release|Any CPU
		{E929331F-4DEE-42DE-B197-FCF1F2114D9C}.Release|x64.ActiveCfg = Release|Any CPU
		{E929331F-4DEE-42DE-B197-FCF1F2114D9C}.Release|x64.Build.0 = Release|Any CPU
		{E929331F-4DEE-42DE-B197-FCF1F2114D9C}.Release|x64.Deploy.0 = Release|Any CPU
		{E929331F-4DEE-42DE-B197-FCF1F2114D9C}.Release|x86.ActiveCfg = Release|Any CPU
		{E929331F-4DEE-42DE-B197-FCF1F2114D9C}.Release|x86.Build.0 = Release|Any CPU
		{E929331F-4DEE-42DE-B197-FCF1F2114D9C}.Release|x86.Deploy.0 = Release|Any CPU
		{14DF8486-E5D3-4233-8DD7-EF5C642272D3}.Ad-Hoc|Any CPU.ActiveCfg = Ad-Hoc|iPhone
		{14DF8486-E5D3-4233-8DD7-EF5C642272D3}.Ad-Hoc|Any CPU.Build.0 = Ad-Hoc|iPhone
		{14DF8486-E5D3-4233-8DD7-EF5C642272D3}.Ad-Hoc|Any CPU.Deploy.0 = Ad-Hoc|iPhone
		{14DF8486-E5D3-4233-8DD7-EF5C642272D3}.Ad-Hoc|ARM.ActiveCfg = Ad-Hoc|iPhone
		{14DF8486-E5D3-4233-8DD7-EF5C642272D3}.Ad-Hoc|ARM.Build.0 = Ad-Hoc|iPhone
		{14DF8486-E5D3-4233-8DD7-EF5C642272D3}.Ad-Hoc|ARM.Deploy.0 = Ad-Hoc|iPhone
		{14DF8486-E5D3-4233-8DD7-EF5C642272D3}.Ad-Hoc|iPhone.ActiveCfg = Ad-Hoc|iPhone
		{14DF8486-E5D3-4233-8DD7-EF5C642272D3}.Ad-Hoc|iPhone.Build.0 = Ad-Hoc|iPhone
		{14DF8486-E5D3-4233-8DD7-EF5C642272D3}.Ad-Hoc|iPhone.Deploy.0 = Ad-Hoc|iPhone
		{14DF8486-E5D3-4233-8DD7-EF5C642272D3}.Ad-Hoc|iPhoneSimulator.ActiveCfg = Ad-Hoc|iPhoneSimulator
		{14DF8486-E5D3-4233-8DD7-EF5C642272D3}.Ad-Hoc|iPhoneSimulator.Build.0 = Ad-Hoc|iPhoneSimulator
		{14DF8486-E5D3-4233-8DD7-EF5C642272D3}.Ad-Hoc|iPhoneSimulator.Deploy.0 = Ad-Hoc|iPhoneSimulator
		{14DF8486-E5D3-4233-8DD7-EF5C642272D3}.Ad-Hoc|x64.ActiveCfg = Ad-Hoc|iPhone
		{14DF8486-E5D3-4233-8DD7-EF5C642272D3}.Ad-Hoc|x64.Build.0 = Ad-Hoc|iPhone
		{14DF8486-E5D3-4233-8DD7-EF5C642272D3}.Ad-Hoc|x64.Deploy.0 = Ad-Hoc|iPhone
		{14DF8486-E5D3-4233-8DD7-EF5C642272D3}.Ad-Hoc|x86.ActiveCfg = Ad-Hoc|iPhone
		{14DF8486-E5D3-4233-8DD7-EF5C642272D3}.Ad-Hoc|x86.Build.0 = Ad-Hoc|iPhone
		{14DF8486-E5D3-4233-8DD7-EF5C642272D3}.Ad-Hoc|x86.Deploy.0 = Ad-Hoc|iPhone
		{14DF8486-E5D3-4233-8DD7-EF5C642272D3}.AppStore|Any CPU.ActiveCfg = AppStore|iPhone
		{14DF8486-E5D3-4233-8DD7-EF5C642272D3}.AppStore|Any CPU.Build.0 = AppStore|iPhone
		{14DF8486-E5D3-4233-8DD7-EF5C642272D3}.AppStore|Any CPU.Deploy.0 = AppStore|iPhone
		{14DF8486-E5D3-4233-8DD7-EF5C642272D3}.AppStore|ARM.ActiveCfg = AppStore|iPhone
		{14DF8486-E5D3-4233-8DD7-EF5C642272D3}.AppStore|ARM.Build.0 = AppStore|iPhone
		{14DF8486-E5D3-4233-8DD7-EF5C642272D3}.AppStore|ARM.Deploy.0 = AppStore|iPhone
		{14DF8486-E5D3-4233-8DD7-EF5C642272D3}.AppStore|iPhone.ActiveCfg = AppStore|iPhone
		{14DF8486-E5D3-4233-8DD7-EF5C642272D3}.AppStore|iPhone.Build.0 = AppStore|iPhone
		{14DF8486-E5D3-4233-8DD7-EF5C642272D3}.AppStore|iPhone.Deploy.0 = AppStore|iPhone
		{14DF8486-E5D3-4233-8DD7-EF5C642272D3}.AppStore|iPhoneSimulator.ActiveCfg = AppStore|iPhoneSimulator
		{14DF8486-E5D3-4233-8DD7-EF5C642272D3}.AppStore|iPhoneSimulator.Build.0 = AppStore|iPhoneSimulator
		{14DF8486-E5D3-4233-8DD7-EF5C642272D3}.AppStore|iPhoneSimulator.Deploy.0 = AppStore|iPhoneSimulator
		{14DF8486-E5D3-4233-8DD7-EF5C642272D3}.AppStore|x64.ActiveCfg = AppStore|iPhone
		{14DF8486-E5D3-4233-8DD7-EF5C642272D3}.AppStore|x64.Build.0 = AppStore|iPhone
		{14DF8486-E5D3-4233-8DD7-EF5C642272D3}.AppStore|x64.Deploy.0 = AppStore|iPhone
		{14DF8486-E5D3-4233-8DD7-EF5C642272D3}.AppStore|x86.ActiveCfg = AppStore|iPhone
		{14DF8486-E5D3-4233-8DD7-EF5C642272D3}.AppStore|x86.Build.0 = AppStore|iPhone
		{14DF8486-E5D3-4233-8DD7-EF5C642272D3}.AppStore|x86.Deploy.0 = AppStore|iPhone
		{14DF8486-E5D3-4233-8DD7-EF5C642272D3}.Debug|Any CPU.ActiveCfg = Debug|iPhoneSimulator
		{14DF8486-E5D3-4233-8DD7-EF5C642272D3}.Debug|Any CPU.Build.0 = Debug|iPhoneSimulator
		{14DF8486-E5D3-4233-8DD7-EF5C642272D3}.Debug|Any CPU.Deploy.0 = Debug|iPhoneSimulator
		{14DF8486-E5D3-4233-8DD7-EF5C642272D3}.Debug|ARM.ActiveCfg = Debug|iPhone
		{14DF8486-E5D3-4233-8DD7-EF5C642272D3}.Debug|ARM.Build.0 = Debug|iPhone
		{14DF8486-E5D3-4233-8DD7-EF5C642272D3}.Debug|ARM.Deploy.0 = Debug|iPhone
		{14DF8486-E5D3-4233-8DD7-EF5C642272D3}.Debug|iPhone.ActiveCfg = Debug|iPhone
		{14DF8486-E5D3-4233-8DD7-EF5C642272D3}.Debug|iPhone.Build.0 = Debug|iPhone
		{14DF8486-E5D3-4233-8DD7-EF5C642272D3}.Debug|iPhone.Deploy.0 = Debug|iPhone
		{14DF8486-E5D3-4233-8DD7-EF5C642272D3}.Debug|iPhoneSimulator.ActiveCfg = Debug|iPhoneSimulator
		{14DF8486-E5D3-4233-8DD7-EF5C642272D3}.Debug|iPhoneSimulator.Build.0 = Debug|iPhoneSimulator
		{14DF8486-E5D3-4233-8DD7-EF5C642272D3}.Debug|iPhoneSimulator.Deploy.0 = Debug|iPhoneSimulator
		{14DF8486-E5D3-4233-8DD7-EF5C642272D3}.Debug|x64.ActiveCfg = Debug|iPhone
		{14DF8486-E5D3-4233-8DD7-EF5C642272D3}.Debug|x64.Build.0 = Debug|iPhone
		{14DF8486-E5D3-4233-8DD7-EF5C642272D3}.Debug|x64.Deploy.0 = Debug|iPhone
		{14DF8486-E5D3-4233-8DD7-EF5C642272D3}.Debug|x86.ActiveCfg = Debug|iPhone
		{14DF8486-E5D3-4233-8DD7-EF5C642272D3}.Debug|x86.Build.0 = Debug|iPhone
		{14DF8486-E5D3-4233-8DD7-EF5C642272D3}.Debug|x86.Deploy.0 = Debug|iPhone
		{14DF8486-E5D3-4233-8DD7-EF5C642272D3}.Release|Any CPU.ActiveCfg = Release|iPhone
		{14DF8486-E5D3-4233-8DD7-EF5C642272D3}.Release|Any CPU.Build.0 = Release|iPhone
		{14DF8486-E5D3-4233-8DD7-EF5C642272D3}.Release|Any CPU.Deploy.0 = Release|iPhone
		{14DF8486-E5D3-4233-8DD7-EF5C642272D3}.Release|ARM.ActiveCfg = Release|iPhone
		{14DF8486-E5D3-4233-8DD7-EF5C642272D3}.Release|ARM.Build.0 = Release|iPhone
		{14DF8486-E5D3-4233-8DD7-EF5C642272D3}.Release|ARM.Deploy.0 = Release|iPhone
		{14DF8486-E5D3-4233-8DD7-EF5C642272D3}.Release|iPhone.ActiveCfg = Release|iPhone
		{14DF8486-E5D3-4233-8DD7-EF5C642272D3}.Release|iPhone.Build.0 = Release|iPhone
		{14DF8486-E5D3-4233-8DD7-EF5C642272D3}.Release|iPhone.Deploy.0 = Release|iPhone
		{14DF8486-E5D3-4233-8DD7-EF5C642272D3}.Release|iPhoneSimulator.ActiveCfg = Release|iPhoneSimulator
		{14DF8486-E5D3-4233-8DD7-EF5C642272D3}.Release|iPhoneSimulator.Build.0 = Release|iPhoneSimulator
		{14DF8486-E5D3-4233-8DD7-EF5C642272D3}.Release|iPhoneSimulator.Deploy.0 = Release|iPhoneSimulator
		{14DF8486-E5D3-4233-8DD7-EF5C642272D3}.Release|x64.ActiveCfg = Release|iPhone
		{14DF8486-E5D3-4233-8DD7-EF5C642272D3}.Release|x64.Build.0 = Release|iPhone
		{14DF8486-E5D3-4233-8DD7-EF5C642272D3}.Release|x64.Deploy.0 = Release|iPhone
		{14DF8486-E5D3-4233-8DD7-EF5C642272D3}.Release|x86.ActiveCfg = Release|iPhone
		{14DF8486-E5D3-4233-8DD7-EF5C642272D3}.Release|x86.Build.0 = Release|iPhone
		{14DF8486-E5D3-4233-8DD7-EF5C642272D3}.Release|x86.Deploy.0 = Release|iPhone
		{F9417DAB-2AE5-40C8-8733-BD7B02FF62FD}.Ad-Hoc|Any CPU.ActiveCfg = Release|x86
		{F9417DAB-2AE5-40C8-8733-BD7B02FF62FD}.Ad-Hoc|Any CPU.Build.0 = Release|x86
		{F9417DAB-2AE5-40C8-8733-BD7B02FF62FD}.Ad-Hoc|Any CPU.Deploy.0 = Release|x86
		{F9417DAB-2AE5-40C8-8733-BD7B02FF62FD}.Ad-Hoc|ARM.ActiveCfg = Release|ARM
		{F9417DAB-2AE5-40C8-8733-BD7B02FF62FD}.Ad-Hoc|ARM.Build.0 = Release|ARM
		{F9417DAB-2AE5-40C8-8733-BD7B02FF62FD}.Ad-Hoc|ARM.Deploy.0 = Release|ARM
		{F9417DAB-2AE5-40C8-8733-BD7B02FF62FD}.Ad-Hoc|iPhone.ActiveCfg = Release|x86
		{F9417DAB-2AE5-40C8-8733-BD7B02FF62FD}.Ad-Hoc|iPhone.Build.0 = Release|x86
		{F9417DAB-2AE5-40C8-8733-BD7B02FF62FD}.Ad-Hoc|iPhone.Deploy.0 = Release|x86
		{F9417DAB-2AE5-40C8-8733-BD7B02FF62FD}.Ad-Hoc|iPhoneSimulator.ActiveCfg = Release|x86
		{F9417DAB-2AE5-40C8-8733-BD7B02FF62FD}.Ad-Hoc|iPhoneSimulator.Build.0 = Release|x86
		{F9417DAB-2AE5-40C8-8733-BD7B02FF62FD}.Ad-Hoc|iPhoneSimulator.Deploy.0 = Release|x86
		{F9417DAB-2AE5-40C8-8733-BD7B02FF62FD}.Ad-Hoc|x64.ActiveCfg = Release|x64
		{F9417DAB-2AE5-40C8-8733-BD7B02FF62FD}.Ad-Hoc|x64.Build.0 = Release|x64
		{F9417DAB-2AE5-40C8-8733-BD7B02FF62FD}.Ad-Hoc|x64.Deploy.0 = Release|x64
		{F9417DAB-2AE5-40C8-8733-BD7B02FF62FD}.Ad-Hoc|x86.ActiveCfg = Release|x86
		{F9417DAB-2AE5-40C8-8733-BD7B02FF62FD}.Ad-Hoc|x86.Build.0 = Release|x86
		{F9417DAB-2AE5-40C8-8733-BD7B02FF62FD}.Ad-Hoc|x86.Deploy.0 = Release|x86
		{F9417DAB-2AE5-40C8-8733-BD7B02FF62FD}.AppStore|Any CPU.ActiveCfg = Release|x86
		{F9417DAB-2AE5-40C8-8733-BD7B02FF62FD}.AppStore|Any CPU.Build.0 = Release|x86
		{F9417DAB-2AE5-40C8-8733-BD7B02FF62FD}.AppStore|Any CPU.Deploy.0 = Release|x86
		{F9417DAB-2AE5-40C8-8733-BD7B02FF62FD}.AppStore|ARM.ActiveCfg = Release|ARM
		{F9417DAB-2AE5-40C8-8733-BD7B02FF62FD}.AppStore|ARM.Build.0 = Release|ARM
		{F9417DAB-2AE5-40C8-8733-BD7B02FF62FD}.AppStore|ARM.Deploy.0 = Release|ARM
		{F9417DAB-2AE5-40C8-8733-BD7B02FF62FD}.AppStore|iPhone.ActiveCfg = Release|x86
		{F9417DAB-2AE5-40C8-8733-BD7B02FF62FD}.AppStore|iPhone.Build.0 = Release|x86
		{F9417DAB-2AE5-40C8-8733-BD7B02FF62FD}.AppStore|iPhone.Deploy.0 = Release|x86
		{F9417DAB-2AE5-40C8-8733-BD7B02FF62FD}.AppStore|iPhoneSimulator.ActiveCfg = Release|x86
		{F9417DAB-2AE5-40C8-8733-BD7B02FF62FD}.AppStore|iPhoneSimulator.Build.0 = Release|x86
		{F9417DAB-2AE5-40C8-8733-BD7B02FF62FD}.AppStore|iPhoneSimulator.Deploy.0 = Release|x86
		{F9417DAB-2AE5-40C8-8733-BD7B02FF62FD}.AppStore|x64.ActiveCfg = Release|x64
		{F9417DAB-2AE5-40C8-8733-BD7B02FF62FD}.AppStore|x64.Build.0 = Release|x64
		{F9417DAB-2AE5-40C8-8733-BD7B02FF62FD}.AppStore|x64.Deploy.0 = Release|x64
		{F9417DAB-2AE5-40C8-8733-BD7B02FF62FD}.AppStore|x86.ActiveCfg = Release|x86
		{F9417DAB-2AE5-40C8-8733-BD7B02FF62FD}.AppStore|x86.Build.0 = Release|x86
		{F9417DAB-2AE5-40C8-8733-BD7B02FF62FD}.AppStore|x86.Deploy.0 = Release|x86
		{F9417DAB-2AE5-40C8-8733-BD7B02FF62FD}.Debug|Any CPU.ActiveCfg = Debug|x86
		{F9417DAB-2AE5-40C8-8733-BD7B02FF62FD}.Debug|Any CPU.Build.0 = Debug|x86
		{F9417DAB-2AE5-40C8-8733-BD7B02FF62FD}.Debug|Any CPU.Deploy.0 = Debug|x86
		{F9417DAB-2AE5-40C8-8733-BD7B02FF62FD}.Debug|ARM.ActiveCfg = Debug|ARM
		{F9417DAB-2AE5-40C8-8733-BD7B02FF62FD}.Debug|ARM.Build.0 = Debug|ARM
		{F9417DAB-2AE5-40C8-8733-BD7B02FF62FD}.Debug|ARM.Deploy.0 = Debug|ARM
		{F9417DAB-2AE5-40C8-8733-BD7B02FF62FD}.Debug|iPhone.ActiveCfg = Debug|x86
		{F9417DAB-2AE5-40C8-8733-BD7B02FF62FD}.Debug|iPhone.Build.0 = Debug|x86
		{F9417DAB-2AE5-40C8-8733-BD7B02FF62FD}.Debug|iPhone.Deploy.0 = Debug|x86
		{F9417DAB-2AE5-40C8-8733-BD7B02FF62FD}.Debug|iPhoneSimulator.ActiveCfg = Debug|x86
		{F9417DAB-2AE5-40C8-8733-BD7B02FF62FD}.Debug|iPhoneSimulator.Build.0 = Debug|x86
		{F9417DAB-2AE5-40C8-8733-BD7B02FF62FD}.Debug|iPhoneSimulator.Deploy.0 = Debug|x86
		{F9417DAB-2AE5-40C8-8733-BD7B02FF62FD}.Debug|x64.ActiveCfg = Debug|x64
		{F9417DAB-2AE5-40C8-8733-BD7B02FF62FD}.Debug|x64.Build.0 = Debug|x64
		{F9417DAB-2AE5-40C8-8733-BD7B02FF62FD}.Debug|x64.Deploy.0 = Debug|x64
		{F9417DAB-2AE5-40C8-8733-BD7B02FF62FD}.Debug|x86.ActiveCfg = Debug|x86
		{F9417DAB-2AE5-40C8-8733-BD7B02FF62FD}.Debug|x86.Build.0 = Debug|x86
		{F9417DAB-2AE5-40C8-8733-BD7B02FF62FD}.Debug|x86.Deploy.0 = Debug|x86
		{F9417DAB-2AE5-40C8-8733-BD7B02FF62FD}.Release|Any CPU.ActiveCfg = Release|x86
		{F9417DAB-2AE5-40C8-8733-BD7B02FF62FD}.Release|Any CPU.Build.0 = Release|x86
		{F9417DAB-2AE5-40C8-8733-BD7B02FF62FD}.Release|Any CPU.Deploy.0 = Release|x86
		{F9417DAB-2AE5-40C8-8733-BD7B02FF62FD}.Release|ARM.ActiveCfg = Release|ARM
		{F9417DAB-2AE5-40C8-8733-BD7B02FF62FD}.Release|ARM.Build.0 = Release|ARM
		{F9417DAB-2AE5-40C8-8733-BD7B02FF62FD}.Release|ARM.Deploy.0 = Release|ARM
		{F9417DAB-2AE5-40C8-8733-BD7B02FF62FD}.Release|iPhone.ActiveCfg = Release|x86
		{F9417DAB-2AE5-40C8-8733-BD7B02FF62FD}.Release|iPhone.Build.0 = Release|x86
		{F9417DAB-2AE5-40C8-8733-BD7B02FF62FD}.Release|iPhone.Deploy.0 = Release|x86
		{F9417DAB-2AE5-40C8-8733-BD7B02FF62FD}.Release|iPhoneSimulator.ActiveCfg = Release|x86
		{F9417DAB-2AE5-40C8-8733-BD7B02FF62FD}.Release|iPhoneSimulator.Build.0 = Release|x86
		{F9417DAB-2AE5-40C8-8733-BD7B02FF62FD}.Release|iPhoneSimulator.Deploy.0 = Release|x86
		{F9417DAB-2AE5-40C8-8733-BD7B02FF62FD}.Release|x64.ActiveCfg = Release|x64
		{F9417DAB-2AE5-40C8-8733-BD7B02FF62FD}.Release|x64.Build.0 = Release|x64
		{F9417DAB-2AE5-40C8-8733-BD7B02FF62FD}.Release|x64.Deploy.0 = Release|x64
		{F9417DAB-2AE5-40C8-8733-BD7B02FF62FD}.Release|x86.ActiveCfg = Release|x86
		{F9417DAB-2AE5-40C8-8733-BD7B02FF62FD}.Release|x86.Build.0 = Release|x86
		{F9417DAB-2AE5-40C8-8733-BD7B02FF62FD}.Release|x86.Deploy.0 = Release|x86
		{6009E8D5-EB84-4ECF-B968-C852A062296E}.Ad-Hoc|Any CPU.ActiveCfg = Debug|Any CPU
		{6009E8D5-EB84-4ECF-B968-C852A062296E}.Ad-Hoc|Any CPU.Build.0 = Debug|Any CPU
		{6009E8D5-EB84-4ECF-B968-C852A062296E}.Ad-Hoc|Any CPU.Deploy.0 = Debug|Any CPU
		{6009E8D5-EB84-4ECF-B968-C852A062296E}.Ad-Hoc|ARM.ActiveCfg = Debug|Any CPU
		{6009E8D5-EB84-4ECF-B968-C852A062296E}.Ad-Hoc|ARM.Build.0 = Debug|Any CPU
		{6009E8D5-EB84-4ECF-B968-C852A062296E}.Ad-Hoc|ARM.Deploy.0 = Debug|Any CPU
		{6009E8D5-EB84-4ECF-B968-C852A062296E}.Ad-Hoc|iPhone.ActiveCfg = Debug|Any CPU
		{6009E8D5-EB84-4ECF-B968-C852A062296E}.Ad-Hoc|iPhone.Build.0 = Debug|Any CPU
		{6009E8D5-EB84-4ECF-B968-C852A062296E}.Ad-Hoc|iPhone.Deploy.0 = Debug|Any CPU
		{6009E8D5-EB84-4ECF-B968-C852A062296E}.Ad-Hoc|iPhoneSimulator.ActiveCfg = Debug|Any CPU
		{6009E8D5-EB84-4ECF-B968-C852A062296E}.Ad-Hoc|iPhoneSimulator.Build.0 = Debug|Any CPU
		{6009E8D5-EB84-4ECF-B968-C852A062296E}.Ad-Hoc|iPhoneSimulator.Deploy.0 = Debug|Any CPU
		{6009E8D5-EB84-4ECF-B968-C852A062296E}.Ad-Hoc|x64.ActiveCfg = Debug|Any CPU
		{6009E8D5-EB84-4ECF-B968-C852A062296E}.Ad-Hoc|x64.Build.0 = Debug|Any CPU
		{6009E8D5-EB84-4ECF-B968-C852A062296E}.Ad-Hoc|x64.Deploy.0 = Debug|Any CPU
		{6009E8D5-EB84-4ECF-B968-C852A062296E}.Ad-Hoc|x86.ActiveCfg = Debug|Any CPU
		{6009E8D5-EB84-4ECF-B968-C852A062296E}.Ad-Hoc|x86.Build.0 = Debug|Any CPU
		{6009E8D5-EB84-4ECF-B968-C852A062296E}.Ad-Hoc|x86.Deploy.0 = Debug|Any CPU
		{6009E8D5-EB84-4ECF-B968-C852A062296E}.AppStore|Any CPU.ActiveCfg = Debug|Any CPU
		{6009E8D5-EB84-4ECF-B968-C852A062296E}.AppStore|Any CPU.Build.0 = Debug|Any CPU
		{6009E8D5-EB84-4ECF-B968-C852A062296E}.AppStore|Any CPU.Deploy.0 = Debug|Any CPU
		{6009E8D5-EB84-4ECF-B968-C852A062296E}.AppStore|ARM.ActiveCfg = Debug|Any CPU
		{6009E8D5-EB84-4ECF-B968-C852A062296E}.AppStore|ARM.Build.0 = Debug|Any CPU
		{6009E8D5-EB84-4ECF-B968-C852A062296E}.AppStore|ARM.Deploy.0 = Debug|Any CPU
		{6009E8D5-EB84-4ECF-B968-C852A062296E}.AppStore|iPhone.ActiveCfg = Debug|Any CPU
		{6009E8D5-EB84-4ECF-B968-C852A062296E}.AppStore|iPhone.Build.0 = Debug|Any CPU
		{6009E8D5-EB84-4ECF-B968-C852A062296E}.AppStore|iPhone.Deploy.0 = Debug|Any CPU
		{6009E8D5-EB84-4ECF-B968-C852A062296E}.AppStore|iPhoneSimulator.ActiveCfg = Debug|Any CPU
		{6009E8D5-EB84-4ECF-B968-C852A062296E}.AppStore|iPhoneSimulator.Build.0 = Debug|Any CPU
		{6009E8D5-EB84-4ECF-B968-C852A062296E}.AppStore|iPhoneSimulator.Deploy.0 = Debug|Any CPU
		{6009E8D5-EB84-4ECF-B968-C852A062296E}.AppStore|x64.ActiveCfg = Debug|Any CPU
		{6009E8D5-EB84-4ECF-B968-C852A062296E}.AppStore|x64.Build.0 = Debug|Any CPU
		{6009E8D5-EB84-4ECF-B968-C852A062296E}.AppStore|x64.Deploy.0 = Debug|Any CPU
		{6009E8D5-EB84-4ECF-B968-C852A062296E}.AppStore|x86.ActiveCfg = Debug|Any CPU
		{6009E8D5-EB84-4ECF-B968-C852A062296E}.AppStore|x86.Build.0 = Debug|Any CPU
		{6009E8D5-EB84-4ECF-B968-C852A062296E}.AppStore|x86.Deploy.0 = Debug|Any CPU
		{6009E8D5-EB84-4ECF-B968-C852A062296E}.Debug|Any CPU.ActiveCfg = Debug|Any CPU
		{6009E8D5-EB84-4ECF-B968-C852A062296E}.Debug|Any CPU.Build.0 = Debug|Any CPU
		{6009E8D5-EB84-4ECF-B968-C852A062296E}.Debug|Any CPU.Deploy.0 = Debug|Any CPU
		{6009E8D5-EB84-4ECF-B968-C852A062296E}.Debug|ARM.ActiveCfg = Debug|Any CPU
		{6009E8D5-EB84-4ECF-B968-C852A062296E}.Debug|ARM.Build.0 = Debug|Any CPU
		{6009E8D5-EB84-4ECF-B968-C852A062296E}.Debug|ARM.Deploy.0 = Debug|Any CPU
		{6009E8D5-EB84-4ECF-B968-C852A062296E}.Debug|iPhone.ActiveCfg = Debug|Any CPU
		{6009E8D5-EB84-4ECF-B968-C852A062296E}.Debug|iPhone.Build.0 = Debug|Any CPU
		{6009E8D5-EB84-4ECF-B968-C852A062296E}.Debug|iPhone.Deploy.0 = Debug|Any CPU
		{6009E8D5-EB84-4ECF-B968-C852A062296E}.Debug|iPhoneSimulator.ActiveCfg = Debug|Any CPU
		{6009E8D5-EB84-4ECF-B968-C852A062296E}.Debug|iPhoneSimulator.Build.0 = Debug|Any CPU
		{6009E8D5-EB84-4ECF-B968-C852A062296E}.Debug|iPhoneSimulator.Deploy.0 = Debug|Any CPU
		{6009E8D5-EB84-4ECF-B968-C852A062296E}.Debug|x64.ActiveCfg = Debug|Any CPU
		{6009E8D5-EB84-4ECF-B968-C852A062296E}.Debug|x64.Build.0 = Debug|Any CPU
		{6009E8D5-EB84-4ECF-B968-C852A062296E}.Debug|x64.Deploy.0 = Debug|Any CPU
		{6009E8D5-EB84-4ECF-B968-C852A062296E}.Debug|x86.ActiveCfg = Debug|Any CPU
		{6009E8D5-EB84-4ECF-B968-C852A062296E}.Debug|x86.Build.0 = Debug|Any CPU
		{6009E8D5-EB84-4ECF-B968-C852A062296E}.Debug|x86.Deploy.0 = Debug|Any CPU
		{6009E8D5-EB84-4ECF-B968-C852A062296E}.Release|Any CPU.ActiveCfg = Release|Any CPU
		{6009E8D5-EB84-4ECF-B968-C852A062296E}.Release|Any CPU.Build.0 = Release|Any CPU
		{6009E8D5-EB84-4ECF-B968-C852A062296E}.Release|Any CPU.Deploy.0 = Release|Any CPU
		{6009E8D5-EB84-4ECF-B968-C852A062296E}.Release|ARM.ActiveCfg = Release|Any CPU
		{6009E8D5-EB84-4ECF-B968-C852A062296E}.Release|ARM.Build.0 = Release|Any CPU
		{6009E8D5-EB84-4ECF-B968-C852A062296E}.Release|ARM.Deploy.0 = Release|Any CPU
		{6009E8D5-EB84-4ECF-B968-C852A062296E}.Release|iPhone.ActiveCfg = Release|Any CPU
		{6009E8D5-EB84-4ECF-B968-C852A062296E}.Release|iPhone.Build.0 = Release|Any CPU
		{6009E8D5-EB84-4ECF-B968-C852A062296E}.Release|iPhone.Deploy.0 = Release|Any CPU
		{6009E8D5-EB84-4ECF-B968-C852A062296E}.Release|iPhoneSimulator.ActiveCfg = Release|Any CPU
		{6009E8D5-EB84-4ECF-B968-C852A062296E}.Release|iPhoneSimulator.Build.0 = Release|Any CPU
		{6009E8D5-EB84-4ECF-B968-C852A062296E}.Release|iPhoneSimulator.Deploy.0 = Release|Any CPU
		{6009E8D5-EB84-4ECF-B968-C852A062296E}.Release|x64.ActiveCfg = Release|Any CPU
		{6009E8D5-EB84-4ECF-B968-C852A062296E}.Release|x64.Build.0 = Release|Any CPU
		{6009E8D5-EB84-4ECF-B968-C852A062296E}.Release|x64.Deploy.0 = Release|Any CPU
		{6009E8D5-EB84-4ECF-B968-C852A062296E}.Release|x86.ActiveCfg = Release|Any CPU
		{6009E8D5-EB84-4ECF-B968-C852A062296E}.Release|x86.Build.0 = Release|Any CPU
		{6009E8D5-EB84-4ECF-B968-C852A062296E}.Release|x86.Deploy.0 = Release|Any CPU
	EndGlobalSection
	GlobalSection(SolutionProperties) = preSolution
		HideSolutionNode = FALSE
	EndGlobalSection
	GlobalSection(ExtensibilityGlobals) = postSolution
		SolutionGuid = {CA0BAA53-A610-446E-A284-003BFDB41532}
	EndGlobalSection
EndGlobal
