
Microsoft Visual Studio Solution File, Format Version 12.00
# Visual Studio 15
VisualStudioVersion = 15.0.28010.2046
MinimumVisualStudioVersion = 10.0.40219.1
Project("{FAE04EC0-301F-11D3-BF4B-00C04F79EFBC}") = "UsingCompositeCommands.Android", "UsingCompositeCommands\UsingCompositeCommands.Android\UsingCompositeCommands.Android.csproj", "{C87A6B01-5E8E-4360-9E80-FEE89B6944E1}"
EndProject
Project("{FAE04EC0-301F-11D3-BF4B-00C04F79EFBC}") = "UsingCompositeCommands.iOS", "UsingCompositeCommands\UsingCompositeCommands.iOS\UsingCompositeCommands.iOS.csproj", "{7C164F8C-7AEE-455A-97BD-C9F43939D4E5}"
EndProject
Project("{FAE04EC0-301F-11D3-BF4B-00C04F79EFBC}") = "UsingCompositeCommands.UWP", "UsingCompositeCommands\UsingCompositeCommands.UWP\UsingCompositeCommands.UWP.csproj", "{39B80191-31CC-4B79-B565-1C83BFFCD69E}"
EndProject
Project("{FAE04EC0-301F-11D3-BF4B-00C04F79EFBC}") = "UsingCompositeCommands", "UsingCompositeCommands\UsingCompositeCommands\UsingCompositeCommands.csproj", "{DF83EA0D-4766-4CF4-AC9E-CFA122F78726}"
EndProject
Global
	GlobalSection(SolutionConfigurationPlatforms) = preSolution
		Ad-Hoc|Any CPU = Ad-Hoc|Any CPU
		Ad-Hoc|ARM = Ad-Hoc|ARM
		Ad-Hoc|iPhone = Ad-Hoc|iPhone
		Ad-Hoc|iPhoneSimulator = Ad-Hoc|iPhoneSimulator
		Ad-Hoc|x64 = Ad-Hoc|x64
		Ad-Hoc|x86 = Ad-Hoc|x86
		AppStore|Any CPU = AppStore|Any CPU
		AppStore|ARM = AppStore|ARM
		AppStore|iPhone = AppStore|iPhone
		AppStore|iPhoneSimulator = AppStore|iPhoneSimulator
		AppStore|x64 = AppStore|x64
		AppStore|x86 = AppStore|x86
		Debug|Any CPU = Debug|Any CPU
		Debug|ARM = Debug|ARM
		Debug|iPhone = Debug|iPhone
		Debug|iPhoneSimulator = Debug|iPhoneSimulator
		Debug|x64 = Debug|x64
		Debug|x86 = Debug|x86
		Release|Any CPU = Release|Any CPU
		Release|ARM = Release|ARM
		Release|iPhone = Release|iPhone
		Release|iPhoneSimulator = Release|iPhoneSimulator
		Release|x64 = Release|x64
		Release|x86 = Release|x86
	EndGlobalSection
	GlobalSection(ProjectConfigurationPlatforms) = postSolution
		{C87A6B01-5E8E-4360-9E80-FEE89B6944E1}.Ad-Hoc|Any CPU.ActiveCfg = Release|Any CPU
		{C87A6B01-5E8E-4360-9E80-FEE89B6944E1}.Ad-Hoc|Any CPU.Build.0 = Release|Any CPU
		{C87A6B01-5E8E-4360-9E80-FEE89B6944E1}.Ad-Hoc|Any CPU.Deploy.0 = Release|Any CPU
		{C87A6B01-5E8E-4360-9E80-FEE89B6944E1}.Ad-Hoc|ARM.ActiveCfg = Release|Any CPU
		{C87A6B01-5E8E-4360-9E80-FEE89B6944E1}.Ad-Hoc|ARM.Build.0 = Release|Any CPU
		{C87A6B01-5E8E-4360-9E80-FEE89B6944E1}.Ad-Hoc|ARM.Deploy.0 = Release|Any CPU
		{C87A6B01-5E8E-4360-9E80-FEE89B6944E1}.Ad-Hoc|iPhone.ActiveCfg = Release|Any CPU
		{C87A6B01-5E8E-4360-9E80-FEE89B6944E1}.Ad-Hoc|iPhone.Build.0 = Release|Any CPU
		{C87A6B01-5E8E-4360-9E80-FEE89B6944E1}.Ad-Hoc|iPhone.Deploy.0 = Release|Any CPU
		{C87A6B01-5E8E-4360-9E80-FEE89B6944E1}.Ad-Hoc|iPhoneSimulator.ActiveCfg = Release|Any CPU
		{C87A6B01-5E8E-4360-9E80-FEE89B6944E1}.Ad-Hoc|iPhoneSimulator.Build.0 = Release|Any CPU
		{C87A6B01-5E8E-4360-9E80-FEE89B6944E1}.Ad-Hoc|iPhoneSimulator.Deploy.0 = Release|Any CPU
		{C87A6B01-5E8E-4360-9E80-FEE89B6944E1}.Ad-Hoc|x64.ActiveCfg = Release|Any CPU
		{C87A6B01-5E8E-4360-9E80-FEE89B6944E1}.Ad-Hoc|x64.Build.0 = Release|Any CPU
		{C87A6B01-5E8E-4360-9E80-FEE89B6944E1}.Ad-Hoc|x64.Deploy.0 = Release|Any CPU
		{C87A6B01-5E8E-4360-9E80-FEE89B6944E1}.Ad-Hoc|x86.ActiveCfg = Release|Any CPU
		{C87A6B01-5E8E-4360-9E80-FEE89B6944E1}.Ad-Hoc|x86.Build.0 = Release|Any CPU
		{C87A6B01-5E8E-4360-9E80-FEE89B6944E1}.Ad-Hoc|x86.Deploy.0 = Release|Any CPU
		{C87A6B01-5E8E-4360-9E80-FEE89B6944E1}.AppStore|Any CPU.ActiveCfg = Release|Any CPU
		{C87A6B01-5E8E-4360-9E80-FEE89B6944E1}.AppStore|Any CPU.Build.0 = Release|Any CPU
		{C87A6B01-5E8E-4360-9E80-FEE89B6944E1}.AppStore|Any CPU.Deploy.0 = Release|Any CPU
		{C87A6B01-5E8E-4360-9E80-FEE89B6944E1}.AppStore|ARM.ActiveCfg = Release|Any CPU
		{C87A6B01-5E8E-4360-9E80-FEE89B6944E1}.AppStore|ARM.Build.0 = Release|Any CPU
		{C87A6B01-5E8E-4360-9E80-FEE89B6944E1}.AppStore|ARM.Deploy.0 = Release|Any CPU
		{C87A6B01-5E8E-4360-9E80-FEE89B6944E1}.AppStore|iPhone.ActiveCfg = Release|Any CPU
		{C87A6B01-5E8E-4360-9E80-FEE89B6944E1}.AppStore|iPhone.Build.0 = Release|Any CPU
		{C87A6B01-5E8E-4360-9E80-FEE89B6944E1}.AppStore|iPhone.Deploy.0 = Release|Any CPU
		{C87A6B01-5E8E-4360-9E80-FEE89B6944E1}.AppStore|iPhoneSimulator.ActiveCfg = Release|Any CPU
		{C87A6B01-5E8E-4360-9E80-FEE89B6944E1}.AppStore|iPhoneSimulator.Build.0 = Release|Any CPU
		{C87A6B01-5E8E-4360-9E80-FEE89B6944E1}.AppStore|iPhoneSimulator.Deploy.0 = Release|Any CPU
		{C87A6B01-5E8E-4360-9E80-FEE89B6944E1}.AppStore|x64.ActiveCfg = Release|Any CPU
		{C87A6B01-5E8E-4360-9E80-FEE89B6944E1}.AppStore|x64.Build.0 = Release|Any CPU
		{C87A6B01-5E8E-4360-9E80-FEE89B6944E1}.AppStore|x64.Deploy.0 = Release|Any CPU
		{C87A6B01-5E8E-4360-9E80-FEE89B6944E1}.AppStore|x86.ActiveCfg = Release|Any CPU
		{C87A6B01-5E8E-4360-9E80-FEE89B6944E1}.AppStore|x86.Build.0 = Release|Any CPU
		{C87A6B01-5E8E-4360-9E80-FEE89B6944E1}.AppStore|x86.Deploy.0 = Release|Any CPU
		{C87A6B01-5E8E-4360-9E80-FEE89B6944E1}.Debug|Any CPU.ActiveCfg = Debug|Any CPU
		{C87A6B01-5E8E-4360-9E80-FEE89B6944E1}.Debug|Any CPU.Build.0 = Debug|Any CPU
		{C87A6B01-5E8E-4360-9E80-FEE89B6944E1}.Debug|Any CPU.Deploy.0 = Debug|Any CPU
		{C87A6B01-5E8E-4360-9E80-FEE89B6944E1}.Debug|ARM.ActiveCfg = Debug|Any CPU
		{C87A6B01-5E8E-4360-9E80-FEE89B6944E1}.Debug|ARM.Build.0 = Debug|Any CPU
		{C87A6B01-5E8E-4360-9E80-FEE89B6944E1}.Debug|ARM.Deploy.0 = Debug|Any CPU
		{C87A6B01-5E8E-4360-9E80-FEE89B6944E1}.Debug|iPhone.ActiveCfg = Debug|Any CPU
		{C87A6B01-5E8E-4360-9E80-FEE89B6944E1}.Debug|iPhone.Build.0 = Debug|Any CPU
		{C87A6B01-5E8E-4360-9E80-FEE89B6944E1}.Debug|iPhone.Deploy.0 = Debug|Any CPU
		{C87A6B01-5E8E-4360-9E80-FEE89B6944E1}.Debug|iPhoneSimulator.ActiveCfg = Debug|Any CPU
		{C87A6B01-5E8E-4360-9E80-FEE89B6944E1}.Debug|iPhoneSimulator.Build.0 = Debug|Any CPU
		{C87A6B01-5E8E-4360-9E80-FEE89B6944E1}.Debug|iPhoneSimulator.Deploy.0 = Debug|Any CPU
		{C87A6B01-5E8E-4360-9E80-FEE89B6944E1}.Debug|x64.ActiveCfg = Debug|Any CPU
		{C87A6B01-5E8E-4360-9E80-FEE89B6944E1}.Debug|x64.Build.0 = Debug|Any CPU
		{C87A6B01-5E8E-4360-9E80-FEE89B6944E1}.Debug|x64.Deploy.0 = Debug|Any CPU
		{C87A6B01-5E8E-4360-9E80-FEE89B6944E1}.Debug|x86.ActiveCfg = Debug|Any CPU
		{C87A6B01-5E8E-4360-9E80-FEE89B6944E1}.Debug|x86.Build.0 = Debug|Any CPU
		{C87A6B01-5E8E-4360-9E80-FEE89B6944E1}.Debug|x86.Deploy.0 = Debug|Any CPU
		{C87A6B01-5E8E-4360-9E80-FEE89B6944E1}.Release|Any CPU.ActiveCfg = Release|Any CPU
		{C87A6B01-5E8E-4360-9E80-FEE89B6944E1}.Release|Any CPU.Build.0 = Release|Any CPU
		{C87A6B01-5E8E-4360-9E80-FEE89B6944E1}.Release|Any CPU.Deploy.0 = Release|Any CPU
		{C87A6B01-5E8E-4360-9E80-FEE89B6944E1}.Release|ARM.ActiveCfg = Release|Any CPU
		{C87A6B01-5E8E-4360-9E80-FEE89B6944E1}.Release|ARM.Build.0 = Release|Any CPU
		{C87A6B01-5E8E-4360-9E80-FEE89B6944E1}.Release|ARM.Deploy.0 = Release|Any CPU
		{C87A6B01-5E8E-4360-9E80-FEE89B6944E1}.Release|iPhone.ActiveCfg = Release|Any CPU
		{C87A6B01-5E8E-4360-9E80-FEE89B6944E1}.Release|iPhone.Build.0 = Release|Any CPU
		{C87A6B01-5E8E-4360-9E80-FEE89B6944E1}.Release|iPhone.Deploy.0 = Release|Any CPU
		{C87A6B01-5E8E-4360-9E80-FEE89B6944E1}.Release|iPhoneSimulator.ActiveCfg = Release|Any CPU
		{C87A6B01-5E8E-4360-9E80-FEE89B6944E1}.Release|iPhoneSimulator.Build.0 = Release|Any CPU
		{C87A6B01-5E8E-4360-9E80-FEE89B6944E1}.Release|iPhoneSimulator.Deploy.0 = Release|Any CPU
		{C87A6B01-5E8E-4360-9E80-FEE89B6944E1}.Release|x64.ActiveCfg = Release|Any CPU
		{C87A6B01-5E8E-4360-9E80-FEE89B6944E1}.Release|x64.Build.0 = Release|Any CPU
		{C87A6B01-5E8E-4360-9E80-FEE89B6944E1}.Release|x64.Deploy.0 = Release|Any CPU
		{C87A6B01-5E8E-4360-9E80-FEE89B6944E1}.Release|x86.ActiveCfg = Release|Any CPU
		{C87A6B01-5E8E-4360-9E80-FEE89B6944E1}.Release|x86.Build.0 = Release|Any CPU
		{C87A6B01-5E8E-4360-9E80-FEE89B6944E1}.Release|x86.Deploy.0 = Release|Any CPU
		{7C164F8C-7AEE-455A-97BD-C9F43939D4E5}.Ad-Hoc|Any CPU.ActiveCfg = Ad-Hoc|iPhone
		{7C164F8C-7AEE-455A-97BD-C9F43939D4E5}.Ad-Hoc|Any CPU.Build.0 = Ad-Hoc|iPhone
		{7C164F8C-7AEE-455A-97BD-C9F43939D4E5}.Ad-Hoc|Any CPU.Deploy.0 = Ad-Hoc|iPhone
		{7C164F8C-7AEE-455A-97BD-C9F43939D4E5}.Ad-Hoc|ARM.ActiveCfg = Ad-Hoc|iPhone
		{7C164F8C-7AEE-455A-97BD-C9F43939D4E5}.Ad-Hoc|ARM.Build.0 = Ad-Hoc|iPhone
		{7C164F8C-7AEE-455A-97BD-C9F43939D4E5}.Ad-Hoc|ARM.Deploy.0 = Ad-Hoc|iPhone
		{7C164F8C-7AEE-455A-97BD-C9F43939D4E5}.Ad-Hoc|iPhone.ActiveCfg = Ad-Hoc|iPhone
		{7C164F8C-7AEE-455A-97BD-C9F43939D4E5}.Ad-Hoc|iPhone.Build.0 = Ad-Hoc|iPhone
		{7C164F8C-7AEE-455A-97BD-C9F43939D4E5}.Ad-Hoc|iPhone.Deploy.0 = Ad-Hoc|iPhone
		{7C164F8C-7AEE-455A-97BD-C9F43939D4E5}.Ad-Hoc|iPhoneSimulator.ActiveCfg = Ad-Hoc|iPhoneSimulator
		{7C164F8C-7AEE-455A-97BD-C9F43939D4E5}.Ad-Hoc|iPhoneSimulator.Build.0 = Ad-Hoc|iPhoneSimulator
		{7C164F8C-7AEE-455A-97BD-C9F43939D4E5}.Ad-Hoc|iPhoneSimulator.Deploy.0 = Ad-Hoc|iPhoneSimulator
		{7C164F8C-7AEE-455A-97BD-C9F43939D4E5}.Ad-Hoc|x64.ActiveCfg = Ad-Hoc|iPhone
		{7C164F8C-7AEE-455A-97BD-C9F43939D4E5}.Ad-Hoc|x64.Build.0 = Ad-Hoc|iPhone
		{7C164F8C-7AEE-455A-97BD-C9F43939D4E5}.Ad-Hoc|x64.Deploy.0 = Ad-Hoc|iPhone
		{7C164F8C-7AEE-455A-97BD-C9F43939D4E5}.Ad-Hoc|x86.ActiveCfg = Ad-Hoc|iPhone
		{7C164F8C-7AEE-455A-97BD-C9F43939D4E5}.Ad-Hoc|x86.Build.0 = Ad-Hoc|iPhone
		{7C164F8C-7AEE-455A-97BD-C9F43939D4E5}.Ad-Hoc|x86.Deploy.0 = Ad-Hoc|iPhone
		{7C164F8C-7AEE-455A-97BD-C9F43939D4E5}.AppStore|Any CPU.ActiveCfg = AppStore|iPhone
		{7C164F8C-7AEE-455A-97BD-C9F43939D4E5}.AppStore|Any CPU.Build.0 = AppStore|iPhone
		{7C164F8C-7AEE-455A-97BD-C9F43939D4E5}.AppStore|Any CPU.Deploy.0 = AppStore|iPhone
		{7C164F8C-7AEE-455A-97BD-C9F43939D4E5}.AppStore|ARM.ActiveCfg = AppStore|iPhone
		{7C164F8C-7AEE-455A-97BD-C9F43939D4E5}.AppStore|ARM.Build.0 = AppStore|iPhone
		{7C164F8C-7AEE-455A-97BD-C9F43939D4E5}.AppStore|ARM.Deploy.0 = AppStore|iPhone
		{7C164F8C-7AEE-455A-97BD-C9F43939D4E5}.AppStore|iPhone.ActiveCfg = AppStore|iPhone
		{7C164F8C-7AEE-455A-97BD-C9F43939D4E5}.AppStore|iPhone.Build.0 = AppStore|iPhone
		{7C164F8C-7AEE-455A-97BD-C9F43939D4E5}.AppStore|iPhone.Deploy.0 = AppStore|iPhone
		{7C164F8C-7AEE-455A-97BD-C9F43939D4E5}.AppStore|iPhoneSimulator.ActiveCfg = AppStore|iPhoneSimulator
		{7C164F8C-7AEE-455A-97BD-C9F43939D4E5}.AppStore|iPhoneSimulator.Build.0 = AppStore|iPhoneSimulator
		{7C164F8C-7AEE-455A-97BD-C9F43939D4E5}.AppStore|iPhoneSimulator.Deploy.0 = AppStore|iPhoneSimulator
		{7C164F8C-7AEE-455A-97BD-C9F43939D4E5}.AppStore|x64.ActiveCfg = AppStore|iPhone
		{7C164F8C-7AEE-455A-97BD-C9F43939D4E5}.AppStore|x64.Build.0 = AppStore|iPhone
		{7C164F8C-7AEE-455A-97BD-C9F43939D4E5}.AppStore|x64.Deploy.0 = AppStore|iPhone
		{7C164F8C-7AEE-455A-97BD-C9F43939D4E5}.AppStore|x86.ActiveCfg = AppStore|iPhone
		{7C164F8C-7AEE-455A-97BD-C9F43939D4E5}.AppStore|x86.Build.0 = AppStore|iPhone
		{7C164F8C-7AEE-455A-97BD-C9F43939D4E5}.AppStore|x86.Deploy.0 = AppStore|iPhone
		{7C164F8C-7AEE-455A-97BD-C9F43939D4E5}.Debug|Any CPU.ActiveCfg = Debug|iPhoneSimulator
		{7C164F8C-7AEE-455A-97BD-C9F43939D4E5}.Debug|Any CPU.Build.0 = Debug|iPhoneSimulator
		{7C164F8C-7AEE-455A-97BD-C9F43939D4E5}.Debug|Any CPU.Deploy.0 = Debug|iPhoneSimulator
		{7C164F8C-7AEE-455A-97BD-C9F43939D4E5}.Debug|ARM.ActiveCfg = Debug|iPhone
		{7C164F8C-7AEE-455A-97BD-C9F43939D4E5}.Debug|ARM.Build.0 = Debug|iPhone
		{7C164F8C-7AEE-455A-97BD-C9F43939D4E5}.Debug|ARM.Deploy.0 = Debug|iPhone
		{7C164F8C-7AEE-455A-97BD-C9F43939D4E5}.Debug|iPhone.ActiveCfg = Debug|iPhone
		{7C164F8C-7AEE-455A-97BD-C9F43939D4E5}.Debug|iPhone.Build.0 = Debug|iPhone
		{7C164F8C-7AEE-455A-97BD-C9F43939D4E5}.Debug|iPhone.Deploy.0 = Debug|iPhone
		{7C164F8C-7AEE-455A-97BD-C9F43939D4E5}.Debug|iPhoneSimulator.ActiveCfg = Debug|iPhoneSimulator
		{7C164F8C-7AEE-455A-97BD-C9F43939D4E5}.Debug|iPhoneSimulator.Build.0 = Debug|iPhoneSimulator
		{7C164F8C-7AEE-455A-97BD-C9F43939D4E5}.Debug|iPhoneSimulator.Deploy.0 = Debug|iPhoneSimulator
		{7C164F8C-7AEE-455A-97BD-C9F43939D4E5}.Debug|x64.ActiveCfg = Debug|iPhone
		{7C164F8C-7AEE-455A-97BD-C9F43939D4E5}.Debug|x64.Build.0 = Debug|iPhone
		{7C164F8C-7AEE-455A-97BD-C9F43939D4E5}.Debug|x64.Deploy.0 = Debug|iPhone
		{7C164F8C-7AEE-455A-97BD-C9F43939D4E5}.Debug|x86.ActiveCfg = Debug|iPhone
		{7C164F8C-7AEE-455A-97BD-C9F43939D4E5}.Debug|x86.Build.0 = Debug|iPhone
		{7C164F8C-7AEE-455A-97BD-C9F43939D4E5}.Debug|x86.Deploy.0 = Debug|iPhone
		{7C164F8C-7AEE-455A-97BD-C9F43939D4E5}.Release|Any CPU.ActiveCfg = Release|iPhone
		{7C164F8C-7AEE-455A-97BD-C9F43939D4E5}.Release|Any CPU.Build.0 = Release|iPhone
		{7C164F8C-7AEE-455A-97BD-C9F43939D4E5}.Release|Any CPU.Deploy.0 = Release|iPhone
		{7C164F8C-7AEE-455A-97BD-C9F43939D4E5}.Release|ARM.ActiveCfg = Release|iPhone
		{7C164F8C-7AEE-455A-97BD-C9F43939D4E5}.Release|ARM.Build.0 = Release|iPhone
		{7C164F8C-7AEE-455A-97BD-C9F43939D4E5}.Release|ARM.Deploy.0 = Release|iPhone
		{7C164F8C-7AEE-455A-97BD-C9F43939D4E5}.Release|iPhone.ActiveCfg = Release|iPhone
		{7C164F8C-7AEE-455A-97BD-C9F43939D4E5}.Release|iPhone.Build.0 = Release|iPhone
		{7C164F8C-7AEE-455A-97BD-C9F43939D4E5}.Release|iPhone.Deploy.0 = Release|iPhone
		{7C164F8C-7AEE-455A-97BD-C9F43939D4E5}.Release|iPhoneSimulator.ActiveCfg = Release|iPhoneSimulator
		{7C164F8C-7AEE-455A-97BD-C9F43939D4E5}.Release|iPhoneSimulator.Build.0 = Release|iPhoneSimulator
		{7C164F8C-7AEE-455A-97BD-C9F43939D4E5}.Release|iPhoneSimulator.Deploy.0 = Release|iPhoneSimulator
		{7C164F8C-7AEE-455A-97BD-C9F43939D4E5}.Release|x64.ActiveCfg = Release|iPhone
		{7C164F8C-7AEE-455A-97BD-C9F43939D4E5}.Release|x64.Build.0 = Release|iPhone
		{7C164F8C-7AEE-455A-97BD-C9F43939D4E5}.Release|x64.Deploy.0 = Release|iPhone
		{7C164F8C-7AEE-455A-97BD-C9F43939D4E5}.Release|x86.ActiveCfg = Release|iPhone
		{7C164F8C-7AEE-455A-97BD-C9F43939D4E5}.Release|x86.Build.0 = Release|iPhone
		{7C164F8C-7AEE-455A-97BD-C9F43939D4E5}.Release|x86.Deploy.0 = Release|iPhone
		{39B80191-31CC-4B79-B565-1C83BFFCD69E}.Ad-Hoc|Any CPU.ActiveCfg = Release|x86
		{39B80191-31CC-4B79-B565-1C83BFFCD69E}.Ad-Hoc|Any CPU.Build.0 = Release|x86
		{39B80191-31CC-4B79-B565-1C83BFFCD69E}.Ad-Hoc|Any CPU.Deploy.0 = Release|x86
		{39B80191-31CC-4B79-B565-1C83BFFCD69E}.Ad-Hoc|ARM.ActiveCfg = Release|ARM
		{39B80191-31CC-4B79-B565-1C83BFFCD69E}.Ad-Hoc|ARM.Build.0 = Release|ARM
		{39B80191-31CC-4B79-B565-1C83BFFCD69E}.Ad-Hoc|ARM.Deploy.0 = Release|ARM
		{39B80191-31CC-4B79-B565-1C83BFFCD69E}.Ad-Hoc|iPhone.ActiveCfg = Release|x86
		{39B80191-31CC-4B79-B565-1C83BFFCD69E}.Ad-Hoc|iPhone.Build.0 = Release|x86
		{39B80191-31CC-4B79-B565-1C83BFFCD69E}.Ad-Hoc|iPhone.Deploy.0 = Release|x86
		{39B80191-31CC-4B79-B565-1C83BFFCD69E}.Ad-Hoc|iPhoneSimulator.ActiveCfg = Release|x86
		{39B80191-31CC-4B79-B565-1C83BFFCD69E}.Ad-Hoc|iPhoneSimulator.Build.0 = Release|x86
		{39B80191-31CC-4B79-B565-1C83BFFCD69E}.Ad-Hoc|iPhoneSimulator.Deploy.0 = Release|x86
		{39B80191-31CC-4B79-B565-1C83BFFCD69E}.Ad-Hoc|x64.ActiveCfg = Release|x64
		{39B80191-31CC-4B79-B565-1C83BFFCD69E}.Ad-Hoc|x64.Build.0 = Release|x64
		{39B80191-31CC-4B79-B565-1C83BFFCD69E}.Ad-Hoc|x64.Deploy.0 = Release|x64
		{39B80191-31CC-4B79-B565-1C83BFFCD69E}.Ad-Hoc|x86.ActiveCfg = Release|x86
		{39B80191-31CC-4B79-B565-1C83BFFCD69E}.Ad-Hoc|x86.Build.0 = Release|x86
		{39B80191-31CC-4B79-B565-1C83BFFCD69E}.Ad-Hoc|x86.Deploy.0 = Release|x86
		{39B80191-31CC-4B79-B565-1C83BFFCD69E}.AppStore|Any CPU.ActiveCfg = Release|x86
		{39B80191-31CC-4B79-B565-1C83BFFCD69E}.AppStore|Any CPU.Build.0 = Release|x86
		{39B80191-31CC-4B79-B565-1C83BFFCD69E}.AppStore|Any CPU.Deploy.0 = Release|x86
		{39B80191-31CC-4B79-B565-1C83BFFCD69E}.AppStore|ARM.ActiveCfg = Release|ARM
		{39B80191-31CC-4B79-B565-1C83BFFCD69E}.AppStore|ARM.Build.0 = Release|ARM
		{39B80191-31CC-4B79-B565-1C83BFFCD69E}.AppStore|ARM.Deploy.0 = Release|ARM
		{39B80191-31CC-4B79-B565-1C83BFFCD69E}.AppStore|iPhone.ActiveCfg = Release|x86
		{39B80191-31CC-4B79-B565-1C83BFFCD69E}.AppStore|iPhone.Build.0 = Release|x86
		{39B80191-31CC-4B79-B565-1C83BFFCD69E}.AppStore|iPhone.Deploy.0 = Release|x86
		{39B80191-31CC-4B79-B565-1C83BFFCD69E}.AppStore|iPhoneSimulator.ActiveCfg = Release|x86
		{39B80191-31CC-4B79-B565-1C83BFFCD69E}.AppStore|iPhoneSimulator.Build.0 = Release|x86
		{39B80191-31CC-4B79-B565-1C83BFFCD69E}.AppStore|iPhoneSimulator.Deploy.0 = Release|x86
		{39B80191-31CC-4B79-B565-1C83BFFCD69E}.AppStore|x64.ActiveCfg = Release|x64
		{39B80191-31CC-4B79-B565-1C83BFFCD69E}.AppStore|x64.Build.0 = Release|x64
		{39B80191-31CC-4B79-B565-1C83BFFCD69E}.AppStore|x64.Deploy.0 = Release|x64
		{39B80191-31CC-4B79-B565-1C83BFFCD69E}.AppStore|x86.ActiveCfg = Release|x86
		{39B80191-31CC-4B79-B565-1C83BFFCD69E}.AppStore|x86.Build.0 = Release|x86
		{39B80191-31CC-4B79-B565-1C83BFFCD69E}.AppStore|x86.Deploy.0 = Release|x86
		{39B80191-31CC-4B79-B565-1C83BFFCD69E}.Debug|Any CPU.ActiveCfg = Debug|x86
		{39B80191-31CC-4B79-B565-1C83BFFCD69E}.Debug|Any CPU.Build.0 = Debug|x86
		{39B80191-31CC-4B79-B565-1C83BFFCD69E}.Debug|Any CPU.Deploy.0 = Debug|x86
		{39B80191-31CC-4B79-B565-1C83BFFCD69E}.Debug|ARM.ActiveCfg = Debug|ARM
		{39B80191-31CC-4B79-B565-1C83BFFCD69E}.Debug|ARM.Build.0 = Debug|ARM
		{39B80191-31CC-4B79-B565-1C83BFFCD69E}.Debug|ARM.Deploy.0 = Debug|ARM
		{39B80191-31CC-4B79-B565-1C83BFFCD69E}.Debug|iPhone.ActiveCfg = Debug|x86
		{39B80191-31CC-4B79-B565-1C83BFFCD69E}.Debug|iPhone.Build.0 = Debug|x86
		{39B80191-31CC-4B79-B565-1C83BFFCD69E}.Debug|iPhone.Deploy.0 = Debug|x86
		{39B80191-31CC-4B79-B565-1C83BFFCD69E}.Debug|iPhoneSimulator.ActiveCfg = Debug|x86
		{39B80191-31CC-4B79-B565-1C83BFFCD69E}.Debug|iPhoneSimulator.Build.0 = Debug|x86
		{39B80191-31CC-4B79-B565-1C83BFFCD69E}.Debug|iPhoneSimulator.Deploy.0 = Debug|x86
		{39B80191-31CC-4B79-B565-1C83BFFCD69E}.Debug|x64.ActiveCfg = Debug|x64
		{39B80191-31CC-4B79-B565-1C83BFFCD69E}.Debug|x64.Build.0 = Debug|x64
		{39B80191-31CC-4B79-B565-1C83BFFCD69E}.Debug|x64.Deploy.0 = Debug|x64
		{39B80191-31CC-4B79-B565-1C83BFFCD69E}.Debug|x86.ActiveCfg = Debug|x86
		{39B80191-31CC-4B79-B565-1C83BFFCD69E}.Debug|x86.Build.0 = Debug|x86
		{39B80191-31CC-4B79-B565-1C83BFFCD69E}.Debug|x86.Deploy.0 = Debug|x86
		{39B80191-31CC-4B79-B565-1C83BFFCD69E}.Release|Any CPU.ActiveCfg = Release|x86
		{39B80191-31CC-4B79-B565-1C83BFFCD69E}.Release|Any CPU.Build.0 = Release|x86
		{39B80191-31CC-4B79-B565-1C83BFFCD69E}.Release|Any CPU.Deploy.0 = Release|x86
		{39B80191-31CC-4B79-B565-1C83BFFCD69E}.Release|ARM.ActiveCfg = Release|ARM
		{39B80191-31CC-4B79-B565-1C83BFFCD69E}.Release|ARM.Build.0 = Release|ARM
		{39B80191-31CC-4B79-B565-1C83BFFCD69E}.Release|ARM.Deploy.0 = Release|ARM
		{39B80191-31CC-4B79-B565-1C83BFFCD69E}.Release|iPhone.ActiveCfg = Release|x86
		{39B80191-31CC-4B79-B565-1C83BFFCD69E}.Release|iPhone.Build.0 = Release|x86
		{39B80191-31CC-4B79-B565-1C83BFFCD69E}.Release|iPhone.Deploy.0 = Release|x86
		{39B80191-31CC-4B79-B565-1C83BFFCD69E}.Release|iPhoneSimulator.ActiveCfg = Release|x86
		{39B80191-31CC-4B79-B565-1C83BFFCD69E}.Release|iPhoneSimulator.Build.0 = Release|x86
		{39B80191-31CC-4B79-B565-1C83BFFCD69E}.Release|iPhoneSimulator.Deploy.0 = Release|x86
		{39B80191-31CC-4B79-B565-1C83BFFCD69E}.Release|x64.ActiveCfg = Release|x64
		{39B80191-31CC-4B79-B565-1C83BFFCD69E}.Release|x64.Build.0 = Release|x64
		{39B80191-31CC-4B79-B565-1C83BFFCD69E}.Release|x64.Deploy.0 = Release|x64
		{39B80191-31CC-4B79-B565-1C83BFFCD69E}.Release|x86.ActiveCfg = Release|x86
		{39B80191-31CC-4B79-B565-1C83BFFCD69E}.Release|x86.Build.0 = Release|x86
		{39B80191-31CC-4B79-B565-1C83BFFCD69E}.Release|x86.Deploy.0 = Release|x86
		{DF83EA0D-4766-4CF4-AC9E-CFA122F78726}.Ad-Hoc|Any CPU.ActiveCfg = Debug|Any CPU
		{DF83EA0D-4766-4CF4-AC9E-CFA122F78726}.Ad-Hoc|Any CPU.Build.0 = Debug|Any CPU
		{DF83EA0D-4766-4CF4-AC9E-CFA122F78726}.Ad-Hoc|Any CPU.Deploy.0 = Debug|Any CPU
		{DF83EA0D-4766-4CF4-AC9E-CFA122F78726}.Ad-Hoc|ARM.ActiveCfg = Debug|Any CPU
		{DF83EA0D-4766-4CF4-AC9E-CFA122F78726}.Ad-Hoc|ARM.Build.0 = Debug|Any CPU
		{DF83EA0D-4766-4CF4-AC9E-CFA122F78726}.Ad-Hoc|ARM.Deploy.0 = Debug|Any CPU
		{DF83EA0D-4766-4CF4-AC9E-CFA122F78726}.Ad-Hoc|iPhone.ActiveCfg = Debug|Any CPU
		{DF83EA0D-4766-4CF4-AC9E-CFA122F78726}.Ad-Hoc|iPhone.Build.0 = Debug|Any CPU
		{DF83EA0D-4766-4CF4-AC9E-CFA122F78726}.Ad-Hoc|iPhone.Deploy.0 = Debug|Any CPU
		{DF83EA0D-4766-4CF4-AC9E-CFA122F78726}.Ad-Hoc|iPhoneSimulator.ActiveCfg = Debug|Any CPU
		{DF83EA0D-4766-4CF4-AC9E-CFA122F78726}.Ad-Hoc|iPhoneSimulator.Build.0 = Debug|Any CPU
		{DF83EA0D-4766-4CF4-AC9E-CFA122F78726}.Ad-Hoc|iPhoneSimulator.Deploy.0 = Debug|Any CPU
		{DF83EA0D-4766-4CF4-AC9E-CFA122F78726}.Ad-Hoc|x64.ActiveCfg = Debug|Any CPU
		{DF83EA0D-4766-4CF4-AC9E-CFA122F78726}.Ad-Hoc|x64.Build.0 = Debug|Any CPU
		{DF83EA0D-4766-4CF4-AC9E-CFA122F78726}.Ad-Hoc|x64.Deploy.0 = Debug|Any CPU
		{DF83EA0D-4766-4CF4-AC9E-CFA122F78726}.Ad-Hoc|x86.ActiveCfg = Debug|Any CPU
		{DF83EA0D-4766-4CF4-AC9E-CFA122F78726}.Ad-Hoc|x86.Build.0 = Debug|Any CPU
		{DF83EA0D-4766-4CF4-AC9E-CFA122F78726}.Ad-Hoc|x86.Deploy.0 = Debug|Any CPU
		{DF83EA0D-4766-4CF4-AC9E-CFA122F78726}.AppStore|Any CPU.ActiveCfg = Debug|Any CPU
		{DF83EA0D-4766-4CF4-AC9E-CFA122F78726}.AppStore|Any CPU.Build.0 = Debug|Any CPU
		{DF83EA0D-4766-4CF4-AC9E-CFA122F78726}.AppStore|Any CPU.Deploy.0 = Debug|Any CPU
		{DF83EA0D-4766-4CF4-AC9E-CFA122F78726}.AppStore|ARM.ActiveCfg = Debug|Any CPU
		{DF83EA0D-4766-4CF4-AC9E-CFA122F78726}.AppStore|ARM.Build.0 = Debug|Any CPU
		{DF83EA0D-4766-4CF4-AC9E-CFA122F78726}.AppStore|ARM.Deploy.0 = Debug|Any CPU
		{DF83EA0D-4766-4CF4-AC9E-CFA122F78726}.AppStore|iPhone.ActiveCfg = Debug|Any CPU
		{DF83EA0D-4766-4CF4-AC9E-CFA122F78726}.AppStore|iPhone.Build.0 = Debug|Any CPU
		{DF83EA0D-4766-4CF4-AC9E-CFA122F78726}.AppStore|iPhone.Deploy.0 = Debug|Any CPU
		{DF83EA0D-4766-4CF4-AC9E-CFA122F78726}.AppStore|iPhoneSimulator.ActiveCfg = Debug|Any CPU
		{DF83EA0D-4766-4CF4-AC9E-CFA122F78726}.AppStore|iPhoneSimulator.Build.0 = Debug|Any CPU
		{DF83EA0D-4766-4CF4-AC9E-CFA122F78726}.AppStore|iPhoneSimulator.Deploy.0 = Debug|Any CPU
		{DF83EA0D-4766-4CF4-AC9E-CFA122F78726}.AppStore|x64.ActiveCfg = Debug|Any CPU
		{DF83EA0D-4766-4CF4-AC9E-CFA122F78726}.AppStore|x64.Build.0 = Debug|Any CPU
		{DF83EA0D-4766-4CF4-AC9E-CFA122F78726}.AppStore|x64.Deploy.0 = Debug|Any CPU
		{DF83EA0D-4766-4CF4-AC9E-CFA122F78726}.AppStore|x86.ActiveCfg = Debug|Any CPU
		{DF83EA0D-4766-4CF4-AC9E-CFA122F78726}.AppStore|x86.Build.0 = Debug|Any CPU
		{DF83EA0D-4766-4CF4-AC9E-CFA122F78726}.AppStore|x86.Deploy.0 = Debug|Any CPU
		{DF83EA0D-4766-4CF4-AC9E-CFA122F78726}.Debug|Any CPU.ActiveCfg = Debug|Any CPU
		{DF83EA0D-4766-4CF4-AC9E-CFA122F78726}.Debug|Any CPU.Build.0 = Debug|Any CPU
		{DF83EA0D-4766-4CF4-AC9E-CFA122F78726}.Debug|Any CPU.Deploy.0 = Debug|Any CPU
		{DF83EA0D-4766-4CF4-AC9E-CFA122F78726}.Debug|ARM.ActiveCfg = Debug|Any CPU
		{DF83EA0D-4766-4CF4-AC9E-CFA122F78726}.Debug|ARM.Build.0 = Debug|Any CPU
		{DF83EA0D-4766-4CF4-AC9E-CFA122F78726}.Debug|ARM.Deploy.0 = Debug|Any CPU
		{DF83EA0D-4766-4CF4-AC9E-CFA122F78726}.Debug|iPhone.ActiveCfg = Debug|Any CPU
		{DF83EA0D-4766-4CF4-AC9E-CFA122F78726}.Debug|iPhone.Build.0 = Debug|Any CPU
		{DF83EA0D-4766-4CF4-AC9E-CFA122F78726}.Debug|iPhone.Deploy.0 = Debug|Any CPU
		{DF83EA0D-4766-4CF4-AC9E-CFA122F78726}.Debug|iPhoneSimulator.ActiveCfg = Debug|Any CPU
		{DF83EA0D-4766-4CF4-AC9E-CFA122F78726}.Debug|iPhoneSimulator.Build.0 = Debug|Any CPU
		{DF83EA0D-4766-4CF4-AC9E-CFA122F78726}.Debug|iPhoneSimulator.Deploy.0 = Debug|Any CPU
		{DF83EA0D-4766-4CF4-AC9E-CFA122F78726}.Debug|x64.ActiveCfg = Debug|Any CPU
		{DF83EA0D-4766-4CF4-AC9E-CFA122F78726}.Debug|x64.Build.0 = Debug|Any CPU
		{DF83EA0D-4766-4CF4-AC9E-CFA122F78726}.Debug|x64.Deploy.0 = Debug|Any CPU
		{DF83EA0D-4766-4CF4-AC9E-CFA122F78726}.Debug|x86.ActiveCfg = Debug|Any CPU
		{DF83EA0D-4766-4CF4-AC9E-CFA122F78726}.Debug|x86.Build.0 = Debug|Any CPU
		{DF83EA0D-4766-4CF4-AC9E-CFA122F78726}.Debug|x86.Deploy.0 = Debug|Any CPU
		{DF83EA0D-4766-4CF4-AC9E-CFA122F78726}.Release|Any CPU.ActiveCfg = Release|Any CPU
		{DF83EA0D-4766-4CF4-AC9E-CFA122F78726}.Release|Any CPU.Build.0 = Release|Any CPU
		{DF83EA0D-4766-4CF4-AC9E-CFA122F78726}.Release|Any CPU.Deploy.0 = Release|Any CPU
		{DF83EA0D-4766-4CF4-AC9E-CFA122F78726}.Release|ARM.ActiveCfg = Release|Any CPU
		{DF83EA0D-4766-4CF4-AC9E-CFA122F78726}.Release|ARM.Build.0 = Release|Any CPU
		{DF83EA0D-4766-4CF4-AC9E-CFA122F78726}.Release|ARM.Deploy.0 = Release|Any CPU
		{DF83EA0D-4766-4CF4-AC9E-CFA122F78726}.Release|iPhone.ActiveCfg = Release|Any CPU
		{DF83EA0D-4766-4CF4-AC9E-CFA122F78726}.Release|iPhone.Build.0 = Release|Any CPU
		{DF83EA0D-4766-4CF4-AC9E-CFA122F78726}.Release|iPhone.Deploy.0 = Release|Any CPU
		{DF83EA0D-4766-4CF4-AC9E-CFA122F78726}.Release|iPhoneSimulator.ActiveCfg = Release|Any CPU
		{DF83EA0D-4766-4CF4-AC9E-CFA122F78726}.Release|iPhoneSimulator.Build.0 = Release|Any CPU
		{DF83EA0D-4766-4CF4-AC9E-CFA122F78726}.Release|iPhoneSimulator.Deploy.0 = Release|Any CPU
		{DF83EA0D-4766-4CF4-AC9E-CFA122F78726}.Release|x64.ActiveCfg = Release|Any CPU
		{DF83EA0D-4766-4CF4-AC9E-CFA122F78726}.Release|x64.Build.0 = Release|Any CPU
		{DF83EA0D-4766-4CF4-AC9E-CFA122F78726}.Release|x64.Deploy.0 = Release|Any CPU
		{DF83EA0D-4766-4CF4-AC9E-CFA122F78726}.Release|x86.ActiveCfg = Release|Any CPU
		{DF83EA0D-4766-4CF4-AC9E-CFA122F78726}.Release|x86.Build.0 = Release|Any CPU
		{DF83EA0D-4766-4CF4-AC9E-CFA122F78726}.Release|x86.Deploy.0 = Release|Any CPU
	EndGlobalSection
	GlobalSection(SolutionProperties) = preSolution
		HideSolutionNode = FALSE
	EndGlobalSection
	GlobalSection(ExtensibilityGlobals) = postSolution
		SolutionGuid = {AD2B9DFB-BC78-4BD2-B53F-C603EF3E3AED}
	EndGlobalSection
EndGlobal
