
Microsoft Visual Studio Solution File, Format Version 12.00
# Visual Studio 15
VisualStudioVersion = 15.0.28010.2003
MinimumVisualStudioVersion = 10.0.40219.1
Project("{FAE04EC0-301F-11D3-BF4B-00C04F79EFBC}") = "UsingEventAggregator.Android", "src\UsingEventAggregator.Android\UsingEventAggregator.Android.csproj", "{1DDF5781-DAEB-437F-B72C-43ED2BE7C0E7}"
EndProject
Project("{FAE04EC0-301F-11D3-BF4B-00C04F79EFBC}") = "UsingEventAggregator.iOS", "src\UsingEventAggregator.iOS\UsingEventAggregator.iOS.csproj", "{DECA6B0A-C935-4115-AE99-0D4D32F05541}"
EndProject
Project("{FAE04EC0-301F-11D3-BF4B-00C04F79EFBC}") = "UsingEventAggregator.UWP", "src\UsingEventAggregator.UWP\UsingEventAggregator.UWP.csproj", "{902B709E-D307-4D76-AA4A-DD80C263FCC8}"
EndProject
Project("{FAE04EC0-301F-11D3-BF4B-00C04F79EFBC}") = "UsingEventAggregator", "src\UsingEventAggregator\UsingEventAggregator.csproj", "{AFD8567B-5412-4611-A06D-91B75CAD1E6F}"
EndProject
Project("{FAE04EC0-301F-11D3-BF4B-00C04F79EFBC}") = "UsingEventAggregator.Models", "src\UsingEventAggregator.Models\UsingEventAggregator.Models.csproj", "{56072DE0-13E8-496E-A753-28A3F551F571}"
EndProject
Global
	GlobalSection(SolutionConfigurationPlatforms) = preSolution
		Ad-Hoc|Any CPU = Ad-Hoc|Any CPU
		Ad-Hoc|ARM = Ad-Hoc|ARM
		Ad-Hoc|iPhone = Ad-Hoc|iPhone
		Ad-Hoc|iPhoneSimulator = Ad-Hoc|iPhoneSimulator
		Ad-Hoc|x64 = Ad-Hoc|x64
		Ad-Hoc|x86 = Ad-Hoc|x86
		AppStore|Any CPU = AppStore|Any CPU
		AppStore|ARM = AppStore|ARM
		AppStore|iPhone = AppStore|iPhone
		AppStore|iPhoneSimulator = AppStore|iPhoneSimulator
		AppStore|x64 = AppStore|x64
		AppStore|x86 = AppStore|x86
		Debug|Any CPU = Debug|Any CPU
		Debug|ARM = Debug|ARM
		Debug|iPhone = Debug|iPhone
		Debug|iPhoneSimulator = Debug|iPhoneSimulator
		Debug|x64 = Debug|x64
		Debug|x86 = Debug|x86
		Release|Any CPU = Release|Any CPU
		Release|ARM = Release|ARM
		Release|iPhone = Release|iPhone
		Release|iPhoneSimulator = Release|iPhoneSimulator
		Release|x64 = Release|x64
		Release|x86 = Release|x86
	EndGlobalSection
	GlobalSection(ProjectConfigurationPlatforms) = postSolution
		{1DDF5781-DAEB-437F-B72C-43ED2BE7C0E7}.Ad-Hoc|Any CPU.ActiveCfg = Release|Any CPU
		{1DDF5781-DAEB-437F-B72C-43ED2BE7C0E7}.Ad-Hoc|Any CPU.Build.0 = Release|Any CPU
		{1DDF5781-DAEB-437F-B72C-43ED2BE7C0E7}.Ad-Hoc|Any CPU.Deploy.0 = Release|Any CPU
		{1DDF5781-DAEB-437F-B72C-43ED2BE7C0E7}.Ad-Hoc|ARM.ActiveCfg = Release|Any CPU
		{1DDF5781-DAEB-437F-B72C-43ED2BE7C0E7}.Ad-Hoc|ARM.Build.0 = Release|Any CPU
		{1DDF5781-DAEB-437F-B72C-43ED2BE7C0E7}.Ad-Hoc|ARM.Deploy.0 = Release|Any CPU
		{1DDF5781-DAEB-437F-B72C-43ED2BE7C0E7}.Ad-Hoc|iPhone.ActiveCfg = Release|Any CPU
		{1DDF5781-DAEB-437F-B72C-43ED2BE7C0E7}.Ad-Hoc|iPhone.Build.0 = Release|Any CPU
		{1DDF5781-DAEB-437F-B72C-43ED2BE7C0E7}.Ad-Hoc|iPhone.Deploy.0 = Release|Any CPU
		{1DDF5781-DAEB-437F-B72C-43ED2BE7C0E7}.Ad-Hoc|iPhoneSimulator.ActiveCfg = Release|Any CPU
		{1DDF5781-DAEB-437F-B72C-43ED2BE7C0E7}.Ad-Hoc|iPhoneSimulator.Build.0 = Release|Any CPU
		{1DDF5781-DAEB-437F-B72C-43ED2BE7C0E7}.Ad-Hoc|iPhoneSimulator.Deploy.0 = Release|Any CPU
		{1DDF5781-DAEB-437F-B72C-43ED2BE7C0E7}.Ad-Hoc|x64.ActiveCfg = Release|Any CPU
		{1DDF5781-DAEB-437F-B72C-43ED2BE7C0E7}.Ad-Hoc|x64.Build.0 = Release|Any CPU
		{1DDF5781-DAEB-437F-B72C-43ED2BE7C0E7}.Ad-Hoc|x64.Deploy.0 = Release|Any CPU
		{1DDF5781-DAEB-437F-B72C-43ED2BE7C0E7}.Ad-Hoc|x86.ActiveCfg = Release|Any CPU
		{1DDF5781-DAEB-437F-B72C-43ED2BE7C0E7}.Ad-Hoc|x86.Build.0 = Release|Any CPU
		{1DDF5781-DAEB-437F-B72C-43ED2BE7C0E7}.Ad-Hoc|x86.Deploy.0 = Release|Any CPU
		{1DDF5781-DAEB-437F-B72C-43ED2BE7C0E7}.AppStore|Any CPU.ActiveCfg = Release|Any CPU
		{1DDF5781-DAEB-437F-B72C-43ED2BE7C0E7}.AppStore|Any CPU.Build.0 = Release|Any CPU
		{1DDF5781-DAEB-437F-B72C-43ED2BE7C0E7}.AppStore|Any CPU.Deploy.0 = Release|Any CPU
		{1DDF5781-DAEB-437F-B72C-43ED2BE7C0E7}.AppStore|ARM.ActiveCfg = Release|Any CPU
		{1DDF5781-DAEB-437F-B72C-43ED2BE7C0E7}.AppStore|ARM.Build.0 = Release|Any CPU
		{1DDF5781-DAEB-437F-B72C-43ED2BE7C0E7}.AppStore|ARM.Deploy.0 = Release|Any CPU
		{1DDF5781-DAEB-437F-B72C-43ED2BE7C0E7}.AppStore|iPhone.ActiveCfg = Release|Any CPU
		{1DDF5781-DAEB-437F-B72C-43ED2BE7C0E7}.AppStore|iPhone.Build.0 = Release|Any CPU
		{1DDF5781-DAEB-437F-B72C-43ED2BE7C0E7}.AppStore|iPhone.Deploy.0 = Release|Any CPU
		{1DDF5781-DAEB-437F-B72C-43ED2BE7C0E7}.AppStore|iPhoneSimulator.ActiveCfg = Release|Any CPU
		{1DDF5781-DAEB-437F-B72C-43ED2BE7C0E7}.AppStore|iPhoneSimulator.Build.0 = Release|Any CPU
		{1DDF5781-DAEB-437F-B72C-43ED2BE7C0E7}.AppStore|iPhoneSimulator.Deploy.0 = Release|Any CPU
		{1DDF5781-DAEB-437F-B72C-43ED2BE7C0E7}.AppStore|x64.ActiveCfg = Release|Any CPU
		{1DDF5781-DAEB-437F-B72C-43ED2BE7C0E7}.AppStore|x64.Build.0 = Release|Any CPU
		{1DDF5781-DAEB-437F-B72C-43ED2BE7C0E7}.AppStore|x64.Deploy.0 = Release|Any CPU
		{1DDF5781-DAEB-437F-B72C-43ED2BE7C0E7}.AppStore|x86.ActiveCfg = Release|Any CPU
		{1DDF5781-DAEB-437F-B72C-43ED2BE7C0E7}.AppStore|x86.Build.0 = Release|Any CPU
		{1DDF5781-DAEB-437F-B72C-43ED2BE7C0E7}.AppStore|x86.Deploy.0 = Release|Any CPU
		{1DDF5781-DAEB-437F-B72C-43ED2BE7C0E7}.Debug|Any CPU.ActiveCfg = Debug|Any CPU
		{1DDF5781-DAEB-437F-B72C-43ED2BE7C0E7}.Debug|Any CPU.Build.0 = Debug|Any CPU
		{1DDF5781-DAEB-437F-B72C-43ED2BE7C0E7}.Debug|Any CPU.Deploy.0 = Debug|Any CPU
		{1DDF5781-DAEB-437F-B72C-43ED2BE7C0E7}.Debug|ARM.ActiveCfg = Debug|Any CPU
		{1DDF5781-DAEB-437F-B72C-43ED2BE7C0E7}.Debug|ARM.Build.0 = Debug|Any CPU
		{1DDF5781-DAEB-437F-B72C-43ED2BE7C0E7}.Debug|ARM.Deploy.0 = Debug|Any CPU
		{1DDF5781-DAEB-437F-B72C-43ED2BE7C0E7}.Debug|iPhone.ActiveCfg = Debug|Any CPU
		{1DDF5781-DAEB-437F-B72C-43ED2BE7C0E7}.Debug|iPhone.Build.0 = Debug|Any CPU
		{1DDF5781-DAEB-437F-B72C-43ED2BE7C0E7}.Debug|iPhone.Deploy.0 = Debug|Any CPU
		{1DDF5781-DAEB-437F-B72C-43ED2BE7C0E7}.Debug|iPhoneSimulator.ActiveCfg = Debug|Any CPU
		{1DDF5781-DAEB-437F-B72C-43ED2BE7C0E7}.Debug|iPhoneSimulator.Build.0 = Debug|Any CPU
		{1DDF5781-DAEB-437F-B72C-43ED2BE7C0E7}.Debug|iPhoneSimulator.Deploy.0 = Debug|Any CPU
		{1DDF5781-DAEB-437F-B72C-43ED2BE7C0E7}.Debug|x64.ActiveCfg = Debug|Any CPU
		{1DDF5781-DAEB-437F-B72C-43ED2BE7C0E7}.Debug|x64.Build.0 = Debug|Any CPU
		{1DDF5781-DAEB-437F-B72C-43ED2BE7C0E7}.Debug|x64.Deploy.0 = Debug|Any CPU
		{1DDF5781-DAEB-437F-B72C-43ED2BE7C0E7}.Debug|x86.ActiveCfg = Debug|Any CPU
		{1DDF5781-DAEB-437F-B72C-43ED2BE7C0E7}.Debug|x86.Build.0 = Debug|Any CPU
		{1DDF5781-DAEB-437F-B72C-43ED2BE7C0E7}.Debug|x86.Deploy.0 = Debug|Any CPU
		{1DDF5781-DAEB-437F-B72C-43ED2BE7C0E7}.Release|Any CPU.ActiveCfg = Release|Any CPU
		{1DDF5781-DAEB-437F-B72C-43ED2BE7C0E7}.Release|Any CPU.Build.0 = Release|Any CPU
		{1DDF5781-DAEB-437F-B72C-43ED2BE7C0E7}.Release|Any CPU.Deploy.0 = Release|Any CPU
		{1DDF5781-DAEB-437F-B72C-43ED2BE7C0E7}.Release|ARM.ActiveCfg = Release|Any CPU
		{1DDF5781-DAEB-437F-B72C-43ED2BE7C0E7}.Release|ARM.Build.0 = Release|Any CPU
		{1DDF5781-DAEB-437F-B72C-43ED2BE7C0E7}.Release|ARM.Deploy.0 = Release|Any CPU
		{1DDF5781-DAEB-437F-B72C-43ED2BE7C0E7}.Release|iPhone.ActiveCfg = Release|Any CPU
		{1DDF5781-DAEB-437F-B72C-43ED2BE7C0E7}.Release|iPhone.Build.0 = Release|Any CPU
		{1DDF5781-DAEB-437F-B72C-43ED2BE7C0E7}.Release|iPhone.Deploy.0 = Release|Any CPU
		{1DDF5781-DAEB-437F-B72C-43ED2BE7C0E7}.Release|iPhoneSimulator.ActiveCfg = Release|Any CPU
		{1DDF5781-DAEB-437F-B72C-43ED2BE7C0E7}.Release|iPhoneSimulator.Build.0 = Release|Any CPU
		{1DDF5781-DAEB-437F-B72C-43ED2BE7C0E7}.Release|iPhoneSimulator.Deploy.0 = Release|Any CPU
		{1DDF5781-DAEB-437F-B72C-43ED2BE7C0E7}.Release|x64.ActiveCfg = Release|Any CPU
		{1DDF5781-DAEB-437F-B72C-43ED2BE7C0E7}.Release|x64.Build.0 = Release|Any CPU
		{1DDF5781-DAEB-437F-B72C-43ED2BE7C0E7}.Release|x64.Deploy.0 = Release|Any CPU
		{1DDF5781-DAEB-437F-B72C-43ED2BE7C0E7}.Release|x86.ActiveCfg = Release|Any CPU
		{1DDF5781-DAEB-437F-B72C-43ED2BE7C0E7}.Release|x86.Build.0 = Release|Any CPU
		{1DDF5781-DAEB-437F-B72C-43ED2BE7C0E7}.Release|x86.Deploy.0 = Release|Any CPU
		{DECA6B0A-C935-4115-AE99-0D4D32F05541}.Ad-Hoc|Any CPU.ActiveCfg = Ad-Hoc|iPhone
		{DECA6B0A-C935-4115-AE99-0D4D32F05541}.Ad-Hoc|Any CPU.Build.0 = Ad-Hoc|iPhone
		{DECA6B0A-C935-4115-AE99-0D4D32F05541}.Ad-Hoc|Any CPU.Deploy.0 = Ad-Hoc|iPhone
		{DECA6B0A-C935-4115-AE99-0D4D32F05541}.Ad-Hoc|ARM.ActiveCfg = Ad-Hoc|iPhone
		{DECA6B0A-C935-4115-AE99-0D4D32F05541}.Ad-Hoc|ARM.Build.0 = Ad-Hoc|iPhone
		{DECA6B0A-C935-4115-AE99-0D4D32F05541}.Ad-Hoc|ARM.Deploy.0 = Ad-Hoc|iPhone
		{DECA6B0A-C935-4115-AE99-0D4D32F05541}.Ad-Hoc|iPhone.ActiveCfg = Ad-Hoc|iPhone
		{DECA6B0A-C935-4115-AE99-0D4D32F05541}.Ad-Hoc|iPhone.Build.0 = Ad-Hoc|iPhone
		{DECA6B0A-C935-4115-AE99-0D4D32F05541}.Ad-Hoc|iPhone.Deploy.0 = Ad-Hoc|iPhone
		{DECA6B0A-C935-4115-AE99-0D4D32F05541}.Ad-Hoc|iPhoneSimulator.ActiveCfg = Ad-Hoc|iPhoneSimulator
		{DECA6B0A-C935-4115-AE99-0D4D32F05541}.Ad-Hoc|iPhoneSimulator.Build.0 = Ad-Hoc|iPhoneSimulator
		{DECA6B0A-C935-4115-AE99-0D4D32F05541}.Ad-Hoc|iPhoneSimulator.Deploy.0 = Ad-Hoc|iPhoneSimulator
		{DECA6B0A-C935-4115-AE99-0D4D32F05541}.Ad-Hoc|x64.ActiveCfg = Ad-Hoc|iPhone
		{DECA6B0A-C935-4115-AE99-0D4D32F05541}.Ad-Hoc|x64.Build.0 = Ad-Hoc|iPhone
		{DECA6B0A-C935-4115-AE99-0D4D32F05541}.Ad-Hoc|x64.Deploy.0 = Ad-Hoc|iPhone
		{DECA6B0A-C935-4115-AE99-0D4D32F05541}.Ad-Hoc|x86.ActiveCfg = Ad-Hoc|iPhone
		{DECA6B0A-C935-4115-AE99-0D4D32F05541}.Ad-Hoc|x86.Build.0 = Ad-Hoc|iPhone
		{DECA6B0A-C935-4115-AE99-0D4D32F05541}.Ad-Hoc|x86.Deploy.0 = Ad-Hoc|iPhone
		{DECA6B0A-C935-4115-AE99-0D4D32F05541}.AppStore|Any CPU.ActiveCfg = AppStore|iPhone
		{DECA6B0A-C935-4115-AE99-0D4D32F05541}.AppStore|Any CPU.Build.0 = AppStore|iPhone
		{DECA6B0A-C935-4115-AE99-0D4D32F05541}.AppStore|Any CPU.Deploy.0 = AppStore|iPhone
		{DECA6B0A-C935-4115-AE99-0D4D32F05541}.AppStore|ARM.ActiveCfg = AppStore|iPhone
		{DECA6B0A-C935-4115-AE99-0D4D32F05541}.AppStore|ARM.Build.0 = AppStore|iPhone
		{DECA6B0A-C935-4115-AE99-0D4D32F05541}.AppStore|ARM.Deploy.0 = AppStore|iPhone
		{DECA6B0A-C935-4115-AE99-0D4D32F05541}.AppStore|iPhone.ActiveCfg = AppStore|iPhone
		{DECA6B0A-C935-4115-AE99-0D4D32F05541}.AppStore|iPhone.Build.0 = AppStore|iPhone
		{DECA6B0A-C935-4115-AE99-0D4D32F05541}.AppStore|iPhone.Deploy.0 = AppStore|iPhone
		{DECA6B0A-C935-4115-AE99-0D4D32F05541}.AppStore|iPhoneSimulator.ActiveCfg = AppStore|iPhoneSimulator
		{DECA6B0A-C935-4115-AE99-0D4D32F05541}.AppStore|iPhoneSimulator.Build.0 = AppStore|iPhoneSimulator
		{DECA6B0A-C935-4115-AE99-0D4D32F05541}.AppStore|iPhoneSimulator.Deploy.0 = AppStore|iPhoneSimulator
		{DECA6B0A-C935-4115-AE99-0D4D32F05541}.AppStore|x64.ActiveCfg = AppStore|iPhone
		{DECA6B0A-C935-4115-AE99-0D4D32F05541}.AppStore|x64.Build.0 = AppStore|iPhone
		{DECA6B0A-C935-4115-AE99-0D4D32F05541}.AppStore|x64.Deploy.0 = AppStore|iPhone
		{DECA6B0A-C935-4115-AE99-0D4D32F05541}.AppStore|x86.ActiveCfg = AppStore|iPhone
		{DECA6B0A-C935-4115-AE99-0D4D32F05541}.AppStore|x86.Build.0 = AppStore|iPhone
		{DECA6B0A-C935-4115-AE99-0D4D32F05541}.AppStore|x86.Deploy.0 = AppStore|iPhone
		{DECA6B0A-C935-4115-AE99-0D4D32F05541}.Debug|Any CPU.ActiveCfg = Debug|iPhoneSimulator
		{DECA6B0A-C935-4115-AE99-0D4D32F05541}.Debug|Any CPU.Build.0 = Debug|iPhoneSimulator
		{DECA6B0A-C935-4115-AE99-0D4D32F05541}.Debug|Any CPU.Deploy.0 = Debug|iPhoneSimulator
		{DECA6B0A-C935-4115-AE99-0D4D32F05541}.Debug|ARM.ActiveCfg = Debug|iPhone
		{DECA6B0A-C935-4115-AE99-0D4D32F05541}.Debug|ARM.Build.0 = Debug|iPhone
		{DECA6B0A-C935-4115-AE99-0D4D32F05541}.Debug|ARM.Deploy.0 = Debug|iPhone
		{DECA6B0A-C935-4115-AE99-0D4D32F05541}.Debug|iPhone.ActiveCfg = Debug|iPhone
		{DECA6B0A-C935-4115-AE99-0D4D32F05541}.Debug|iPhone.Build.0 = Debug|iPhone
		{DECA6B0A-C935-4115-AE99-0D4D32F05541}.Debug|iPhone.Deploy.0 = Debug|iPhone
		{DECA6B0A-C935-4115-AE99-0D4D32F05541}.Debug|iPhoneSimulator.ActiveCfg = Debug|iPhoneSimulator
		{DECA6B0A-C935-4115-AE99-0D4D32F05541}.Debug|iPhoneSimulator.Build.0 = Debug|iPhoneSimulator
		{DECA6B0A-C935-4115-AE99-0D4D32F05541}.Debug|iPhoneSimulator.Deploy.0 = Debug|iPhoneSimulator
		{DECA6B0A-C935-4115-AE99-0D4D32F05541}.Debug|x64.ActiveCfg = Debug|iPhone
		{DECA6B0A-C935-4115-AE99-0D4D32F05541}.Debug|x64.Build.0 = Debug|iPhone
		{DECA6B0A-C935-4115-AE99-0D4D32F05541}.Debug|x64.Deploy.0 = Debug|iPhone
		{DECA6B0A-C935-4115-AE99-0D4D32F05541}.Debug|x86.ActiveCfg = Debug|iPhone
		{DECA6B0A-C935-4115-AE99-0D4D32F05541}.Debug|x86.Build.0 = Debug|iPhone
		{DECA6B0A-C935-4115-AE99-0D4D32F05541}.Debug|x86.Deploy.0 = Debug|iPhone
		{DECA6B0A-C935-4115-AE99-0D4D32F05541}.Release|Any CPU.ActiveCfg = Release|iPhone
		{DECA6B0A-C935-4115-AE99-0D4D32F05541}.Release|Any CPU.Build.0 = Release|iPhone
		{DECA6B0A-C935-4115-AE99-0D4D32F05541}.Release|Any CPU.Deploy.0 = Release|iPhone
		{DECA6B0A-C935-4115-AE99-0D4D32F05541}.Release|ARM.ActiveCfg = Release|iPhone
		{DECA6B0A-C935-4115-AE99-0D4D32F05541}.Release|ARM.Build.0 = Release|iPhone
		{DECA6B0A-C935-4115-AE99-0D4D32F05541}.Release|ARM.Deploy.0 = Release|iPhone
		{DECA6B0A-C935-4115-AE99-0D4D32F05541}.Release|iPhone.ActiveCfg = Release|iPhone
		{DECA6B0A-C935-4115-AE99-0D4D32F05541}.Release|iPhone.Build.0 = Release|iPhone
		{DECA6B0A-C935-4115-AE99-0D4D32F05541}.Release|iPhone.Deploy.0 = Release|iPhone
		{DECA6B0A-C935-4115-AE99-0D4D32F05541}.Release|iPhoneSimulator.ActiveCfg = Release|iPhoneSimulator
		{DECA6B0A-C935-4115-AE99-0D4D32F05541}.Release|iPhoneSimulator.Build.0 = Release|iPhoneSimulator
		{DECA6B0A-C935-4115-AE99-0D4D32F05541}.Release|iPhoneSimulator.Deploy.0 = Release|iPhoneSimulator
		{DECA6B0A-C935-4115-AE99-0D4D32F05541}.Release|x64.ActiveCfg = Release|iPhone
		{DECA6B0A-C935-4115-AE99-0D4D32F05541}.Release|x64.Build.0 = Release|iPhone
		{DECA6B0A-C935-4115-AE99-0D4D32F05541}.Release|x64.Deploy.0 = Release|iPhone
		{DECA6B0A-C935-4115-AE99-0D4D32F05541}.Release|x86.ActiveCfg = Release|iPhone
		{DECA6B0A-C935-4115-AE99-0D4D32F05541}.Release|x86.Build.0 = Release|iPhone
		{DECA6B0A-C935-4115-AE99-0D4D32F05541}.Release|x86.Deploy.0 = Release|iPhone
		{902B709E-D307-4D76-AA4A-DD80C263FCC8}.Ad-Hoc|Any CPU.ActiveCfg = Release|x86
		{902B709E-D307-4D76-AA4A-DD80C263FCC8}.Ad-Hoc|Any CPU.Build.0 = Release|x86
		{902B709E-D307-4D76-AA4A-DD80C263FCC8}.Ad-Hoc|Any CPU.Deploy.0 = Release|x86
		{902B709E-D307-4D76-AA4A-DD80C263FCC8}.Ad-Hoc|ARM.ActiveCfg = Release|ARM
		{902B709E-D307-4D76-AA4A-DD80C263FCC8}.Ad-Hoc|ARM.Build.0 = Release|ARM
		{902B709E-D307-4D76-AA4A-DD80C263FCC8}.Ad-Hoc|ARM.Deploy.0 = Release|ARM
		{902B709E-D307-4D76-AA4A-DD80C263FCC8}.Ad-Hoc|iPhone.ActiveCfg = Release|x86
		{902B709E-D307-4D76-AA4A-DD80C263FCC8}.Ad-Hoc|iPhone.Build.0 = Release|x86
		{902B709E-D307-4D76-AA4A-DD80C263FCC8}.Ad-Hoc|iPhone.Deploy.0 = Release|x86
		{902B709E-D307-4D76-AA4A-DD80C263FCC8}.Ad-Hoc|iPhoneSimulator.ActiveCfg = Release|x86
		{902B709E-D307-4D76-AA4A-DD80C263FCC8}.Ad-Hoc|iPhoneSimulator.Build.0 = Release|x86
		{902B709E-D307-4D76-AA4A-DD80C263FCC8}.Ad-Hoc|iPhoneSimulator.Deploy.0 = Release|x86
		{902B709E-D307-4D76-AA4A-DD80C263FCC8}.Ad-Hoc|x64.ActiveCfg = Release|x64
		{902B709E-D307-4D76-AA4A-DD80C263FCC8}.Ad-Hoc|x64.Build.0 = Release|x64
		{902B709E-D307-4D76-AA4A-DD80C263FCC8}.Ad-Hoc|x64.Deploy.0 = Release|x64
		{902B709E-D307-4D76-AA4A-DD80C263FCC8}.Ad-Hoc|x86.ActiveCfg = Release|x86
		{902B709E-D307-4D76-AA4A-DD80C263FCC8}.Ad-Hoc|x86.Build.0 = Release|x86
		{902B709E-D307-4D76-AA4A-DD80C263FCC8}.Ad-Hoc|x86.Deploy.0 = Release|x86
		{902B709E-D307-4D76-AA4A-DD80C263FCC8}.AppStore|Any CPU.ActiveCfg = Release|x86
		{902B709E-D307-4D76-AA4A-DD80C263FCC8}.AppStore|Any CPU.Build.0 = Release|x86
		{902B709E-D307-4D76-AA4A-DD80C263FCC8}.AppStore|Any CPU.Deploy.0 = Release|x86
		{902B709E-D307-4D76-AA4A-DD80C263FCC8}.AppStore|ARM.ActiveCfg = Release|ARM
		{902B709E-D307-4D76-AA4A-DD80C263FCC8}.AppStore|ARM.Build.0 = Release|ARM
		{902B709E-D307-4D76-AA4A-DD80C263FCC8}.AppStore|ARM.Deploy.0 = Release|ARM
		{902B709E-D307-4D76-AA4A-DD80C263FCC8}.AppStore|iPhone.ActiveCfg = Release|x86
		{902B709E-D307-4D76-AA4A-DD80C263FCC8}.AppStore|iPhone.Build.0 = Release|x86
		{902B709E-D307-4D76-AA4A-DD80C263FCC8}.AppStore|iPhone.Deploy.0 = Release|x86
		{902B709E-D307-4D76-AA4A-DD80C263FCC8}.AppStore|iPhoneSimulator.ActiveCfg = Release|x86
		{902B709E-D307-4D76-AA4A-DD80C263FCC8}.AppStore|iPhoneSimulator.Build.0 = Release|x86
		{902B709E-D307-4D76-AA4A-DD80C263FCC8}.AppStore|iPhoneSimulator.Deploy.0 = Release|x86
		{902B709E-D307-4D76-AA4A-DD80C263FCC8}.AppStore|x64.ActiveCfg = Release|x64
		{902B709E-D307-4D76-AA4A-DD80C263FCC8}.AppStore|x64.Build.0 = Release|x64
		{902B709E-D307-4D76-AA4A-DD80C263FCC8}.AppStore|x64.Deploy.0 = Release|x64
		{902B709E-D307-4D76-AA4A-DD80C263FCC8}.AppStore|x86.ActiveCfg = Release|x86
		{902B709E-D307-4D76-AA4A-DD80C263FCC8}.AppStore|x86.Build.0 = Release|x86
		{902B709E-D307-4D76-AA4A-DD80C263FCC8}.AppStore|x86.Deploy.0 = Release|x86
		{902B709E-D307-4D76-AA4A-DD80C263FCC8}.Debug|Any CPU.ActiveCfg = Debug|x86
		{902B709E-D307-4D76-AA4A-DD80C263FCC8}.Debug|Any CPU.Build.0 = Debug|x86
		{902B709E-D307-4D76-AA4A-DD80C263FCC8}.Debug|Any CPU.Deploy.0 = Debug|x86
		{902B709E-D307-4D76-AA4A-DD80C263FCC8}.Debug|ARM.ActiveCfg = Debug|ARM
		{902B709E-D307-4D76-AA4A-DD80C263FCC8}.Debug|ARM.Build.0 = Debug|ARM
		{902B709E-D307-4D76-AA4A-DD80C263FCC8}.Debug|ARM.Deploy.0 = Debug|ARM
		{902B709E-D307-4D76-AA4A-DD80C263FCC8}.Debug|iPhone.ActiveCfg = Debug|x86
		{902B709E-D307-4D76-AA4A-DD80C263FCC8}.Debug|iPhone.Build.0 = Debug|x86
		{902B709E-D307-4D76-AA4A-DD80C263FCC8}.Debug|iPhone.Deploy.0 = Debug|x86
		{902B709E-D307-4D76-AA4A-DD80C263FCC8}.Debug|iPhoneSimulator.ActiveCfg = Debug|x86
		{902B709E-D307-4D76-AA4A-DD80C263FCC8}.Debug|iPhoneSimulator.Build.0 = Debug|x86
		{902B709E-D307-4D76-AA4A-DD80C263FCC8}.Debug|iPhoneSimulator.Deploy.0 = Debug|x86
		{902B709E-D307-4D76-AA4A-DD80C263FCC8}.Debug|x64.ActiveCfg = Debug|x64
		{902B709E-D307-4D76-AA4A-DD80C263FCC8}.Debug|x64.Build.0 = Debug|x64
		{902B709E-D307-4D76-AA4A-DD80C263FCC8}.Debug|x64.Deploy.0 = Debug|x64
		{902B709E-D307-4D76-AA4A-DD80C263FCC8}.Debug|x86.ActiveCfg = Debug|x86
		{902B709E-D307-4D76-AA4A-DD80C263FCC8}.Debug|x86.Build.0 = Debug|x86
		{902B709E-D307-4D76-AA4A-DD80C263FCC8}.Debug|x86.Deploy.0 = Debug|x86
		{902B709E-D307-4D76-AA4A-DD80C263FCC8}.Release|Any CPU.ActiveCfg = Release|x86
		{902B709E-D307-4D76-AA4A-DD80C263FCC8}.Release|Any CPU.Build.0 = Release|x86
		{902B709E-D307-4D76-AA4A-DD80C263FCC8}.Release|Any CPU.Deploy.0 = Release|x86
		{902B709E-D307-4D76-AA4A-DD80C263FCC8}.Release|ARM.ActiveCfg = Release|ARM
		{902B709E-D307-4D76-AA4A-DD80C263FCC8}.Release|ARM.Build.0 = Release|ARM
		{902B709E-D307-4D76-AA4A-DD80C263FCC8}.Release|ARM.Deploy.0 = Release|ARM
		{902B709E-D307-4D76-AA4A-DD80C263FCC8}.Release|iPhone.ActiveCfg = Release|x86
		{902B709E-D307-4D76-AA4A-DD80C263FCC8}.Release|iPhone.Build.0 = Release|x86
		{902B709E-D307-4D76-AA4A-DD80C263FCC8}.Release|iPhone.Deploy.0 = Release|x86
		{902B709E-D307-4D76-AA4A-DD80C263FCC8}.Release|iPhoneSimulator.ActiveCfg = Release|x86
		{902B709E-D307-4D76-AA4A-DD80C263FCC8}.Release|iPhoneSimulator.Build.0 = Release|x86
		{902B709E-D307-4D76-AA4A-DD80C263FCC8}.Release|iPhoneSimulator.Deploy.0 = Release|x86
		{902B709E-D307-4D76-AA4A-DD80C263FCC8}.Release|x64.ActiveCfg = Release|x64
		{902B709E-D307-4D76-AA4A-DD80C263FCC8}.Release|x64.Build.0 = Release|x64
		{902B709E-D307-4D76-AA4A-DD80C263FCC8}.Release|x64.Deploy.0 = Release|x64
		{902B709E-D307-4D76-AA4A-DD80C263FCC8}.Release|x86.ActiveCfg = Release|x86
		{902B709E-D307-4D76-AA4A-DD80C263FCC8}.Release|x86.Build.0 = Release|x86
		{902B709E-D307-4D76-AA4A-DD80C263FCC8}.Release|x86.Deploy.0 = Release|x86
		{AFD8567B-5412-4611-A06D-91B75CAD1E6F}.Ad-Hoc|Any CPU.ActiveCfg = Debug|Any CPU
		{AFD8567B-5412-4611-A06D-91B75CAD1E6F}.Ad-Hoc|Any CPU.Build.0 = Debug|Any CPU
		{AFD8567B-5412-4611-A06D-91B75CAD1E6F}.Ad-Hoc|Any CPU.Deploy.0 = Debug|Any CPU
		{AFD8567B-5412-4611-A06D-91B75CAD1E6F}.Ad-Hoc|ARM.ActiveCfg = Debug|Any CPU
		{AFD8567B-5412-4611-A06D-91B75CAD1E6F}.Ad-Hoc|ARM.Build.0 = Debug|Any CPU
		{AFD8567B-5412-4611-A06D-91B75CAD1E6F}.Ad-Hoc|ARM.Deploy.0 = Debug|Any CPU
		{AFD8567B-5412-4611-A06D-91B75CAD1E6F}.Ad-Hoc|iPhone.ActiveCfg = Debug|Any CPU
		{AFD8567B-5412-4611-A06D-91B75CAD1E6F}.Ad-Hoc|iPhone.Build.0 = Debug|Any CPU
		{AFD8567B-5412-4611-A06D-91B75CAD1E6F}.Ad-Hoc|iPhone.Deploy.0 = Debug|Any CPU
		{AFD8567B-5412-4611-A06D-91B75CAD1E6F}.Ad-Hoc|iPhoneSimulator.ActiveCfg = Debug|Any CPU
		{AFD8567B-5412-4611-A06D-91B75CAD1E6F}.Ad-Hoc|iPhoneSimulator.Build.0 = Debug|Any CPU
		{AFD8567B-5412-4611-A06D-91B75CAD1E6F}.Ad-Hoc|iPhoneSimulator.Deploy.0 = Debug|Any CPU
		{AFD8567B-5412-4611-A06D-91B75CAD1E6F}.Ad-Hoc|x64.ActiveCfg = Debug|Any CPU
		{AFD8567B-5412-4611-A06D-91B75CAD1E6F}.Ad-Hoc|x64.Build.0 = Debug|Any CPU
		{AFD8567B-5412-4611-A06D-91B75CAD1E6F}.Ad-Hoc|x64.Deploy.0 = Debug|Any CPU
		{AFD8567B-5412-4611-A06D-91B75CAD1E6F}.Ad-Hoc|x86.ActiveCfg = Debug|Any CPU
		{AFD8567B-5412-4611-A06D-91B75CAD1E6F}.Ad-Hoc|x86.Build.0 = Debug|Any CPU
		{AFD8567B-5412-4611-A06D-91B75CAD1E6F}.Ad-Hoc|x86.Deploy.0 = Debug|Any CPU
		{AFD8567B-5412-4611-A06D-91B75CAD1E6F}.AppStore|Any CPU.ActiveCfg = Debug|Any CPU
		{AFD8567B-5412-4611-A06D-91B75CAD1E6F}.AppStore|Any CPU.Build.0 = Debug|Any CPU
		{AFD8567B-5412-4611-A06D-91B75CAD1E6F}.AppStore|Any CPU.Deploy.0 = Debug|Any CPU
		{AFD8567B-5412-4611-A06D-91B75CAD1E6F}.AppStore|ARM.ActiveCfg = Debug|Any CPU
		{AFD8567B-5412-4611-A06D-91B75CAD1E6F}.AppStore|ARM.Build.0 = Debug|Any CPU
		{AFD8567B-5412-4611-A06D-91B75CAD1E6F}.AppStore|ARM.Deploy.0 = Debug|Any CPU
		{AFD8567B-5412-4611-A06D-91B75CAD1E6F}.AppStore|iPhone.ActiveCfg = Debug|Any CPU
		{AFD8567B-5412-4611-A06D-91B75CAD1E6F}.AppStore|iPhone.Build.0 = Debug|Any CPU
		{AFD8567B-5412-4611-A06D-91B75CAD1E6F}.AppStore|iPhone.Deploy.0 = Debug|Any CPU
		{AFD8567B-5412-4611-A06D-91B75CAD1E6F}.AppStore|iPhoneSimulator.ActiveCfg = Debug|Any CPU
		{AFD8567B-5412-4611-A06D-91B75CAD1E6F}.AppStore|iPhoneSimulator.Build.0 = Debug|Any CPU
		{AFD8567B-5412-4611-A06D-91B75CAD1E6F}.AppStore|iPhoneSimulator.Deploy.0 = Debug|Any CPU
		{AFD8567B-5412-4611-A06D-91B75CAD1E6F}.AppStore|x64.ActiveCfg = Debug|Any CPU
		{AFD8567B-5412-4611-A06D-91B75CAD1E6F}.AppStore|x64.Build.0 = Debug|Any CPU
		{AFD8567B-5412-4611-A06D-91B75CAD1E6F}.AppStore|x64.Deploy.0 = Debug|Any CPU
		{AFD8567B-5412-4611-A06D-91B75CAD1E6F}.AppStore|x86.ActiveCfg = Debug|Any CPU
		{AFD8567B-5412-4611-A06D-91B75CAD1E6F}.AppStore|x86.Build.0 = Debug|Any CPU
		{AFD8567B-5412-4611-A06D-91B75CAD1E6F}.AppStore|x86.Deploy.0 = Debug|Any CPU
		{AFD8567B-5412-4611-A06D-91B75CAD1E6F}.Debug|Any CPU.ActiveCfg = Debug|Any CPU
		{AFD8567B-5412-4611-A06D-91B75CAD1E6F}.Debug|Any CPU.Build.0 = Debug|Any CPU
		{AFD8567B-5412-4611-A06D-91B75CAD1E6F}.Debug|Any CPU.Deploy.0 = Debug|Any CPU
		{AFD8567B-5412-4611-A06D-91B75CAD1E6F}.Debug|ARM.ActiveCfg = Debug|Any CPU
		{AFD8567B-5412-4611-A06D-91B75CAD1E6F}.Debug|ARM.Build.0 = Debug|Any CPU
		{AFD8567B-5412-4611-A06D-91B75CAD1E6F}.Debug|ARM.Deploy.0 = Debug|Any CPU
		{AFD8567B-5412-4611-A06D-91B75CAD1E6F}.Debug|iPhone.ActiveCfg = Debug|Any CPU
		{AFD8567B-5412-4611-A06D-91B75CAD1E6F}.Debug|iPhone.Build.0 = Debug|Any CPU
		{AFD8567B-5412-4611-A06D-91B75CAD1E6F}.Debug|iPhone.Deploy.0 = Debug|Any CPU
		{AFD8567B-5412-4611-A06D-91B75CAD1E6F}.Debug|iPhoneSimulator.ActiveCfg = Debug|Any CPU
		{AFD8567B-5412-4611-A06D-91B75CAD1E6F}.Debug|iPhoneSimulator.Build.0 = Debug|Any CPU
		{AFD8567B-5412-4611-A06D-91B75CAD1E6F}.Debug|iPhoneSimulator.Deploy.0 = Debug|Any CPU
		{AFD8567B-5412-4611-A06D-91B75CAD1E6F}.Debug|x64.ActiveCfg = Debug|Any CPU
		{AFD8567B-5412-4611-A06D-91B75CAD1E6F}.Debug|x64.Build.0 = Debug|Any CPU
		{AFD8567B-5412-4611-A06D-91B75CAD1E6F}.Debug|x64.Deploy.0 = Debug|Any CPU
		{AFD8567B-5412-4611-A06D-91B75CAD1E6F}.Debug|x86.ActiveCfg = Debug|Any CPU
		{AFD8567B-5412-4611-A06D-91B75CAD1E6F}.Debug|x86.Build.0 = Debug|Any CPU
		{AFD8567B-5412-4611-A06D-91B75CAD1E6F}.Debug|x86.Deploy.0 = Debug|Any CPU
		{AFD8567B-5412-4611-A06D-91B75CAD1E6F}.Release|Any CPU.ActiveCfg = Release|Any CPU
		{AFD8567B-5412-4611-A06D-91B75CAD1E6F}.Release|Any CPU.Build.0 = Release|Any CPU
		{AFD8567B-5412-4611-A06D-91B75CAD1E6F}.Release|Any CPU.Deploy.0 = Release|Any CPU
		{AFD8567B-5412-4611-A06D-91B75CAD1E6F}.Release|ARM.ActiveCfg = Release|Any CPU
		{AFD8567B-5412-4611-A06D-91B75CAD1E6F}.Release|ARM.Build.0 = Release|Any CPU
		{AFD8567B-5412-4611-A06D-91B75CAD1E6F}.Release|ARM.Deploy.0 = Release|Any CPU
		{AFD8567B-5412-4611-A06D-91B75CAD1E6F}.Release|iPhone.ActiveCfg = Release|Any CPU
		{AFD8567B-5412-4611-A06D-91B75CAD1E6F}.Release|iPhone.Build.0 = Release|Any CPU
		{AFD8567B-5412-4611-A06D-91B75CAD1E6F}.Release|iPhone.Deploy.0 = Release|Any CPU
		{AFD8567B-5412-4611-A06D-91B75CAD1E6F}.Release|iPhoneSimulator.ActiveCfg = Release|Any CPU
		{AFD8567B-5412-4611-A06D-91B75CAD1E6F}.Release|iPhoneSimulator.Build.0 = Release|Any CPU
		{AFD8567B-5412-4611-A06D-91B75CAD1E6F}.Release|iPhoneSimulator.Deploy.0 = Release|Any CPU
		{AFD8567B-5412-4611-A06D-91B75CAD1E6F}.Release|x64.ActiveCfg = Release|Any CPU
		{AFD8567B-5412-4611-A06D-91B75CAD1E6F}.Release|x64.Build.0 = Release|Any CPU
		{AFD8567B-5412-4611-A06D-91B75CAD1E6F}.Release|x64.Deploy.0 = Release|Any CPU
		{AFD8567B-5412-4611-A06D-91B75CAD1E6F}.Release|x86.ActiveCfg = Release|Any CPU
		{AFD8567B-5412-4611-A06D-91B75CAD1E6F}.Release|x86.Build.0 = Release|Any CPU
		{AFD8567B-5412-4611-A06D-91B75CAD1E6F}.Release|x86.Deploy.0 = Release|Any CPU
		{56072DE0-13E8-496E-A753-28A3F551F571}.Ad-Hoc|Any CPU.ActiveCfg = Debug|Any CPU
		{56072DE0-13E8-496E-A753-28A3F551F571}.Ad-Hoc|Any CPU.Build.0 = Debug|Any CPU
		{56072DE0-13E8-496E-A753-28A3F551F571}.Ad-Hoc|ARM.ActiveCfg = Debug|Any CPU
		{56072DE0-13E8-496E-A753-28A3F551F571}.Ad-Hoc|ARM.Build.0 = Debug|Any CPU
		{56072DE0-13E8-496E-A753-28A3F551F571}.Ad-Hoc|iPhone.ActiveCfg = Debug|Any CPU
		{56072DE0-13E8-496E-A753-28A3F551F571}.Ad-Hoc|iPhone.Build.0 = Debug|Any CPU
		{56072DE0-13E8-496E-A753-28A3F551F571}.Ad-Hoc|iPhoneSimulator.ActiveCfg = Debug|Any CPU
		{56072DE0-13E8-496E-A753-28A3F551F571}.Ad-Hoc|iPhoneSimulator.Build.0 = Debug|Any CPU
		{56072DE0-13E8-496E-A753-28A3F551F571}.Ad-Hoc|x64.ActiveCfg = Debug|Any CPU
		{56072DE0-13E8-496E-A753-28A3F551F571}.Ad-Hoc|x64.Build.0 = Debug|Any CPU
		{56072DE0-13E8-496E-A753-28A3F551F571}.Ad-Hoc|x86.ActiveCfg = Debug|Any CPU
		{56072DE0-13E8-496E-A753-28A3F551F571}.Ad-Hoc|x86.Build.0 = Debug|Any CPU
		{56072DE0-13E8-496E-A753-28A3F551F571}.AppStore|Any CPU.ActiveCfg = Debug|Any CPU
		{56072DE0-13E8-496E-A753-28A3F551F571}.AppStore|Any CPU.Build.0 = Debug|Any CPU
		{56072DE0-13E8-496E-A753-28A3F551F571}.AppStore|ARM.ActiveCfg = Debug|Any CPU
		{56072DE0-13E8-496E-A753-28A3F551F571}.AppStore|ARM.Build.0 = Debug|Any CPU
		{56072DE0-13E8-496E-A753-28A3F551F571}.AppStore|iPhone.ActiveCfg = Debug|Any CPU
		{56072DE0-13E8-496E-A753-28A3F551F571}.AppStore|iPhone.Build.0 = Debug|Any CPU
		{56072DE0-13E8-496E-A753-28A3F551F571}.AppStore|iPhoneSimulator.ActiveCfg = Debug|Any CPU
		{56072DE0-13E8-496E-A753-28A3F551F571}.AppStore|iPhoneSimulator.Build.0 = Debug|Any CPU
		{56072DE0-13E8-496E-A753-28A3F551F571}.AppStore|x64.ActiveCfg = Debug|Any CPU
		{56072DE0-13E8-496E-A753-28A3F551F571}.AppStore|x64.Build.0 = Debug|Any CPU
		{56072DE0-13E8-496E-A753-28A3F551F571}.AppStore|x86.ActiveCfg = Debug|Any CPU
		{56072DE0-13E8-496E-A753-28A3F551F571}.AppStore|x86.Build.0 = Debug|Any CPU
		{56072DE0-13E8-496E-A753-28A3F551F571}.Debug|Any CPU.ActiveCfg = Debug|Any CPU
		{56072DE0-13E8-496E-A753-28A3F551F571}.Debug|Any CPU.Build.0 = Debug|Any CPU
		{56072DE0-13E8-496E-A753-28A3F551F571}.Debug|ARM.ActiveCfg = Debug|Any CPU
		{56072DE0-13E8-496E-A753-28A3F551F571}.Debug|ARM.Build.0 = Debug|Any CPU
		{56072DE0-13E8-496E-A753-28A3F551F571}.Debug|iPhone.ActiveCfg = Debug|Any CPU
		{56072DE0-13E8-496E-A753-28A3F551F571}.Debug|iPhone.Build.0 = Debug|Any CPU
		{56072DE0-13E8-496E-A753-28A3F551F571}.Debug|iPhoneSimulator.ActiveCfg = Debug|Any CPU
		{56072DE0-13E8-496E-A753-28A3F551F571}.Debug|iPhoneSimulator.Build.0 = Debug|Any CPU
		{56072DE0-13E8-496E-A753-28A3F551F571}.Debug|x64.ActiveCfg = Debug|Any CPU
		{56072DE0-13E8-496E-A753-28A3F551F571}.Debug|x64.Build.0 = Debug|Any CPU
		{56072DE0-13E8-496E-A753-28A3F551F571}.Debug|x86.ActiveCfg = Debug|Any CPU
		{56072DE0-13E8-496E-A753-28A3F551F571}.Debug|x86.Build.0 = Debug|Any CPU
		{56072DE0-13E8-496E-A753-28A3F551F571}.Release|Any CPU.ActiveCfg = Release|Any CPU
		{56072DE0-13E8-496E-A753-28A3F551F571}.Release|Any CPU.Build.0 = Release|Any CPU
		{56072DE0-13E8-496E-A753-28A3F551F571}.Release|ARM.ActiveCfg = Release|Any CPU
		{56072DE0-13E8-496E-A753-28A3F551F571}.Release|ARM.Build.0 = Release|Any CPU
		{56072DE0-13E8-496E-A753-28A3F551F571}.Release|iPhone.ActiveCfg = Release|Any CPU
		{56072DE0-13E8-496E-A753-28A3F551F571}.Release|iPhone.Build.0 = Release|Any CPU
		{56072DE0-13E8-496E-A753-28A3F551F571}.Release|iPhoneSimulator.ActiveCfg = Release|Any CPU
		{56072DE0-13E8-496E-A753-28A3F551F571}.Release|iPhoneSimulator.Build.0 = Release|Any CPU
		{56072DE0-13E8-496E-A753-28A3F551F571}.Release|x64.ActiveCfg = Release|Any CPU
		{56072DE0-13E8-496E-A753-28A3F551F571}.Release|x64.Build.0 = Release|Any CPU
		{56072DE0-13E8-496E-A753-28A3F551F571}.Release|x86.ActiveCfg = Release|Any CPU
		{56072DE0-13E8-496E-A753-28A3F551F571}.Release|x86.Build.0 = Release|Any CPU
		{513609C4-2906-45C4-AF87-B4F65A60A183}.Ad-Hoc|Any CPU.ActiveCfg = Debug|Any CPU
		{513609C4-2906-45C4-AF87-B4F65A60A183}.Ad-Hoc|Any CPU.Build.0 = Debug|Any CPU
		{513609C4-2906-45C4-AF87-B4F65A60A183}.Ad-Hoc|ARM.ActiveCfg = Debug|Any CPU
		{513609C4-2906-45C4-AF87-B4F65A60A183}.Ad-Hoc|ARM.Build.0 = Debug|Any CPU
		{513609C4-2906-45C4-AF87-B4F65A60A183}.Ad-Hoc|iPhone.ActiveCfg = Debug|Any CPU
		{513609C4-2906-45C4-AF87-B4F65A60A183}.Ad-Hoc|iPhone.Build.0 = Debug|Any CPU
		{513609C4-2906-45C4-AF87-B4F65A60A183}.Ad-Hoc|iPhoneSimulator.ActiveCfg = Debug|Any CPU
		{513609C4-2906-45C4-AF87-B4F65A60A183}.Ad-Hoc|iPhoneSimulator.Build.0 = Debug|Any CPU
		{513609C4-2906-45C4-AF87-B4F65A60A183}.Ad-Hoc|x64.ActiveCfg = Debug|Any CPU
		{513609C4-2906-45C4-AF87-B4F65A60A183}.Ad-Hoc|x64.Build.0 = Debug|Any CPU
		{513609C4-2906-45C4-AF87-B4F65A60A183}.Ad-Hoc|x86.ActiveCfg = Debug|Any CPU
		{513609C4-2906-45C4-AF87-B4F65A60A183}.Ad-Hoc|x86.Build.0 = Debug|Any CPU
		{513609C4-2906-45C4-AF87-B4F65A60A183}.AppStore|Any CPU.ActiveCfg = Debug|Any CPU
		{513609C4-2906-45C4-AF87-B4F65A60A183}.AppStore|Any CPU.Build.0 = Debug|Any CPU
		{513609C4-2906-45C4-AF87-B4F65A60A183}.AppStore|ARM.ActiveCfg = Debug|Any CPU
		{513609C4-2906-45C4-AF87-B4F65A60A183}.AppStore|ARM.Build.0 = Debug|Any CPU
		{513609C4-2906-45C4-AF87-B4F65A60A183}.AppStore|iPhone.ActiveCfg = Debug|Any CPU
		{513609C4-2906-45C4-AF87-B4F65A60A183}.AppStore|iPhone.Build.0 = Debug|Any CPU
		{513609C4-2906-45C4-AF87-B4F65A60A183}.AppStore|iPhoneSimulator.ActiveCfg = Debug|Any CPU
		{513609C4-2906-45C4-AF87-B4F65A60A183}.AppStore|iPhoneSimulator.Build.0 = Debug|Any CPU
		{513609C4-2906-45C4-AF87-B4F65A60A183}.AppStore|x64.ActiveCfg = Debug|Any CPU
		{513609C4-2906-45C4-AF87-B4F65A60A183}.AppStore|x64.Build.0 = Debug|Any CPU
		{513609C4-2906-45C4-AF87-B4F65A60A183}.AppStore|x86.ActiveCfg = Debug|Any CPU
		{513609C4-2906-45C4-AF87-B4F65A60A183}.AppStore|x86.Build.0 = Debug|Any CPU
		{513609C4-2906-45C4-AF87-B4F65A60A183}.Debug|Any CPU.ActiveCfg = Debug|Any CPU
		{513609C4-2906-45C4-AF87-B4F65A60A183}.Debug|Any CPU.Build.0 = Debug|Any CPU
		{513609C4-2906-45C4-AF87-B4F65A60A183}.Debug|ARM.ActiveCfg = Debug|Any CPU
		{513609C4-2906-45C4-AF87-B4F65A60A183}.Debug|ARM.Build.0 = Debug|Any CPU
		{513609C4-2906-45C4-AF87-B4F65A60A183}.Debug|iPhone.ActiveCfg = Debug|Any CPU
		{513609C4-2906-45C4-AF87-B4F65A60A183}.Debug|iPhone.Build.0 = Debug|Any CPU
		{513609C4-2906-45C4-AF87-B4F65A60A183}.Debug|iPhoneSimulator.ActiveCfg = Debug|Any CPU
		{513609C4-2906-45C4-AF87-B4F65A60A183}.Debug|iPhoneSimulator.Build.0 = Debug|Any CPU
		{513609C4-2906-45C4-AF87-B4F65A60A183}.Debug|x64.ActiveCfg = Debug|Any CPU
		{513609C4-2906-45C4-AF87-B4F65A60A183}.Debug|x64.Build.0 = Debug|Any CPU
		{513609C4-2906-45C4-AF87-B4F65A60A183}.Debug|x86.ActiveCfg = Debug|Any CPU
		{513609C4-2906-45C4-AF87-B4F65A60A183}.Debug|x86.Build.0 = Debug|Any CPU
		{513609C4-2906-45C4-AF87-B4F65A60A183}.Release|Any CPU.ActiveCfg = Release|Any CPU
		{513609C4-2906-45C4-AF87-B4F65A60A183}.Release|Any CPU.Build.0 = Release|Any CPU
		{513609C4-2906-45C4-AF87-B4F65A60A183}.Release|ARM.ActiveCfg = Release|Any CPU
		{513609C4-2906-45C4-AF87-B4F65A60A183}.Release|ARM.Build.0 = Release|Any CPU
		{513609C4-2906-45C4-AF87-B4F65A60A183}.Release|iPhone.ActiveCfg = Release|Any CPU
		{513609C4-2906-45C4-AF87-B4F65A60A183}.Release|iPhone.Build.0 = Release|Any CPU
		{513609C4-2906-45C4-AF87-B4F65A60A183}.Release|iPhoneSimulator.ActiveCfg = Release|Any CPU
		{513609C4-2906-45C4-AF87-B4F65A60A183}.Release|iPhoneSimulator.Build.0 = Release|Any CPU
		{513609C4-2906-45C4-AF87-B4F65A60A183}.Release|x64.ActiveCfg = Release|Any CPU
		{513609C4-2906-45C4-AF87-B4F65A60A183}.Release|x64.Build.0 = Release|Any CPU
		{513609C4-2906-45C4-AF87-B4F65A60A183}.Release|x86.ActiveCfg = Release|Any CPU
		{513609C4-2906-45C4-AF87-B4F65A60A183}.Release|x86.Build.0 = Release|Any CPU
	EndGlobalSection
	GlobalSection(SolutionProperties) = preSolution
		HideSolutionNode = FALSE
	EndGlobalSection
	GlobalSection(ExtensibilityGlobals) = postSolution
		SolutionGuid = {DB7B96D6-210B-4790-BD7F-DCBD4AF74335}
	EndGlobalSection
EndGlobal
