
Microsoft Visual Studio Solution File, Format Version 12.00
# Visual Studio Version 16
VisualStudioVersion = 16.0.29519.87
MinimumVisualStudioVersion = 10.0.40219.1
Project("{FAE04EC0-301F-11D3-BF4B-00C04F79EFBC}") = "PrismSample.UWP", "src\PrismSample.UWP\PrismSample.UWP.csproj", "{A34F7AAD-DE91-4A1A-B5DE-1B1F5769E483}"
EndProject
Project("{FAE04EC0-301F-11D3-BF4B-00C04F79EFBC}") = "PrismSample.Android", "src\PrismSample.Android\PrismSample.Android.csproj", "{4E987D86-4E13-4BBC-9C3A-69006801D049}"
EndProject
Project("{FAE04EC0-301F-11D3-BF4B-00C04F79EFBC}") = "PrismSample.iOS", "src\PrismSample.iOS\PrismSample.iOS.csproj", "{BEE0A49E-FC11-40CD-BA64-F426B1B23A0E}"
EndProject
Project("{FAE04EC0-301F-11D3-BF4B-00C04F79EFBC}") = "PrismSample", "src\PrismSample\PrismSample.csproj", "{5767A715-87A6-4303-9D79-D9E43EAF262E}"
EndProject
Global
	GlobalSection(SolutionConfigurationPlatforms) = preSolution
		Debug|Any CPU = Debug|Any CPU
		Debug|ARM = Debug|ARM
		Debug|iPhone = Debug|iPhone
		Debug|iPhoneSimulator = Debug|iPhoneSimulator
		Debug|x64 = Debug|x64
		Debug|x86 = Debug|x86
		Release|Any CPU = Release|Any CPU
		Release|ARM = Release|ARM
		Release|iPhone = Release|iPhone
		Release|iPhoneSimulator = Release|iPhoneSimulator
		Release|x64 = Release|x64
		Release|x86 = Release|x86
	EndGlobalSection
	GlobalSection(ProjectConfigurationPlatforms) = postSolution
		{A34F7AAD-DE91-4A1A-B5DE-1B1F5769E483}.Debug|Any CPU.ActiveCfg = Debug|x86
		{A34F7AAD-DE91-4A1A-B5DE-1B1F5769E483}.Debug|Any CPU.Build.0 = Debug|x86
		{A34F7AAD-DE91-4A1A-B5DE-1B1F5769E483}.Debug|Any CPU.Deploy.0 = Debug|x86
		{A34F7AAD-DE91-4A1A-B5DE-1B1F5769E483}.Debug|ARM.ActiveCfg = Debug|ARM
		{A34F7AAD-DE91-4A1A-B5DE-1B1F5769E483}.Debug|ARM.Build.0 = Debug|ARM
		{A34F7AAD-DE91-4A1A-B5DE-1B1F5769E483}.Debug|ARM.Deploy.0 = Debug|ARM
		{A34F7AAD-DE91-4A1A-B5DE-1B1F5769E483}.Debug|iPhone.ActiveCfg = Debug|x86
		{A34F7AAD-DE91-4A1A-B5DE-1B1F5769E483}.Debug|iPhone.Build.0 = Debug|x86
		{A34F7AAD-DE91-4A1A-B5DE-1B1F5769E483}.Debug|iPhone.Deploy.0 = Debug|x86
		{A34F7AAD-DE91-4A1A-B5DE-1B1F5769E483}.Debug|iPhoneSimulator.ActiveCfg = Debug|x86
		{A34F7AAD-DE91-4A1A-B5DE-1B1F5769E483}.Debug|iPhoneSimulator.Build.0 = Debug|x86
		{A34F7AAD-DE91-4A1A-B5DE-1B1F5769E483}.Debug|iPhoneSimulator.Deploy.0 = Debug|x86
		{A34F7AAD-DE91-4A1A-B5DE-1B1F5769E483}.Debug|x64.ActiveCfg = Debug|x64
		{A34F7AAD-DE91-4A1A-B5DE-1B1F5769E483}.Debug|x64.Build.0 = Debug|x64
		{A34F7AAD-DE91-4A1A-B5DE-1B1F5769E483}.Debug|x64.Deploy.0 = Debug|x64
		{A34F7AAD-DE91-4A1A-B5DE-1B1F5769E483}.Debug|x86.ActiveCfg = Debug|x86
		{A34F7AAD-DE91-4A1A-B5DE-1B1F5769E483}.Debug|x86.Build.0 = Debug|x86
		{A34F7AAD-DE91-4A1A-B5DE-1B1F5769E483}.Debug|x86.Deploy.0 = Debug|x86
		{A34F7AAD-DE91-4A1A-B5DE-1B1F5769E483}.Release|Any CPU.ActiveCfg = Release|x86
		{A34F7AAD-DE91-4A1A-B5DE-1B1F5769E483}.Release|Any CPU.Build.0 = Release|x86
		{A34F7AAD-DE91-4A1A-B5DE-1B1F5769E483}.Release|Any CPU.Deploy.0 = Release|x86
		{A34F7AAD-DE91-4A1A-B5DE-1B1F5769E483}.Release|ARM.ActiveCfg = Release|ARM
		{A34F7AAD-DE91-4A1A-B5DE-1B1F5769E483}.Release|ARM.Build.0 = Release|ARM
		{A34F7AAD-DE91-4A1A-B5DE-1B1F5769E483}.Release|ARM.Deploy.0 = Release|ARM
		{A34F7AAD-DE91-4A1A-B5DE-1B1F5769E483}.Release|iPhone.ActiveCfg = Release|x86
		{A34F7AAD-DE91-4A1A-B5DE-1B1F5769E483}.Release|iPhone.Build.0 = Release|x86
		{A34F7AAD-DE91-4A1A-B5DE-1B1F5769E483}.Release|iPhone.Deploy.0 = Release|x86
		{A34F7AAD-DE91-4A1A-B5DE-1B1F5769E483}.Release|iPhoneSimulator.ActiveCfg = Release|x86
		{A34F7AAD-DE91-4A1A-B5DE-1B1F5769E483}.Release|iPhoneSimulator.Build.0 = Release|x86
		{A34F7AAD-DE91-4A1A-B5DE-1B1F5769E483}.Release|iPhoneSimulator.Deploy.0 = Release|x86
		{A34F7AAD-DE91-4A1A-B5DE-1B1F5769E483}.Release|x64.ActiveCfg = Release|x64
		{A34F7AAD-DE91-4A1A-B5DE-1B1F5769E483}.Release|x64.Build.0 = Release|x64
		{A34F7AAD-DE91-4A1A-B5DE-1B1F5769E483}.Release|x64.Deploy.0 = Release|x64
		{A34F7AAD-DE91-4A1A-B5DE-1B1F5769E483}.Release|x86.ActiveCfg = Release|x86
		{A34F7AAD-DE91-4A1A-B5DE-1B1F5769E483}.Release|x86.Build.0 = Release|x86
		{A34F7AAD-DE91-4A1A-B5DE-1B1F5769E483}.Release|x86.Deploy.0 = Release|x86
		{4E987D86-4E13-4BBC-9C3A-69006801D049}.Debug|Any CPU.ActiveCfg = Debug|Any CPU
		{4E987D86-4E13-4BBC-9C3A-69006801D049}.Debug|Any CPU.Build.0 = Debug|Any CPU
		{4E987D86-4E13-4BBC-9C3A-69006801D049}.Debug|Any CPU.Deploy.0 = Debug|Any CPU
		{4E987D86-4E13-4BBC-9C3A-69006801D049}.Debug|ARM.ActiveCfg = Debug|Any CPU
		{4E987D86-4E13-4BBC-9C3A-69006801D049}.Debug|ARM.Build.0 = Debug|Any CPU
		{4E987D86-4E13-4BBC-9C3A-69006801D049}.Debug|ARM.Deploy.0 = Debug|Any CPU
		{4E987D86-4E13-4BBC-9C3A-69006801D049}.Debug|iPhone.ActiveCfg = Debug|Any CPU
		{4E987D86-4E13-4BBC-9C3A-69006801D049}.Debug|iPhone.Build.0 = Debug|Any CPU
		{4E987D86-4E13-4BBC-9C3A-69006801D049}.Debug|iPhone.Deploy.0 = Debug|Any CPU
		{4E987D86-4E13-4BBC-9C3A-69006801D049}.Debug|iPhoneSimulator.ActiveCfg = Debug|Any CPU
		{4E987D86-4E13-4BBC-9C3A-69006801D049}.Debug|iPhoneSimulator.Build.0 = Debug|Any CPU
		{4E987D86-4E13-4BBC-9C3A-69006801D049}.Debug|iPhoneSimulator.Deploy.0 = Debug|Any CPU
		{4E987D86-4E13-4BBC-9C3A-69006801D049}.Debug|x64.ActiveCfg = Debug|Any CPU
		{4E987D86-4E13-4BBC-9C3A-69006801D049}.Debug|x64.Build.0 = Debug|Any CPU
		{4E987D86-4E13-4BBC-9C3A-69006801D049}.Debug|x64.Deploy.0 = Debug|Any CPU
		{4E987D86-4E13-4BBC-9C3A-69006801D049}.Debug|x86.ActiveCfg = Debug|Any CPU
		{4E987D86-4E13-4BBC-9C3A-69006801D049}.Debug|x86.Build.0 = Debug|Any CPU
		{4E987D86-4E13-4BBC-9C3A-69006801D049}.Debug|x86.Deploy.0 = Debug|Any CPU
		{4E987D86-4E13-4BBC-9C3A-69006801D049}.Release|Any CPU.ActiveCfg = Release|Any CPU
		{4E987D86-4E13-4BBC-9C3A-69006801D049}.Release|Any CPU.Build.0 = Release|Any CPU
		{4E987D86-4E13-4BBC-9C3A-69006801D049}.Release|Any CPU.Deploy.0 = Release|Any CPU
		{4E987D86-4E13-4BBC-9C3A-69006801D049}.Release|ARM.ActiveCfg = Release|Any CPU
		{4E987D86-4E13-4BBC-9C3A-69006801D049}.Release|ARM.Build.0 = Release|Any CPU
		{4E987D86-4E13-4BBC-9C3A-69006801D049}.Release|ARM.Deploy.0 = Release|Any CPU
		{4E987D86-4E13-4BBC-9C3A-69006801D049}.Release|iPhone.ActiveCfg = Release|Any CPU
		{4E987D86-4E13-4BBC-9C3A-69006801D049}.Release|iPhone.Build.0 = Release|Any CPU
		{4E987D86-4E13-4BBC-9C3A-69006801D049}.Release|iPhone.Deploy.0 = Release|Any CPU
		{4E987D86-4E13-4BBC-9C3A-69006801D049}.Release|iPhoneSimulator.ActiveCfg = Release|Any CPU
		{4E987D86-4E13-4BBC-9C3A-69006801D049}.Release|iPhoneSimulator.Build.0 = Release|Any CPU
		{4E987D86-4E13-4BBC-9C3A-69006801D049}.Release|iPhoneSimulator.Deploy.0 = Release|Any CPU
		{4E987D86-4E13-4BBC-9C3A-69006801D049}.Release|x64.ActiveCfg = Release|Any CPU
		{4E987D86-4E13-4BBC-9C3A-69006801D049}.Release|x64.Build.0 = Release|Any CPU
		{4E987D86-4E13-4BBC-9C3A-69006801D049}.Release|x64.Deploy.0 = Release|Any CPU
		{4E987D86-4E13-4BBC-9C3A-69006801D049}.Release|x86.ActiveCfg = Release|Any CPU
		{4E987D86-4E13-4BBC-9C3A-69006801D049}.Release|x86.Build.0 = Release|Any CPU
		{4E987D86-4E13-4BBC-9C3A-69006801D049}.Release|x86.Deploy.0 = Release|Any CPU
		{BEE0A49E-FC11-40CD-BA64-F426B1B23A0E}.Debug|Any CPU.ActiveCfg = Debug|iPhone
		{BEE0A49E-FC11-40CD-BA64-F426B1B23A0E}.Debug|Any CPU.Build.0 = Debug|iPhone
		{BEE0A49E-FC11-40CD-BA64-F426B1B23A0E}.Debug|Any CPU.Deploy.0 = Debug|iPhone
		{BEE0A49E-FC11-40CD-BA64-F426B1B23A0E}.Debug|ARM.ActiveCfg = Debug|iPhoneSimulator
		{BEE0A49E-FC11-40CD-BA64-F426B1B23A0E}.Debug|ARM.Build.0 = Debug|iPhoneSimulator
		{BEE0A49E-FC11-40CD-BA64-F426B1B23A0E}.Debug|ARM.Deploy.0 = Debug|iPhoneSimulator
		{BEE0A49E-FC11-40CD-BA64-F426B1B23A0E}.Debug|iPhone.ActiveCfg = Debug|iPhone
		{BEE0A49E-FC11-40CD-BA64-F426B1B23A0E}.Debug|iPhone.Build.0 = Debug|iPhone
		{BEE0A49E-FC11-40CD-BA64-F426B1B23A0E}.Debug|iPhone.Deploy.0 = Debug|iPhone
		{BEE0A49E-FC11-40CD-BA64-F426B1B23A0E}.Debug|iPhoneSimulator.ActiveCfg = Debug|iPhoneSimulator
		{BEE0A49E-FC11-40CD-BA64-F426B1B23A0E}.Debug|iPhoneSimulator.Build.0 = Debug|iPhoneSimulator
		{BEE0A49E-FC11-40CD-BA64-F426B1B23A0E}.Debug|iPhoneSimulator.Deploy.0 = Debug|iPhoneSimulator
		{BEE0A49E-FC11-40CD-BA64-F426B1B23A0E}.Debug|x64.ActiveCfg = Debug|iPhone
		{BEE0A49E-FC11-40CD-BA64-F426B1B23A0E}.Debug|x64.Build.0 = Debug|iPhone
		{BEE0A49E-FC11-40CD-BA64-F426B1B23A0E}.Debug|x64.Deploy.0 = Debug|iPhone
		{BEE0A49E-FC11-40CD-BA64-F426B1B23A0E}.Debug|x86.ActiveCfg = Debug|iPhone
		{BEE0A49E-FC11-40CD-BA64-F426B1B23A0E}.Debug|x86.Build.0 = Debug|iPhone
		{BEE0A49E-FC11-40CD-BA64-F426B1B23A0E}.Debug|x86.Deploy.0 = Debug|iPhone
		{BEE0A49E-FC11-40CD-BA64-F426B1B23A0E}.Release|Any CPU.ActiveCfg = Release|iPhone
		{BEE0A49E-FC11-40CD-BA64-F426B1B23A0E}.Release|Any CPU.Build.0 = Release|iPhone
		{BEE0A49E-FC11-40CD-BA64-F426B1B23A0E}.Release|Any CPU.Deploy.0 = Release|iPhone
		{BEE0A49E-FC11-40CD-BA64-F426B1B23A0E}.Release|ARM.ActiveCfg = Release|iPhone
		{BEE0A49E-FC11-40CD-BA64-F426B1B23A0E}.Release|ARM.Build.0 = Release|iPhone
		{BEE0A49E-FC11-40CD-BA64-F426B1B23A0E}.Release|ARM.Deploy.0 = Release|iPhone
		{BEE0A49E-FC11-40CD-BA64-F426B1B23A0E}.Release|iPhone.ActiveCfg = Release|iPhone
		{BEE0A49E-FC11-40CD-BA64-F426B1B23A0E}.Release|iPhone.Build.0 = Release|iPhone
		{BEE0A49E-FC11-40CD-BA64-F426B1B23A0E}.Release|iPhone.Deploy.0 = Release|iPhone
		{BEE0A49E-FC11-40CD-BA64-F426B1B23A0E}.Release|iPhoneSimulator.ActiveCfg = Release|iPhoneSimulator
		{BEE0A49E-FC11-40CD-BA64-F426B1B23A0E}.Release|iPhoneSimulator.Build.0 = Release|iPhoneSimulator
		{BEE0A49E-FC11-40CD-BA64-F426B1B23A0E}.Release|iPhoneSimulator.Deploy.0 = Release|iPhoneSimulator
		{BEE0A49E-FC11-40CD-BA64-F426B1B23A0E}.Release|x64.ActiveCfg = Release|iPhone
		{BEE0A49E-FC11-40CD-BA64-F426B1B23A0E}.Release|x64.Build.0 = Release|iPhone
		{BEE0A49E-FC11-40CD-BA64-F426B1B23A0E}.Release|x64.Deploy.0 = Release|iPhone
		{BEE0A49E-FC11-40CD-BA64-F426B1B23A0E}.Release|x86.ActiveCfg = Release|iPhone
		{BEE0A49E-FC11-40CD-BA64-F426B1B23A0E}.Release|x86.Build.0 = Release|iPhone
		{BEE0A49E-FC11-40CD-BA64-F426B1B23A0E}.Release|x86.Deploy.0 = Release|iPhone
		{5767A715-87A6-4303-9D79-D9E43EAF262E}.Debug|Any CPU.ActiveCfg = Debug|Any CPU
		{5767A715-87A6-4303-9D79-D9E43EAF262E}.Debug|Any CPU.Build.0 = Debug|Any CPU
		{5767A715-87A6-4303-9D79-D9E43EAF262E}.Debug|Any CPU.Deploy.0 = Debug|Any CPU
		{5767A715-87A6-4303-9D79-D9E43EAF262E}.Debug|ARM.ActiveCfg = Debug|Any CPU
		{5767A715-87A6-4303-9D79-D9E43EAF262E}.Debug|ARM.Build.0 = Debug|Any CPU
		{5767A715-87A6-4303-9D79-D9E43EAF262E}.Debug|ARM.Deploy.0 = Debug|Any CPU
		{5767A715-87A6-4303-9D79-D9E43EAF262E}.Debug|iPhone.ActiveCfg = Debug|Any CPU
		{5767A715-87A6-4303-9D79-D9E43EAF262E}.Debug|iPhone.Build.0 = Debug|Any CPU
		{5767A715-87A6-4303-9D79-D9E43EAF262E}.Debug|iPhone.Deploy.0 = Debug|Any CPU
		{5767A715-87A6-4303-9D79-D9E43EAF262E}.Debug|iPhoneSimulator.ActiveCfg = Debug|Any CPU
		{5767A715-87A6-4303-9D79-D9E43EAF262E}.Debug|iPhoneSimulator.Build.0 = Debug|Any CPU
		{5767A715-87A6-4303-9D79-D9E43EAF262E}.Debug|iPhoneSimulator.Deploy.0 = Debug|Any CPU
		{5767A715-87A6-4303-9D79-D9E43EAF262E}.Debug|x64.ActiveCfg = Debug|Any CPU
		{5767A715-87A6-4303-9D79-D9E43EAF262E}.Debug|x64.Build.0 = Debug|Any CPU
		{5767A715-87A6-4303-9D79-D9E43EAF262E}.Debug|x64.Deploy.0 = Debug|Any CPU
		{5767A715-87A6-4303-9D79-D9E43EAF262E}.Debug|x86.ActiveCfg = Debug|Any CPU
		{5767A715-87A6-4303-9D79-D9E43EAF262E}.Debug|x86.Build.0 = Debug|Any CPU
		{5767A715-87A6-4303-9D79-D9E43EAF262E}.Debug|x86.Deploy.0 = Debug|Any CPU
		{5767A715-87A6-4303-9D79-D9E43EAF262E}.Release|Any CPU.ActiveCfg = Release|Any CPU
		{5767A715-87A6-4303-9D79-D9E43EAF262E}.Release|Any CPU.Build.0 = Release|Any CPU
		{5767A715-87A6-4303-9D79-D9E43EAF262E}.Release|Any CPU.Deploy.0 = Release|Any CPU
		{5767A715-87A6-4303-9D79-D9E43EAF262E}.Release|ARM.ActiveCfg = Release|Any CPU
		{5767A715-87A6-4303-9D79-D9E43EAF262E}.Release|ARM.Build.0 = Release|Any CPU
		{5767A715-87A6-4303-9D79-D9E43EAF262E}.Release|ARM.Deploy.0 = Release|Any CPU
		{5767A715-87A6-4303-9D79-D9E43EAF262E}.Release|iPhone.ActiveCfg = Release|Any CPU
		{5767A715-87A6-4303-9D79-D9E43EAF262E}.Release|iPhone.Build.0 = Release|Any CPU
		{5767A715-87A6-4303-9D79-D9E43EAF262E}.Release|iPhone.Deploy.0 = Release|Any CPU
		{5767A715-87A6-4303-9D79-D9E43EAF262E}.Release|iPhoneSimulator.ActiveCfg = Release|Any CPU
		{5767A715-87A6-4303-9D79-D9E43EAF262E}.Release|iPhoneSimulator.Build.0 = Release|Any CPU
		{5767A715-87A6-4303-9D79-D9E43EAF262E}.Release|iPhoneSimulator.Deploy.0 = Release|Any CPU
		{5767A715-87A6-4303-9D79-D9E43EAF262E}.Release|x64.ActiveCfg = Release|Any CPU
		{5767A715-87A6-4303-9D79-D9E43EAF262E}.Release|x64.Build.0 = Release|Any CPU
		{5767A715-87A6-4303-9D79-D9E43EAF262E}.Release|x64.Deploy.0 = Release|Any CPU
		{5767A715-87A6-4303-9D79-D9E43EAF262E}.Release|x86.ActiveCfg = Release|Any CPU
		{5767A715-87A6-4303-9D79-D9E43EAF262E}.Release|x86.Build.0 = Release|Any CPU
		{5767A715-87A6-4303-9D79-D9E43EAF262E}.Release|x86.Deploy.0 = Release|Any CPU
	EndGlobalSection
	GlobalSection(SolutionProperties) = preSolution
		HideSolutionNode = FALSE
	EndGlobalSection
	GlobalSection(ExtensibilityGlobals) = postSolution
		SolutionGuid = {9468891C-B946-4F9D-A5CD-ACD5EBDDDD3D}
	EndGlobalSection
EndGlobal
