
Microsoft Visual Studio Solution File, Format Version 12.00
# Visual Studio 14
VisualStudioVersion = 14.0.23107.0
MinimumVisualStudioVersion = 10.0.40219.1
Project("{FAE04EC0-301F-11D3-BF4B-00C04F79EFBC}") = "UsingNavigationPageProvider", "UsingNavigationPageProvider\UsingNavigationPageProvider\UsingNavigationPageProvider.csproj", "{5B848B79-6072-4D9D-9932-7F020DA48503}"
EndProject
Project("{FAE04EC0-301F-11D3-BF4B-00C04F79EFBC}") = "UsingNavigationPageProvider.iOS", "UsingNavigationPageProvider\UsingNavigationPageProvider.iOS\UsingNavigationPageProvider.iOS.csproj", "{8E06CF30-9960-4D7F-8BAD-47AA4D604E31}"
EndProject
Project("{FAE04EC0-301F-11D3-BF4B-00C04F79EFBC}") = "UsingNavigationPageProvider.Droid", "UsingNavigationPageProvider\UsingNavigationPageProvider.Droid\UsingNavigationPageProvider.Droid.csproj", "{E18C5B54-E43F-4F16-B71B-2CEBD9390B68}"
EndProject
Project("{FAE04EC0-301F-11D3-BF4B-00C04F79EFBC}") = "UsingNavigationPageProvider.WinPhone", "UsingNavigationPageProvider\UsingNavigationPageProvider.WinPhone\UsingNavigationPageProvider.WinPhone.csproj", "{7D94DA97-8426-455F-ADD4-FCB84032E22A}"
EndProject
Global
	GlobalSection(SolutionConfigurationPlatforms) = preSolution
		Ad-Hoc|Any CPU = Ad-Hoc|Any CPU
		Ad-Hoc|ARM = Ad-Hoc|ARM
		Ad-Hoc|iPhone = Ad-Hoc|iPhone
		Ad-Hoc|iPhoneSimulator = Ad-Hoc|iPhoneSimulator
		Ad-Hoc|x86 = Ad-Hoc|x86
		AppStore|Any CPU = AppStore|Any CPU
		AppStore|ARM = AppStore|ARM
		AppStore|iPhone = AppStore|iPhone
		AppStore|iPhoneSimulator = AppStore|iPhoneSimulator
		AppStore|x86 = AppStore|x86
		Debug|Any CPU = Debug|Any CPU
		Debug|ARM = Debug|ARM
		Debug|iPhone = Debug|iPhone
		Debug|iPhoneSimulator = Debug|iPhoneSimulator
		Debug|x86 = Debug|x86
		Release|Any CPU = Release|Any CPU
		Release|ARM = Release|ARM
		Release|iPhone = Release|iPhone
		Release|iPhoneSimulator = Release|iPhoneSimulator
		Release|x86 = Release|x86
	EndGlobalSection
	GlobalSection(ProjectConfigurationPlatforms) = postSolution
		{5B848B79-6072-4D9D-9932-7F020DA48503}.Ad-Hoc|Any CPU.ActiveCfg = Release|Any CPU
		{5B848B79-6072-4D9D-9932-7F020DA48503}.Ad-Hoc|Any CPU.Build.0 = Release|Any CPU
		{5B848B79-6072-4D9D-9932-7F020DA48503}.Ad-Hoc|ARM.ActiveCfg = Release|Any CPU
		{5B848B79-6072-4D9D-9932-7F020DA48503}.Ad-Hoc|ARM.Build.0 = Release|Any CPU
		{5B848B79-6072-4D9D-9932-7F020DA48503}.Ad-Hoc|iPhone.ActiveCfg = Release|Any CPU
		{5B848B79-6072-4D9D-9932-7F020DA48503}.Ad-Hoc|iPhone.Build.0 = Release|Any CPU
		{5B848B79-6072-4D9D-9932-7F020DA48503}.Ad-Hoc|iPhoneSimulator.ActiveCfg = Release|Any CPU
		{5B848B79-6072-4D9D-9932-7F020DA48503}.Ad-Hoc|iPhoneSimulator.Build.0 = Release|Any CPU
		{5B848B79-6072-4D9D-9932-7F020DA48503}.Ad-Hoc|x86.ActiveCfg = Release|Any CPU
		{5B848B79-6072-4D9D-9932-7F020DA48503}.Ad-Hoc|x86.Build.0 = Release|Any CPU
		{5B848B79-6072-4D9D-9932-7F020DA48503}.AppStore|Any CPU.ActiveCfg = Release|Any CPU
		{5B848B79-6072-4D9D-9932-7F020DA48503}.AppStore|Any CPU.Build.0 = Release|Any CPU
		{5B848B79-6072-4D9D-9932-7F020DA48503}.AppStore|ARM.ActiveCfg = Release|Any CPU
		{5B848B79-6072-4D9D-9932-7F020DA48503}.AppStore|ARM.Build.0 = Release|Any CPU
		{5B848B79-6072-4D9D-9932-7F020DA48503}.AppStore|iPhone.ActiveCfg = Release|Any CPU
		{5B848B79-6072-4D9D-9932-7F020DA48503}.AppStore|iPhone.Build.0 = Release|Any CPU
		{5B848B79-6072-4D9D-9932-7F020DA48503}.AppStore|iPhoneSimulator.ActiveCfg = Release|Any CPU
		{5B848B79-6072-4D9D-9932-7F020DA48503}.AppStore|iPhoneSimulator.Build.0 = Release|Any CPU
		{5B848B79-6072-4D9D-9932-7F020DA48503}.AppStore|x86.ActiveCfg = Release|Any CPU
		{5B848B79-6072-4D9D-9932-7F020DA48503}.AppStore|x86.Build.0 = Release|Any CPU
		{5B848B79-6072-4D9D-9932-7F020DA48503}.Debug|Any CPU.ActiveCfg = Debug|Any CPU
		{5B848B79-6072-4D9D-9932-7F020DA48503}.Debug|Any CPU.Build.0 = Debug|Any CPU
		{5B848B79-6072-4D9D-9932-7F020DA48503}.Debug|ARM.ActiveCfg = Debug|Any CPU
		{5B848B79-6072-4D9D-9932-7F020DA48503}.Debug|ARM.Build.0 = Debug|Any CPU
		{5B848B79-6072-4D9D-9932-7F020DA48503}.Debug|iPhone.ActiveCfg = Debug|Any CPU
		{5B848B79-6072-4D9D-9932-7F020DA48503}.Debug|iPhone.Build.0 = Debug|Any CPU
		{5B848B79-6072-4D9D-9932-7F020DA48503}.Debug|iPhoneSimulator.ActiveCfg = Debug|Any CPU
		{5B848B79-6072-4D9D-9932-7F020DA48503}.Debug|iPhoneSimulator.Build.0 = Debug|Any CPU
		{5B848B79-6072-4D9D-9932-7F020DA48503}.Debug|x86.ActiveCfg = Debug|Any CPU
		{5B848B79-6072-4D9D-9932-7F020DA48503}.Debug|x86.Build.0 = Debug|Any CPU
		{5B848B79-6072-4D9D-9932-7F020DA48503}.Release|Any CPU.ActiveCfg = Release|Any CPU
		{5B848B79-6072-4D9D-9932-7F020DA48503}.Release|Any CPU.Build.0 = Release|Any CPU
		{5B848B79-6072-4D9D-9932-7F020DA48503}.Release|ARM.ActiveCfg = Release|Any CPU
		{5B848B79-6072-4D9D-9932-7F020DA48503}.Release|ARM.Build.0 = Release|Any CPU
		{5B848B79-6072-4D9D-9932-7F020DA48503}.Release|iPhone.ActiveCfg = Release|Any CPU
		{5B848B79-6072-4D9D-9932-7F020DA48503}.Release|iPhone.Build.0 = Release|Any CPU
		{5B848B79-6072-4D9D-9932-7F020DA48503}.Release|iPhoneSimulator.ActiveCfg = Release|Any CPU
		{5B848B79-6072-4D9D-9932-7F020DA48503}.Release|iPhoneSimulator.Build.0 = Release|Any CPU
		{5B848B79-6072-4D9D-9932-7F020DA48503}.Release|x86.ActiveCfg = Release|Any CPU
		{5B848B79-6072-4D9D-9932-7F020DA48503}.Release|x86.Build.0 = Release|Any CPU
		{8E06CF30-9960-4D7F-8BAD-47AA4D604E31}.Ad-Hoc|Any CPU.ActiveCfg = Ad-Hoc|iPhone
		{8E06CF30-9960-4D7F-8BAD-47AA4D604E31}.Ad-Hoc|ARM.ActiveCfg = Ad-Hoc|iPhone
		{8E06CF30-9960-4D7F-8BAD-47AA4D604E31}.Ad-Hoc|iPhone.ActiveCfg = Ad-Hoc|iPhone
		{8E06CF30-9960-4D7F-8BAD-47AA4D604E31}.Ad-Hoc|iPhone.Build.0 = Ad-Hoc|iPhone
		{8E06CF30-9960-4D7F-8BAD-47AA4D604E31}.Ad-Hoc|iPhoneSimulator.ActiveCfg = Ad-Hoc|iPhoneSimulator
		{8E06CF30-9960-4D7F-8BAD-47AA4D604E31}.Ad-Hoc|iPhoneSimulator.Build.0 = Ad-Hoc|iPhoneSimulator
		{8E06CF30-9960-4D7F-8BAD-47AA4D604E31}.Ad-Hoc|x86.ActiveCfg = Ad-Hoc|iPhone
		{8E06CF30-9960-4D7F-8BAD-47AA4D604E31}.AppStore|Any CPU.ActiveCfg = AppStore|iPhone
		{8E06CF30-9960-4D7F-8BAD-47AA4D604E31}.AppStore|ARM.ActiveCfg = AppStore|iPhone
		{8E06CF30-9960-4D7F-8BAD-47AA4D604E31}.AppStore|iPhone.ActiveCfg = AppStore|iPhone
		{8E06CF30-9960-4D7F-8BAD-47AA4D604E31}.AppStore|iPhone.Build.0 = AppStore|iPhone
		{8E06CF30-9960-4D7F-8BAD-47AA4D604E31}.AppStore|iPhoneSimulator.ActiveCfg = AppStore|iPhoneSimulator
		{8E06CF30-9960-4D7F-8BAD-47AA4D604E31}.AppStore|iPhoneSimulator.Build.0 = AppStore|iPhoneSimulator
		{8E06CF30-9960-4D7F-8BAD-47AA4D604E31}.AppStore|x86.ActiveCfg = AppStore|iPhone
		{8E06CF30-9960-4D7F-8BAD-47AA4D604E31}.Debug|Any CPU.ActiveCfg = Debug|iPhone
		{8E06CF30-9960-4D7F-8BAD-47AA4D604E31}.Debug|ARM.ActiveCfg = Debug|iPhone
		{8E06CF30-9960-4D7F-8BAD-47AA4D604E31}.Debug|iPhone.ActiveCfg = Debug|iPhone
		{8E06CF30-9960-4D7F-8BAD-47AA4D604E31}.Debug|iPhone.Build.0 = Debug|iPhone
		{8E06CF30-9960-4D7F-8BAD-47AA4D604E31}.Debug|iPhoneSimulator.ActiveCfg = Debug|iPhoneSimulator
		{8E06CF30-9960-4D7F-8BAD-47AA4D604E31}.Debug|iPhoneSimulator.Build.0 = Debug|iPhoneSimulator
		{8E06CF30-9960-4D7F-8BAD-47AA4D604E31}.Debug|x86.ActiveCfg = Debug|iPhone
		{8E06CF30-9960-4D7F-8BAD-47AA4D604E31}.Release|Any CPU.ActiveCfg = Release|iPhone
		{8E06CF30-9960-4D7F-8BAD-47AA4D604E31}.Release|ARM.ActiveCfg = Release|iPhone
		{8E06CF30-9960-4D7F-8BAD-47AA4D604E31}.Release|iPhone.ActiveCfg = Release|iPhone
		{8E06CF30-9960-4D7F-8BAD-47AA4D604E31}.Release|iPhone.Build.0 = Release|iPhone
		{8E06CF30-9960-4D7F-8BAD-47AA4D604E31}.Release|iPhoneSimulator.ActiveCfg = Release|iPhoneSimulator
		{8E06CF30-9960-4D7F-8BAD-47AA4D604E31}.Release|iPhoneSimulator.Build.0 = Release|iPhoneSimulator
		{8E06CF30-9960-4D7F-8BAD-47AA4D604E31}.Release|x86.ActiveCfg = Release|iPhone
		{E18C5B54-E43F-4F16-B71B-2CEBD9390B68}.Ad-Hoc|Any CPU.ActiveCfg = Release|Any CPU
		{E18C5B54-E43F-4F16-B71B-2CEBD9390B68}.Ad-Hoc|Any CPU.Build.0 = Release|Any CPU
		{E18C5B54-E43F-4F16-B71B-2CEBD9390B68}.Ad-Hoc|Any CPU.Deploy.0 = Release|Any CPU
		{E18C5B54-E43F-4F16-B71B-2CEBD9390B68}.Ad-Hoc|ARM.ActiveCfg = Release|Any CPU
		{E18C5B54-E43F-4F16-B71B-2CEBD9390B68}.Ad-Hoc|ARM.Build.0 = Release|Any CPU
		{E18C5B54-E43F-4F16-B71B-2CEBD9390B68}.Ad-Hoc|ARM.Deploy.0 = Release|Any CPU
		{E18C5B54-E43F-4F16-B71B-2CEBD9390B68}.Ad-Hoc|iPhone.ActiveCfg = Release|Any CPU
		{E18C5B54-E43F-4F16-B71B-2CEBD9390B68}.Ad-Hoc|iPhone.Build.0 = Release|Any CPU
		{E18C5B54-E43F-4F16-B71B-2CEBD9390B68}.Ad-Hoc|iPhone.Deploy.0 = Release|Any CPU
		{E18C5B54-E43F-4F16-B71B-2CEBD9390B68}.Ad-Hoc|iPhoneSimulator.ActiveCfg = Release|Any CPU
		{E18C5B54-E43F-4F16-B71B-2CEBD9390B68}.Ad-Hoc|iPhoneSimulator.Build.0 = Release|Any CPU
		{E18C5B54-E43F-4F16-B71B-2CEBD9390B68}.Ad-Hoc|iPhoneSimulator.Deploy.0 = Release|Any CPU
		{E18C5B54-E43F-4F16-B71B-2CEBD9390B68}.Ad-Hoc|x86.ActiveCfg = Release|Any CPU
		{E18C5B54-E43F-4F16-B71B-2CEBD9390B68}.Ad-Hoc|x86.Build.0 = Release|Any CPU
		{E18C5B54-E43F-4F16-B71B-2CEBD9390B68}.Ad-Hoc|x86.Deploy.0 = Release|Any CPU
		{E18C5B54-E43F-4F16-B71B-2CEBD9390B68}.AppStore|Any CPU.ActiveCfg = Release|Any CPU
		{E18C5B54-E43F-4F16-B71B-2CEBD9390B68}.AppStore|Any CPU.Build.0 = Release|Any CPU
		{E18C5B54-E43F-4F16-B71B-2CEBD9390B68}.AppStore|Any CPU.Deploy.0 = Release|Any CPU
		{E18C5B54-E43F-4F16-B71B-2CEBD9390B68}.AppStore|ARM.ActiveCfg = Release|Any CPU
		{E18C5B54-E43F-4F16-B71B-2CEBD9390B68}.AppStore|ARM.Build.0 = Release|Any CPU
		{E18C5B54-E43F-4F16-B71B-2CEBD9390B68}.AppStore|ARM.Deploy.0 = Release|Any CPU
		{E18C5B54-E43F-4F16-B71B-2CEBD9390B68}.AppStore|iPhone.ActiveCfg = Release|Any CPU
		{E18C5B54-E43F-4F16-B71B-2CEBD9390B68}.AppStore|iPhone.Build.0 = Release|Any CPU
		{E18C5B54-E43F-4F16-B71B-2CEBD9390B68}.AppStore|iPhone.Deploy.0 = Release|Any CPU
		{E18C5B54-E43F-4F16-B71B-2CEBD9390B68}.AppStore|iPhoneSimulator.ActiveCfg = Release|Any CPU
		{E18C5B54-E43F-4F16-B71B-2CEBD9390B68}.AppStore|iPhoneSimulator.Build.0 = Release|Any CPU
		{E18C5B54-E43F-4F16-B71B-2CEBD9390B68}.AppStore|iPhoneSimulator.Deploy.0 = Release|Any CPU
		{E18C5B54-E43F-4F16-B71B-2CEBD9390B68}.AppStore|x86.ActiveCfg = Release|Any CPU
		{E18C5B54-E43F-4F16-B71B-2CEBD9390B68}.AppStore|x86.Build.0 = Release|Any CPU
		{E18C5B54-E43F-4F16-B71B-2CEBD9390B68}.AppStore|x86.Deploy.0 = Release|Any CPU
		{E18C5B54-E43F-4F16-B71B-2CEBD9390B68}.Debug|Any CPU.ActiveCfg = Debug|Any CPU
		{E18C5B54-E43F-4F16-B71B-2CEBD9390B68}.Debug|Any CPU.Build.0 = Debug|Any CPU
		{E18C5B54-E43F-4F16-B71B-2CEBD9390B68}.Debug|Any CPU.Deploy.0 = Debug|Any CPU
		{E18C5B54-E43F-4F16-B71B-2CEBD9390B68}.Debug|ARM.ActiveCfg = Debug|Any CPU
		{E18C5B54-E43F-4F16-B71B-2CEBD9390B68}.Debug|ARM.Build.0 = Debug|Any CPU
		{E18C5B54-E43F-4F16-B71B-2CEBD9390B68}.Debug|ARM.Deploy.0 = Debug|Any CPU
		{E18C5B54-E43F-4F16-B71B-2CEBD9390B68}.Debug|iPhone.ActiveCfg = Debug|Any CPU
		{E18C5B54-E43F-4F16-B71B-2CEBD9390B68}.Debug|iPhone.Build.0 = Debug|Any CPU
		{E18C5B54-E43F-4F16-B71B-2CEBD9390B68}.Debug|iPhone.Deploy.0 = Debug|Any CPU
		{E18C5B54-E43F-4F16-B71B-2CEBD9390B68}.Debug|iPhoneSimulator.ActiveCfg = Debug|Any CPU
		{E18C5B54-E43F-4F16-B71B-2CEBD9390B68}.Debug|iPhoneSimulator.Build.0 = Debug|Any CPU
		{E18C5B54-E43F-4F16-B71B-2CEBD9390B68}.Debug|iPhoneSimulator.Deploy.0 = Debug|Any CPU
		{E18C5B54-E43F-4F16-B71B-2CEBD9390B68}.Debug|x86.ActiveCfg = Debug|Any CPU
		{E18C5B54-E43F-4F16-B71B-2CEBD9390B68}.Debug|x86.Build.0 = Debug|Any CPU
		{E18C5B54-E43F-4F16-B71B-2CEBD9390B68}.Debug|x86.Deploy.0 = Debug|Any CPU
		{E18C5B54-E43F-4F16-B71B-2CEBD9390B68}.Release|Any CPU.ActiveCfg = Release|Any CPU
		{E18C5B54-E43F-4F16-B71B-2CEBD9390B68}.Release|Any CPU.Build.0 = Release|Any CPU
		{E18C5B54-E43F-4F16-B71B-2CEBD9390B68}.Release|Any CPU.Deploy.0 = Release|Any CPU
		{E18C5B54-E43F-4F16-B71B-2CEBD9390B68}.Release|ARM.ActiveCfg = Release|Any CPU
		{E18C5B54-E43F-4F16-B71B-2CEBD9390B68}.Release|ARM.Build.0 = Release|Any CPU
		{E18C5B54-E43F-4F16-B71B-2CEBD9390B68}.Release|ARM.Deploy.0 = Release|Any CPU
		{E18C5B54-E43F-4F16-B71B-2CEBD9390B68}.Release|iPhone.ActiveCfg = Release|Any CPU
		{E18C5B54-E43F-4F16-B71B-2CEBD9390B68}.Release|iPhone.Build.0 = Release|Any CPU
		{E18C5B54-E43F-4F16-B71B-2CEBD9390B68}.Release|iPhone.Deploy.0 = Release|Any CPU
		{E18C5B54-E43F-4F16-B71B-2CEBD9390B68}.Release|iPhoneSimulator.ActiveCfg = Release|Any CPU
		{E18C5B54-E43F-4F16-B71B-2CEBD9390B68}.Release|iPhoneSimulator.Build.0 = Release|Any CPU
		{E18C5B54-E43F-4F16-B71B-2CEBD9390B68}.Release|iPhoneSimulator.Deploy.0 = Release|Any CPU
		{E18C5B54-E43F-4F16-B71B-2CEBD9390B68}.Release|x86.ActiveCfg = Release|Any CPU
		{E18C5B54-E43F-4F16-B71B-2CEBD9390B68}.Release|x86.Build.0 = Release|Any CPU
		{E18C5B54-E43F-4F16-B71B-2CEBD9390B68}.Release|x86.Deploy.0 = Release|Any CPU
		{7D94DA97-8426-455F-ADD4-FCB84032E22A}.Ad-Hoc|Any CPU.ActiveCfg = Release|Any CPU
		{7D94DA97-8426-455F-ADD4-FCB84032E22A}.Ad-Hoc|Any CPU.Build.0 = Release|Any CPU
		{7D94DA97-8426-455F-ADD4-FCB84032E22A}.Ad-Hoc|Any CPU.Deploy.0 = Release|Any CPU
		{7D94DA97-8426-455F-ADD4-FCB84032E22A}.Ad-Hoc|ARM.ActiveCfg = Release|ARM
		{7D94DA97-8426-455F-ADD4-FCB84032E22A}.Ad-Hoc|ARM.Build.0 = Release|ARM
		{7D94DA97-8426-455F-ADD4-FCB84032E22A}.Ad-Hoc|ARM.Deploy.0 = Release|ARM
		{7D94DA97-8426-455F-ADD4-FCB84032E22A}.Ad-Hoc|iPhone.ActiveCfg = Release|Any CPU
		{7D94DA97-8426-455F-ADD4-FCB84032E22A}.Ad-Hoc|iPhone.Build.0 = Release|Any CPU
		{7D94DA97-8426-455F-ADD4-FCB84032E22A}.Ad-Hoc|iPhone.Deploy.0 = Release|Any CPU
		{7D94DA97-8426-455F-ADD4-FCB84032E22A}.Ad-Hoc|iPhoneSimulator.ActiveCfg = Release|Any CPU
		{7D94DA97-8426-455F-ADD4-FCB84032E22A}.Ad-Hoc|iPhoneSimulator.Build.0 = Release|Any CPU
		{7D94DA97-8426-455F-ADD4-FCB84032E22A}.Ad-Hoc|iPhoneSimulator.Deploy.0 = Release|Any CPU
		{7D94DA97-8426-455F-ADD4-FCB84032E22A}.Ad-Hoc|x86.ActiveCfg = Release|x86
		{7D94DA97-8426-455F-ADD4-FCB84032E22A}.Ad-Hoc|x86.Build.0 = Release|x86
		{7D94DA97-8426-455F-ADD4-FCB84032E22A}.Ad-Hoc|x86.Deploy.0 = Release|x86
		{7D94DA97-8426-455F-ADD4-FCB84032E22A}.AppStore|Any CPU.ActiveCfg = Release|Any CPU
		{7D94DA97-8426-455F-ADD4-FCB84032E22A}.AppStore|Any CPU.Build.0 = Release|Any CPU
		{7D94DA97-8426-455F-ADD4-FCB84032E22A}.AppStore|Any CPU.Deploy.0 = Release|Any CPU
		{7D94DA97-8426-455F-ADD4-FCB84032E22A}.AppStore|ARM.ActiveCfg = Release|ARM
		{7D94DA97-8426-455F-ADD4-FCB84032E22A}.AppStore|ARM.Build.0 = Release|ARM
		{7D94DA97-8426-455F-ADD4-FCB84032E22A}.AppStore|ARM.Deploy.0 = Release|ARM
		{7D94DA97-8426-455F-ADD4-FCB84032E22A}.AppStore|iPhone.ActiveCfg = Release|Any CPU
		{7D94DA97-8426-455F-ADD4-FCB84032E22A}.AppStore|iPhone.Build.0 = Release|Any CPU
		{7D94DA97-8426-455F-ADD4-FCB84032E22A}.AppStore|iPhone.Deploy.0 = Release|Any CPU
		{7D94DA97-8426-455F-ADD4-FCB84032E22A}.AppStore|iPhoneSimulator.ActiveCfg = Release|Any CPU
		{7D94DA97-8426-455F-ADD4-FCB84032E22A}.AppStore|iPhoneSimulator.Build.0 = Release|Any CPU
		{7D94DA97-8426-455F-ADD4-FCB84032E22A}.AppStore|iPhoneSimulator.Deploy.0 = Release|Any CPU
		{7D94DA97-8426-455F-ADD4-FCB84032E22A}.AppStore|x86.ActiveCfg = Release|x86
		{7D94DA97-8426-455F-ADD4-FCB84032E22A}.AppStore|x86.Build.0 = Release|x86
		{7D94DA97-8426-455F-ADD4-FCB84032E22A}.AppStore|x86.Deploy.0 = Release|x86
		{7D94DA97-8426-455F-ADD4-FCB84032E22A}.Debug|Any CPU.ActiveCfg = Debug|Any CPU
		{7D94DA97-8426-455F-ADD4-FCB84032E22A}.Debug|Any CPU.Build.0 = Debug|Any CPU
		{7D94DA97-8426-455F-ADD4-FCB84032E22A}.Debug|Any CPU.Deploy.0 = Debug|Any CPU
		{7D94DA97-8426-455F-ADD4-FCB84032E22A}.Debug|ARM.ActiveCfg = Debug|ARM
		{7D94DA97-8426-455F-ADD4-FCB84032E22A}.Debug|ARM.Build.0 = Debug|ARM
		{7D94DA97-8426-455F-ADD4-FCB84032E22A}.Debug|ARM.Deploy.0 = Debug|ARM
		{7D94DA97-8426-455F-ADD4-FCB84032E22A}.Debug|iPhone.ActiveCfg = Debug|Any CPU
		{7D94DA97-8426-455F-ADD4-FCB84032E22A}.Debug|iPhone.Build.0 = Debug|Any CPU
		{7D94DA97-8426-455F-ADD4-FCB84032E22A}.Debug|iPhone.Deploy.0 = Debug|Any CPU
		{7D94DA97-8426-455F-ADD4-FCB84032E22A}.Debug|iPhoneSimulator.ActiveCfg = Debug|Any CPU
		{7D94DA97-8426-455F-ADD4-FCB84032E22A}.Debug|iPhoneSimulator.Build.0 = Debug|Any CPU
		{7D94DA97-8426-455F-ADD4-FCB84032E22A}.Debug|iPhoneSimulator.Deploy.0 = Debug|Any CPU
		{7D94DA97-8426-455F-ADD4-FCB84032E22A}.Debug|x86.ActiveCfg = Debug|x86
		{7D94DA97-8426-455F-ADD4-FCB84032E22A}.Debug|x86.Build.0 = Debug|x86
		{7D94DA97-8426-455F-ADD4-FCB84032E22A}.Debug|x86.Deploy.0 = Debug|x86
		{7D94DA97-8426-455F-ADD4-FCB84032E22A}.Release|Any CPU.ActiveCfg = Release|Any CPU
		{7D94DA97-8426-455F-ADD4-FCB84032E22A}.Release|Any CPU.Build.0 = Release|Any CPU
		{7D94DA97-8426-455F-ADD4-FCB84032E22A}.Release|Any CPU.Deploy.0 = Release|Any CPU
		{7D94DA97-8426-455F-ADD4-FCB84032E22A}.Release|ARM.ActiveCfg = Release|ARM
		{7D94DA97-8426-455F-ADD4-FCB84032E22A}.Release|ARM.Build.0 = Release|ARM
		{7D94DA97-8426-455F-ADD4-FCB84032E22A}.Release|ARM.Deploy.0 = Release|ARM
		{7D94DA97-8426-455F-ADD4-FCB84032E22A}.Release|iPhone.ActiveCfg = Release|Any CPU
		{7D94DA97-8426-455F-ADD4-FCB84032E22A}.Release|iPhone.Build.0 = Release|Any CPU
		{7D94DA97-8426-455F-ADD4-FCB84032E22A}.Release|iPhone.Deploy.0 = Release|Any CPU
		{7D94DA97-8426-455F-ADD4-FCB84032E22A}.Release|iPhoneSimulator.ActiveCfg = Release|Any CPU
		{7D94DA97-8426-455F-ADD4-FCB84032E22A}.Release|iPhoneSimulator.Build.0 = Release|Any CPU
		{7D94DA97-8426-455F-ADD4-FCB84032E22A}.Release|iPhoneSimulator.Deploy.0 = Release|Any CPU
		{7D94DA97-8426-455F-ADD4-FCB84032E22A}.Release|x86.ActiveCfg = Release|x86
		{7D94DA97-8426-455F-ADD4-FCB84032E22A}.Release|x86.Build.0 = Release|x86
		{7D94DA97-8426-455F-ADD4-FCB84032E22A}.Release|x86.Deploy.0 = Release|x86
	EndGlobalSection
	GlobalSection(SolutionProperties) = preSolution
		HideSolutionNode = FALSE
	EndGlobalSection
EndGlobal
